
Microsoft Visual Studio Solution File, Format Version 11.00
# Visual Studio 2010
Project("{FAE04EC0-301F-11D3-BF4B-00C04F79EFBC}") = "TVScanner", "TVScanner.csproj", "{EB2826B5-0389-4B6B-986D-327C632C1D06}"
EndProject
Project("{54435603-DBB4-11D2-8724-00A0C9A8B90C}") = "TVScannerSetup", "Setup\TVScannerSetup.vdproj", "{3A1B22F5-8536-41B1-9049-C171FF633417}"
EndProject
Project("{FAE04EC0-301F-11D3-BF4B-00C04F79EFBC}") = "DirectShowLib", "..\..\DirectShowLib\DirectShowLib.csproj", "{CE009BFA-5EF6-4153-B2A1-2FA79698A9AE}"
EndProject
Project("{FAE04EC0-301F-11D3-BF4B-00C04F79EFBC}") = "Utilities", "..\..\..\Tools\Utilities\Utilities.csproj", "{F2B906A7-6EE8-46AA-91C5-EADE645BE1D4}"
EndProject
Project("{FAE04EC0-301F-11D3-BF4B-00C04F79EFBC}") = "AntaresXNetworkServices", "..\..\..\SystemTools\Networks\AntaresXNetworkServices\AntaresXNetworkServices.csproj", "{65572712-C661-405A-99DC-507D35B9CE2E}"
EndProject
Project("{FAE04EC0-301F-11D3-BF4B-00C04F79EFBC}") = "AntaresXControls", "..\..\..\Controls\AntaresX\AntaresXControls\AntaresXControls.csproj", "{11898C1A-6236-4ADE-9A89-D999641019D2}"
EndProject
Project("{FAE04EC0-301F-11D3-BF4B-00C04F79EFBC}") = "AntaresXForms", "..\..\..\Controls\AntaresX\AntaresXForms\AntaresXForms.csproj", "{273D6BDE-B4F5-46D6-B3B1-2CD370FC002A}"
EndProject
Project("{FAE04EC0-301F-11D3-BF4B-00C04F79EFBC}") = "Settings", "..\..\..\SystemTools\Settings\Settings.csproj", "{79EE5513-37FD-40F8-A348-8468C6B03694}"
EndProject
Project("{FAE04EC0-301F-11D3-BF4B-00C04F79EFBC}") = "CommandConsoleInstallHelper", "..\..\..\SystemTools\Management\CommandConsoleInstallHelper\CommandConsoleInstallHelper.csproj", "{EFF2894F-8175-4BDF-9FE6-4C27F5CD5969}"
EndProject
Project("{FAE04EC0-301F-11D3-BF4B-00C04F79EFBC}") = "FutureConcepts.Media.TV.AtscPsip", "..\AtscPsip\FutureConcepts.Media.TV.AtscPsip.csproj", "{4163E8AD-D8ED-4F8F-BD4F-B2AAEE0F1682}"
EndProject
Project("{FAE04EC0-301F-11D3-BF4B-00C04F79EFBC}") = "FutureConcepts.Media.Client", "..\..\Client\Common\FutureConcepts.Media.Client.csproj", "{CF9E3026-2CE5-4A08-ACA4-34765D02C6EF}"
EndProject
Project("{FAE04EC0-301F-11D3-BF4B-00C04F79EFBC}") = "FutureConcepts.Media", "..\..\Common\FutureConcepts.Media.csproj", "{3228BE2B-CFED-40CB-B530-D61EF325682C}"
EndProject
Project("{FAE04EC0-301F-11D3-BF4B-00C04F79EFBC}") = "FutureConcepts.Media.DirectShowLib.Framework", "..\..\DirectShowLib\Framework\FutureConcepts.Media.DirectShowLib.Framework.csproj", "{2C6C626A-5D6A-4FDC-BF04-BA5873361AFD}"
EndProject
Project("{FAE04EC0-301F-11D3-BF4B-00C04F79EFBC}") = "ErrorLogger", "..\..\..\Tools\ErrorLogger\ErrorLogger.csproj", "{E5D72FE7-156D-40B5-9424-4C3A3B70A932}"
EndProject
Global
	GlobalSection(SolutionConfigurationPlatforms) = preSolution
		Debug|Any CPU = Debug|Any CPU
		Debug|Mixed Platforms = Debug|Mixed Platforms
		Debug|Win32 = Debug|Win32
		Debug|x64 = Debug|x64
		Debug|x86 = Debug|x86
		Release MinDependency|Any CPU = Release MinDependency|Any CPU
		Release MinDependency|Mixed Platforms = Release MinDependency|Mixed Platforms
		Release MinDependency|Win32 = Release MinDependency|Win32
		Release MinDependency|x64 = Release MinDependency|x64
		Release MinDependency|x86 = Release MinDependency|x86
		Release MinSize|Any CPU = Release MinSize|Any CPU
		Release MinSize|Mixed Platforms = Release MinSize|Mixed Platforms
		Release MinSize|Win32 = Release MinSize|Win32
		Release MinSize|x64 = Release MinSize|x64
		Release MinSize|x86 = Release MinSize|x86
		Release|Any CPU = Release|Any CPU
		Release|Mixed Platforms = Release|Mixed Platforms
		Release|Win32 = Release|Win32
		Release|x64 = Release|x64
		Release|x86 = Release|x86
		Unicode Debug|Any CPU = Unicode Debug|Any CPU
		Unicode Debug|Mixed Platforms = Unicode Debug|Mixed Platforms
		Unicode Debug|Win32 = Unicode Debug|Win32
		Unicode Debug|x64 = Unicode Debug|x64
		Unicode Debug|x86 = Unicode Debug|x86
		Unicode Release MinDependency|Any CPU = Unicode Release MinDependency|Any CPU
		Unicode Release MinDependency|Mixed Platforms = Unicode Release MinDependency|Mixed Platforms
		Unicode Release MinDependency|Win32 = Unicode Release MinDependency|Win32
		Unicode Release MinDependency|x64 = Unicode Release MinDependency|x64
		Unicode Release MinDependency|x86 = Unicode Release MinDependency|x86
		Unicode Release MinSize|Any CPU = Unicode Release MinSize|Any CPU
		Unicode Release MinSize|Mixed Platforms = Unicode Release MinSize|Mixed Platforms
		Unicode Release MinSize|Win32 = Unicode Release MinSize|Win32
		Unicode Release MinSize|x64 = Unicode Release MinSize|x64
		Unicode Release MinSize|x86 = Unicode Release MinSize|x86
	EndGlobalSection
	GlobalSection(ProjectConfigurationPlatforms) = postSolution
		{EB2826B5-0389-4B6B-986D-327C632C1D06}.Debug|Any CPU.ActiveCfg = Debug|Any CPU
		{EB2826B5-0389-4B6B-986D-327C632C1D06}.Debug|Any CPU.Build.0 = Debug|Any CPU
		{EB2826B5-0389-4B6B-986D-327C632C1D06}.Debug|Mixed Platforms.ActiveCfg = Debug|Any CPU
		{EB2826B5-0389-4B6B-986D-327C632C1D06}.Debug|Mixed Platforms.Build.0 = Debug|Any CPU
		{EB2826B5-0389-4B6B-986D-327C632C1D06}.Debug|Win32.ActiveCfg = Debug|Any CPU
		{EB2826B5-0389-4B6B-986D-327C632C1D06}.Debug|x64.ActiveCfg = Debug|x64
		{EB2826B5-0389-4B6B-986D-327C632C1D06}.Debug|x64.Build.0 = Debug|x64
		{EB2826B5-0389-4B6B-986D-327C632C1D06}.Debug|x86.ActiveCfg = Debug|x86
		{EB2826B5-0389-4B6B-986D-327C632C1D06}.Debug|x86.Build.0 = Debug|x86
		{EB2826B5-0389-4B6B-986D-327C632C1D06}.Release MinDependency|Any CPU.ActiveCfg = Release|Any CPU
		{EB2826B5-0389-4B6B-986D-327C632C1D06}.Release MinDependency|Any CPU.Build.0 = Release|Any CPU
		{EB2826B5-0389-4B6B-986D-327C632C1D06}.Release MinDependency|Mixed Platforms.ActiveCfg = Release|Any CPU
		{EB2826B5-0389-4B6B-986D-327C632C1D06}.Release MinDependency|Mixed Platforms.Build.0 = Release|Any CPU
		{EB2826B5-0389-4B6B-986D-327C632C1D06}.Release MinDependency|Win32.ActiveCfg = Release|Any CPU
		{EB2826B5-0389-4B6B-986D-327C632C1D06}.Release MinDependency|x64.ActiveCfg = Release|Any CPU
		{EB2826B5-0389-4B6B-986D-327C632C1D06}.Release MinDependency|x86.ActiveCfg = Release|Any CPU
		{EB2826B5-0389-4B6B-986D-327C632C1D06}.Release MinSize|Any CPU.ActiveCfg = Release|Any CPU
		{EB2826B5-0389-4B6B-986D-327C632C1D06}.Release MinSize|Any CPU.Build.0 = Release|Any CPU
		{EB2826B5-0389-4B6B-986D-327C632C1D06}.Release MinSize|Mixed Platforms.ActiveCfg = Release|Any CPU
		{EB2826B5-0389-4B6B-986D-327C632C1D06}.Release MinSize|Mixed Platforms.Build.0 = Release|Any CPU
		{EB2826B5-0389-4B6B-986D-327C632C1D06}.Release MinSize|Win32.ActiveCfg = Release|Any CPU
		{EB2826B5-0389-4B6B-986D-327C632C1D06}.Release MinSize|x64.ActiveCfg = Release|Any CPU
		{EB2826B5-0389-4B6B-986D-327C632C1D06}.Release MinSize|x86.ActiveCfg = Release|Any CPU
		{EB2826B5-0389-4B6B-986D-327C632C1D06}.Release|Any CPU.ActiveCfg = Release|Any CPU
		{EB2826B5-0389-4B6B-986D-327C632C1D06}.Release|Any CPU.Build.0 = Release|Any CPU
		{EB2826B5-0389-4B6B-986D-327C632C1D06}.Release|Mixed Platforms.ActiveCfg = Release|Any CPU
		{EB2826B5-0389-4B6B-986D-327C632C1D06}.Release|Mixed Platforms.Build.0 = Release|Any CPU
		{EB2826B5-0389-4B6B-986D-327C632C1D06}.Release|Win32.ActiveCfg = Release|Any CPU
		{EB2826B5-0389-4B6B-986D-327C632C1D06}.Release|x64.ActiveCfg = Release|Any CPU
		{EB2826B5-0389-4B6B-986D-327C632C1D06}.Release|x86.ActiveCfg = Release|Any CPU
		{EB2826B5-0389-4B6B-986D-327C632C1D06}.Unicode Debug|Any CPU.ActiveCfg = Debug|Any CPU
		{EB2826B5-0389-4B6B-986D-327C632C1D06}.Unicode Debug|Any CPU.Build.0 = Debug|Any CPU
		{EB2826B5-0389-4B6B-986D-327C632C1D06}.Unicode Debug|Mixed Platforms.ActiveCfg = Debug|Any CPU
		{EB2826B5-0389-4B6B-986D-327C632C1D06}.Unicode Debug|Mixed Platforms.Build.0 = Debug|Any CPU
		{EB2826B5-0389-4B6B-986D-327C632C1D06}.Unicode Debug|Win32.ActiveCfg = Debug|Any CPU
		{EB2826B5-0389-4B6B-986D-327C632C1D06}.Unicode Debug|x64.ActiveCfg = Debug|Any CPU
		{EB2826B5-0389-4B6B-986D-327C632C1D06}.Unicode Debug|x86.ActiveCfg = Debug|Any CPU
		{EB2826B5-0389-4B6B-986D-327C632C1D06}.Unicode Release MinDependency|Any CPU.ActiveCfg = Release|Any CPU
		{EB2826B5-0389-4B6B-986D-327C632C1D06}.Unicode Release MinDependency|Any CPU.Build.0 = Release|Any CPU
		{EB2826B5-0389-4B6B-986D-327C632C1D06}.Unicode Release MinDependency|Mixed Platforms.ActiveCfg = Release|Any CPU
		{EB2826B5-0389-4B6B-986D-327C632C1D06}.Unicode Release MinDependency|Mixed Platforms.Build.0 = Release|Any CPU
		{EB2826B5-0389-4B6B-986D-327C632C1D06}.Unicode Release MinDependency|Win32.ActiveCfg = Release|Any CPU
		{EB2826B5-0389-4B6B-986D-327C632C1D06}.Unicode Release MinDependency|x64.ActiveCfg = Release|Any CPU
		{EB2826B5-0389-4B6B-986D-327C632C1D06}.Unicode Release MinDependency|x86.ActiveCfg = Release|Any CPU
		{EB2826B5-0389-4B6B-986D-327C632C1D06}.Unicode Release MinSize|Any CPU.ActiveCfg = Release|Any CPU
		{EB2826B5-0389-4B6B-986D-327C632C1D06}.Unicode Release MinSize|Any CPU.Build.0 = Release|Any CPU
		{EB2826B5-0389-4B6B-986D-327C632C1D06}.Unicode Release MinSize|Mixed Platforms.ActiveCfg = Release|Any CPU
		{EB2826B5-0389-4B6B-986D-327C632C1D06}.Unicode Release MinSize|Mixed Platforms.Build.0 = Release|Any CPU
		{EB2826B5-0389-4B6B-986D-327C632C1D06}.Unicode Release MinSize|Win32.ActiveCfg = Release|Any CPU
		{EB2826B5-0389-4B6B-986D-327C632C1D06}.Unicode Release MinSize|x64.ActiveCfg = Release|Any CPU
		{EB2826B5-0389-4B6B-986D-327C632C1D06}.Unicode Release MinSize|x86.ActiveCfg = Release|Any CPU
		{3A1B22F5-8536-41B1-9049-C171FF633417}.Debug|Any CPU.ActiveCfg = Debug
		{3A1B22F5-8536-41B1-9049-C171FF633417}.Debug|Mixed Platforms.ActiveCfg = Debug
		{3A1B22F5-8536-41B1-9049-C171FF633417}.Debug|Mixed Platforms.Build.0 = Debug
		{3A1B22F5-8536-41B1-9049-C171FF633417}.Debug|Win32.ActiveCfg = Debug
		{3A1B22F5-8536-41B1-9049-C171FF633417}.Debug|Win32.Build.0 = Debug
		{3A1B22F5-8536-41B1-9049-C171FF633417}.Debug|x64.ActiveCfg = Debug
		{3A1B22F5-8536-41B1-9049-C171FF633417}.Debug|x86.ActiveCfg = Debug
		{3A1B22F5-8536-41B1-9049-C171FF633417}.Release MinDependency|Any CPU.ActiveCfg = Release
		{3A1B22F5-8536-41B1-9049-C171FF633417}.Release MinDependency|Any CPU.Build.0 = Release
		{3A1B22F5-8536-41B1-9049-C171FF633417}.Release MinDependency|Mixed Platforms.ActiveCfg = Release
		{3A1B22F5-8536-41B1-9049-C171FF633417}.Release MinDependency|Mixed Platforms.Build.0 = Release
		{3A1B22F5-8536-41B1-9049-C171FF633417}.Release MinDependency|Win32.ActiveCfg = Release
		{3A1B22F5-8536-41B1-9049-C171FF633417}.Release MinDependency|Win32.Build.0 = Release
		{3A1B22F5-8536-41B1-9049-C171FF633417}.Release MinDependency|x64.ActiveCfg = Release
		{3A1B22F5-8536-41B1-9049-C171FF633417}.Release MinDependency|x64.Build.0 = Release
		{3A1B22F5-8536-41B1-9049-C171FF633417}.Release MinDependency|x86.ActiveCfg = Release
		{3A1B22F5-8536-41B1-9049-C171FF633417}.Release MinDependency|x86.Build.0 = Release
		{3A1B22F5-8536-41B1-9049-C171FF633417}.Release MinSize|Any CPU.ActiveCfg = Release
		{3A1B22F5-8536-41B1-9049-C171FF633417}.Release MinSize|Any CPU.Build.0 = Release
		{3A1B22F5-8536-41B1-9049-C171FF633417}.Release MinSize|Mixed Platforms.ActiveCfg = Release
		{3A1B22F5-8536-41B1-9049-C171FF633417}.Release MinSize|Mixed Platforms.Build.0 = Release
		{3A1B22F5-8536-41B1-9049-C171FF633417}.Release MinSize|Win32.ActiveCfg = Release
		{3A1B22F5-8536-41B1-9049-C171FF633417}.Release MinSize|Win32.Build.0 = Release
		{3A1B22F5-8536-41B1-9049-C171FF633417}.Release MinSize|x64.ActiveCfg = Release
		{3A1B22F5-8536-41B1-9049-C171FF633417}.Release MinSize|x64.Build.0 = Release
		{3A1B22F5-8536-41B1-9049-C171FF633417}.Release MinSize|x86.ActiveCfg = Release
		{3A1B22F5-8536-41B1-9049-C171FF633417}.Release MinSize|x86.Build.0 = Release
		{3A1B22F5-8536-41B1-9049-C171FF633417}.Release|Any CPU.ActiveCfg = Release
		{3A1B22F5-8536-41B1-9049-C171FF633417}.Release|Mixed Platforms.ActiveCfg = Release
		{3A1B22F5-8536-41B1-9049-C171FF633417}.Release|Mixed Platforms.Build.0 = Release
		{3A1B22F5-8536-41B1-9049-C171FF633417}.Release|Win32.ActiveCfg = Release
		{3A1B22F5-8536-41B1-9049-C171FF633417}.Release|Win32.Build.0 = Release
		{3A1B22F5-8536-41B1-9049-C171FF633417}.Release|x64.ActiveCfg = Release
		{3A1B22F5-8536-41B1-9049-C171FF633417}.Release|x64.Build.0 = Release
		{3A1B22F5-8536-41B1-9049-C171FF633417}.Release|x86.ActiveCfg = Release
		{3A1B22F5-8536-41B1-9049-C171FF633417}.Release|x86.Build.0 = Release
		{3A1B22F5-8536-41B1-9049-C171FF633417}.Unicode Debug|Any CPU.ActiveCfg = Debug
		{3A1B22F5-8536-41B1-9049-C171FF633417}.Unicode Debug|Any CPU.Build.0 = Debug
		{3A1B22F5-8536-41B1-9049-C171FF633417}.Unicode Debug|Mixed Platforms.ActiveCfg = Debug
		{3A1B22F5-8536-41B1-9049-C171FF633417}.Unicode Debug|Mixed Platforms.Build.0 = Debug
		{3A1B22F5-8536-41B1-9049-C171FF633417}.Unicode Debug|Win32.ActiveCfg = Debug
		{3A1B22F5-8536-41B1-9049-C171FF633417}.Unicode Debug|Win32.Build.0 = Debug
		{3A1B22F5-8536-41B1-9049-C171FF633417}.Unicode Debug|x64.ActiveCfg = Debug
		{3A1B22F5-8536-41B1-9049-C171FF633417}.Unicode Debug|x64.Build.0 = Debug
		{3A1B22F5-8536-41B1-9049-C171FF633417}.Unicode Debug|x86.ActiveCfg = Debug
		{3A1B22F5-8536-41B1-9049-C171FF633417}.Unicode Debug|x86.Build.0 = Debug
		{3A1B22F5-8536-41B1-9049-C171FF633417}.Unicode Release MinDependency|Any CPU.ActiveCfg = Release
		{3A1B22F5-8536-41B1-9049-C171FF633417}.Unicode Release MinDependency|Any CPU.Build.0 = Release
		{3A1B22F5-8536-41B1-9049-C171FF633417}.Unicode Release MinDependency|Mixed Platforms.ActiveCfg = Release
		{3A1B22F5-8536-41B1-9049-C171FF633417}.Unicode Release MinDependency|Mixed Platforms.Build.0 = Release
		{3A1B22F5-8536-41B1-9049-C171FF633417}.Unicode Release MinDependency|Win32.ActiveCfg = Release
		{3A1B22F5-8536-41B1-9049-C171FF633417}.Unicode Release MinDependency|Win32.Build.0 = Release
		{3A1B22F5-8536-41B1-9049-C171FF633417}.Unicode Release MinDependency|x64.ActiveCfg = Release
		{3A1B22F5-8536-41B1-9049-C171FF633417}.Unicode Release MinDependency|x64.Build.0 = Release
		{3A1B22F5-8536-41B1-9049-C171FF633417}.Unicode Release MinDependency|x86.ActiveCfg = Release
		{3A1B22F5-8536-41B1-9049-C171FF633417}.Unicode Release MinDependency|x86.Build.0 = Release
		{3A1B22F5-8536-41B1-9049-C171FF633417}.Unicode Release MinSize|Any CPU.ActiveCfg = Release
		{3A1B22F5-8536-41B1-9049-C171FF633417}.Unicode Release MinSize|Any CPU.Build.0 = Release
		{3A1B22F5-8536-41B1-9049-C171FF633417}.Unicode Release MinSize|Mixed Platforms.ActiveCfg = Release
		{3A1B22F5-8536-41B1-9049-C171FF633417}.Unicode Release MinSize|Mixed Platforms.Build.0 = Release
		{3A1B22F5-8536-41B1-9049-C171FF633417}.Unicode Release MinSize|Win32.ActiveCfg = Release
		{3A1B22F5-8536-41B1-9049-C171FF633417}.Unicode Release MinSize|Win32.Build.0 = Release
		{3A1B22F5-8536-41B1-9049-C171FF633417}.Unicode Release MinSize|x64.ActiveCfg = Release
		{3A1B22F5-8536-41B1-9049-C171FF633417}.Unicode Release MinSize|x64.Build.0 = Release
		{3A1B22F5-8536-41B1-9049-C171FF633417}.Unicode Release MinSize|x86.ActiveCfg = Release
		{3A1B22F5-8536-41B1-9049-C171FF633417}.Unicode Release MinSize|x86.Build.0 = Release
		{CE009BFA-5EF6-4153-B2A1-2FA79698A9AE}.Debug|Any CPU.ActiveCfg = Debug|Any CPU
		{CE009BFA-5EF6-4153-B2A1-2FA79698A9AE}.Debug|Any CPU.Build.0 = Debug|Any CPU
		{CE009BFA-5EF6-4153-B2A1-2FA79698A9AE}.Debug|Mixed Platforms.ActiveCfg = Debug|Any CPU
		{CE009BFA-5EF6-4153-B2A1-2FA79698A9AE}.Debug|Mixed Platforms.Build.0 = Debug|Any CPU
		{CE009BFA-5EF6-4153-B2A1-2FA79698A9AE}.Debug|Win32.ActiveCfg = Debug|Any CPU
		{CE009BFA-5EF6-4153-B2A1-2FA79698A9AE}.Debug|x64.ActiveCfg = Debug|x64
		{CE009BFA-5EF6-4153-B2A1-2FA79698A9AE}.Debug|x64.Build.0 = Debug|x64
		{CE009BFA-5EF6-4153-B2A1-2FA79698A9AE}.Debug|x86.ActiveCfg = Debug|x86
		{CE009BFA-5EF6-4153-B2A1-2FA79698A9AE}.Debug|x86.Build.0 = Debug|x86
		{CE009BFA-5EF6-4153-B2A1-2FA79698A9AE}.Release MinDependency|Any CPU.ActiveCfg = Release|Any CPU
		{CE009BFA-5EF6-4153-B2A1-2FA79698A9AE}.Release MinDependency|Any CPU.Build.0 = Release|Any CPU
		{CE009BFA-5EF6-4153-B2A1-2FA79698A9AE}.Release MinDependency|Mixed Platforms.ActiveCfg = Release|Any CPU
		{CE009BFA-5EF6-4153-B2A1-2FA79698A9AE}.Release MinDependency|Mixed Platforms.Build.0 = Release|Any CPU
		{CE009BFA-5EF6-4153-B2A1-2FA79698A9AE}.Release MinDependency|Win32.ActiveCfg = Release|Any CPU
		{CE009BFA-5EF6-4153-B2A1-2FA79698A9AE}.Release MinDependency|x64.ActiveCfg = Release|Any CPU
		{CE009BFA-5EF6-4153-B2A1-2FA79698A9AE}.Release MinDependency|x86.ActiveCfg = Release|Any CPU
		{CE009BFA-5EF6-4153-B2A1-2FA79698A9AE}.Release MinSize|Any CPU.ActiveCfg = Release|Any CPU
		{CE009BFA-5EF6-4153-B2A1-2FA79698A9AE}.Release MinSize|Any CPU.Build.0 = Release|Any CPU
		{CE009BFA-5EF6-4153-B2A1-2FA79698A9AE}.Release MinSize|Mixed Platforms.ActiveCfg = Release|Any CPU
		{CE009BFA-5EF6-4153-B2A1-2FA79698A9AE}.Release MinSize|Mixed Platforms.Build.0 = Release|Any CPU
		{CE009BFA-5EF6-4153-B2A1-2FA79698A9AE}.Release MinSize|Win32.ActiveCfg = Release|Any CPU
		{CE009BFA-5EF6-4153-B2A1-2FA79698A9AE}.Release MinSize|x64.ActiveCfg = Release|Any CPU
		{CE009BFA-5EF6-4153-B2A1-2FA79698A9AE}.Release MinSize|x86.ActiveCfg = Release|Any CPU
		{CE009BFA-5EF6-4153-B2A1-2FA79698A9AE}.Release|Any CPU.ActiveCfg = Release|Any CPU
		{CE009BFA-5EF6-4153-B2A1-2FA79698A9AE}.Release|Any CPU.Build.0 = Release|Any CPU
		{CE009BFA-5EF6-4153-B2A1-2FA79698A9AE}.Release|Mixed Platforms.ActiveCfg = Release|Any CPU
		{CE009BFA-5EF6-4153-B2A1-2FA79698A9AE}.Release|Mixed Platforms.Build.0 = Release|Any CPU
		{CE009BFA-5EF6-4153-B2A1-2FA79698A9AE}.Release|Win32.ActiveCfg = Release|Any CPU
		{CE009BFA-5EF6-4153-B2A1-2FA79698A9AE}.Release|x64.ActiveCfg = Release|Any CPU
		{CE009BFA-5EF6-4153-B2A1-2FA79698A9AE}.Release|x86.ActiveCfg = Release|Any CPU
		{CE009BFA-5EF6-4153-B2A1-2FA79698A9AE}.Unicode Debug|Any CPU.ActiveCfg = Debug|Any CPU
		{CE009BFA-5EF6-4153-B2A1-2FA79698A9AE}.Unicode Debug|Any CPU.Build.0 = Debug|Any CPU
		{CE009BFA-5EF6-4153-B2A1-2FA79698A9AE}.Unicode Debug|Mixed Platforms.ActiveCfg = Debug|Any CPU
		{CE009BFA-5EF6-4153-B2A1-2FA79698A9AE}.Unicode Debug|Mixed Platforms.Build.0 = Debug|Any CPU
		{CE009BFA-5EF6-4153-B2A1-2FA79698A9AE}.Unicode Debug|Win32.ActiveCfg = Debug|Any CPU
		{CE009BFA-5EF6-4153-B2A1-2FA79698A9AE}.Unicode Debug|x64.ActiveCfg = Debug|Any CPU
		{CE009BFA-5EF6-4153-B2A1-2FA79698A9AE}.Unicode Debug|x86.ActiveCfg = Debug|Any CPU
		{CE009BFA-5EF6-4153-B2A1-2FA79698A9AE}.Unicode Release MinDependency|Any CPU.ActiveCfg = Release|Any CPU
		{CE009BFA-5EF6-4153-B2A1-2FA79698A9AE}.Unicode Release MinDependency|Any CPU.Build.0 = Release|Any CPU
		{CE009BFA-5EF6-4153-B2A1-2FA79698A9AE}.Unicode Release MinDependency|Mixed Platforms.ActiveCfg = Release|Any CPU
		{CE009BFA-5EF6-4153-B2A1-2FA79698A9AE}.Unicode Release MinDependency|Mixed Platforms.Build.0 = Release|Any CPU
		{CE009BFA-5EF6-4153-B2A1-2FA79698A9AE}.Unicode Release MinDependency|Win32.ActiveCfg = Release|Any CPU
		{CE009BFA-5EF6-4153-B2A1-2FA79698A9AE}.Unicode Release MinDependency|x64.ActiveCfg = Release|Any CPU
		{CE009BFA-5EF6-4153-B2A1-2FA79698A9AE}.Unicode Release MinDependency|x86.ActiveCfg = Release|Any CPU
		{CE009BFA-5EF6-4153-B2A1-2FA79698A9AE}.Unicode Release MinSize|Any CPU.ActiveCfg = Release|Any CPU
		{CE009BFA-5EF6-4153-B2A1-2FA79698A9AE}.Unicode Release MinSize|Any CPU.Build.0 = Release|Any CPU
		{CE009BFA-5EF6-4153-B2A1-2FA79698A9AE}.Unicode Release MinSize|Mixed Platforms.ActiveCfg = Release|Any CPU
		{CE009BFA-5EF6-4153-B2A1-2FA79698A9AE}.Unicode Release MinSize|Mixed Platforms.Build.0 = Release|Any CPU
		{CE009BFA-5EF6-4153-B2A1-2FA79698A9AE}.Unicode Release MinSize|Win32.ActiveCfg = Release|Any CPU
		{CE009BFA-5EF6-4153-B2A1-2FA79698A9AE}.Unicode Release MinSize|x64.ActiveCfg = Release|Any CPU
		{CE009BFA-5EF6-4153-B2A1-2FA79698A9AE}.Unicode Release MinSize|x86.ActiveCfg = Release|Any CPU
		{F2B906A7-6EE8-46AA-91C5-EADE645BE1D4}.Debug|Any CPU.ActiveCfg = Debug|Any CPU
		{F2B906A7-6EE8-46AA-91C5-EADE645BE1D4}.Debug|Any CPU.Build.0 = Debug|Any CPU
		{F2B906A7-6EE8-46AA-91C5-EADE645BE1D4}.Debug|Mixed Platforms.ActiveCfg = Debug|Any CPU
		{F2B906A7-6EE8-46AA-91C5-EADE645BE1D4}.Debug|Mixed Platforms.Build.0 = Debug|Any CPU
		{F2B906A7-6EE8-46AA-91C5-EADE645BE1D4}.Debug|Win32.ActiveCfg = Debug|Any CPU
		{F2B906A7-6EE8-46AA-91C5-EADE645BE1D4}.Debug|x64.ActiveCfg = Debug|x64
		{F2B906A7-6EE8-46AA-91C5-EADE645BE1D4}.Debug|x64.Build.0 = Debug|x64
		{F2B906A7-6EE8-46AA-91C5-EADE645BE1D4}.Debug|x86.ActiveCfg = Debug|x86
		{F2B906A7-6EE8-46AA-91C5-EADE645BE1D4}.Debug|x86.Build.0 = Debug|x86
		{F2B906A7-6EE8-46AA-91C5-EADE645BE1D4}.Release MinDependency|Any CPU.ActiveCfg = Release|Any CPU
		{F2B906A7-6EE8-46AA-91C5-EADE645BE1D4}.Release MinDependency|Any CPU.Build.0 = Release|Any CPU
		{F2B906A7-6EE8-46AA-91C5-EADE645BE1D4}.Release MinDependency|Mixed Platforms.ActiveCfg = Release|Any CPU
		{F2B906A7-6EE8-46AA-91C5-EADE645BE1D4}.Release MinDependency|Mixed Platforms.Build.0 = Release|Any CPU
		{F2B906A7-6EE8-46AA-91C5-EADE645BE1D4}.Release MinDependency|Win32.ActiveCfg = Release|Any CPU
		{F2B906A7-6EE8-46AA-91C5-EADE645BE1D4}.Release MinDependency|x64.ActiveCfg = Release|Any CPU
		{F2B906A7-6EE8-46AA-91C5-EADE645BE1D4}.Release MinDependency|x86.ActiveCfg = Release|Any CPU
		{F2B906A7-6EE8-46AA-91C5-EADE645BE1D4}.Release MinSize|Any CPU.ActiveCfg = Release|Any CPU
		{F2B906A7-6EE8-46AA-91C5-EADE645BE1D4}.Release MinSize|Any CPU.Build.0 = Release|Any CPU
		{F2B906A7-6EE8-46AA-91C5-EADE645BE1D4}.Release MinSize|Mixed Platforms.ActiveCfg = Release|Any CPU
		{F2B906A7-6EE8-46AA-91C5-EADE645BE1D4}.Release MinSize|Mixed Platforms.Build.0 = Release|Any CPU
		{F2B906A7-6EE8-46AA-91C5-EADE645BE1D4}.Release MinSize|Win32.ActiveCfg = Release|Any CPU
		{F2B906A7-6EE8-46AA-91C5-EADE645BE1D4}.Release MinSize|x64.ActiveCfg = Release|Any CPU
		{F2B906A7-6EE8-46AA-91C5-EADE645BE1D4}.Release MinSize|x86.ActiveCfg = Release|Any CPU
		{F2B906A7-6EE8-46AA-91C5-EADE645BE1D4}.Release|Any CPU.ActiveCfg = Release|Any CPU
		{F2B906A7-6EE8-46AA-91C5-EADE645BE1D4}.Release|Any CPU.Build.0 = Release|Any CPU
		{F2B906A7-6EE8-46AA-91C5-EADE645BE1D4}.Release|Mixed Platforms.ActiveCfg = Release|Any CPU
		{F2B906A7-6EE8-46AA-91C5-EADE645BE1D4}.Release|Mixed Platforms.Build.0 = Release|Any CPU
		{F2B906A7-6EE8-46AA-91C5-EADE645BE1D4}.Release|Win32.ActiveCfg = Release|Any CPU
		{F2B906A7-6EE8-46AA-91C5-EADE645BE1D4}.Release|x64.ActiveCfg = Release|Any CPU
		{F2B906A7-6EE8-46AA-91C5-EADE645BE1D4}.Release|x86.ActiveCfg = Release|Any CPU
		{F2B906A7-6EE8-46AA-91C5-EADE645BE1D4}.Unicode Debug|Any CPU.ActiveCfg = Debug|Any CPU
		{F2B906A7-6EE8-46AA-91C5-EADE645BE1D4}.Unicode Debug|Any CPU.Build.0 = Debug|Any CPU
		{F2B906A7-6EE8-46AA-91C5-EADE645BE1D4}.Unicode Debug|Mixed Platforms.ActiveCfg = Debug|Any CPU
		{F2B906A7-6EE8-46AA-91C5-EADE645BE1D4}.Unicode Debug|Mixed Platforms.Build.0 = Debug|Any CPU
		{F2B906A7-6EE8-46AA-91C5-EADE645BE1D4}.Unicode Debug|Win32.ActiveCfg = Debug|Any CPU
		{F2B906A7-6EE8-46AA-91C5-EADE645BE1D4}.Unicode Debug|x64.ActiveCfg = Debug|Any CPU
		{F2B906A7-6EE8-46AA-91C5-EADE645BE1D4}.Unicode Debug|x86.ActiveCfg = Debug|Any CPU
		{F2B906A7-6EE8-46AA-91C5-EADE645BE1D4}.Unicode Release MinDependency|Any CPU.ActiveCfg = Release|Any CPU
		{F2B906A7-6EE8-46AA-91C5-EADE645BE1D4}.Unicode Release MinDependency|Any CPU.Build.0 = Release|Any CPU
		{F2B906A7-6EE8-46AA-91C5-EADE645BE1D4}.Unicode Release MinDependency|Mixed Platforms.ActiveCfg = Release|Any CPU
		{F2B906A7-6EE8-46AA-91C5-EADE645BE1D4}.Unicode Release MinDependency|Mixed Platforms.Build.0 = Release|Any CPU
		{F2B906A7-6EE8-46AA-91C5-EADE645BE1D4}.Unicode Release MinDependency|Win32.ActiveCfg = Release|Any CPU
		{F2B906A7-6EE8-46AA-91C5-EADE645BE1D4}.Unicode Release MinDependency|x64.ActiveCfg = Release|Any CPU
		{F2B906A7-6EE8-46AA-91C5-EADE645BE1D4}.Unicode Release MinDependency|x86.ActiveCfg = Release|Any CPU
		{F2B906A7-6EE8-46AA-91C5-EADE645BE1D4}.Unicode Release MinSize|Any CPU.ActiveCfg = Release|Any CPU
		{F2B906A7-6EE8-46AA-91C5-EADE645BE1D4}.Unicode Release MinSize|Any CPU.Build.0 = Release|Any CPU
		{F2B906A7-6EE8-46AA-91C5-EADE645BE1D4}.Unicode Release MinSize|Mixed Platforms.ActiveCfg = Release|Any CPU
		{F2B906A7-6EE8-46AA-91C5-EADE645BE1D4}.Unicode Release MinSize|Mixed Platforms.Build.0 = Release|Any CPU
		{F2B906A7-6EE8-46AA-91C5-EADE645BE1D4}.Unicode Release MinSize|Win32.ActiveCfg = Release|Any CPU
		{F2B906A7-6EE8-46AA-91C5-EADE645BE1D4}.Unicode Release MinSize|x64.ActiveCfg = Release|Any CPU
		{F2B906A7-6EE8-46AA-91C5-EADE645BE1D4}.Unicode Release MinSize|x86.ActiveCfg = Release|Any CPU
		{65572712-C661-405A-99DC-507D35B9CE2E}.Debug|Any CPU.ActiveCfg = Debug|Any CPU
		{65572712-C661-405A-99DC-507D35B9CE2E}.Debug|Any CPU.Build.0 = Debug|Any CPU
		{65572712-C661-405A-99DC-507D35B9CE2E}.Debug|Mixed Platforms.ActiveCfg = Debug|Any CPU
		{65572712-C661-405A-99DC-507D35B9CE2E}.Debug|Mixed Platforms.Build.0 = Debug|Any CPU
		{65572712-C661-405A-99DC-507D35B9CE2E}.Debug|Win32.ActiveCfg = Debug|Any CPU
		{65572712-C661-405A-99DC-507D35B9CE2E}.Debug|x64.ActiveCfg = Debug|x64
		{65572712-C661-405A-99DC-507D35B9CE2E}.Debug|x64.Build.0 = Debug|x64
		{65572712-C661-405A-99DC-507D35B9CE2E}.Debug|x86.ActiveCfg = Debug|x86
		{65572712-C661-405A-99DC-507D35B9CE2E}.Debug|x86.Build.0 = Debug|x86
		{65572712-C661-405A-99DC-507D35B9CE2E}.Release MinDependency|Any CPU.ActiveCfg = Release|Any CPU
		{65572712-C661-405A-99DC-507D35B9CE2E}.Release MinDependency|Any CPU.Build.0 = Release|Any CPU
		{65572712-C661-405A-99DC-507D35B9CE2E}.Release MinDependency|Mixed Platforms.ActiveCfg = Release|Any CPU
		{65572712-C661-405A-99DC-507D35B9CE2E}.Release MinDependency|Mixed Platforms.Build.0 = Release|Any CPU
		{65572712-C661-405A-99DC-507D35B9CE2E}.Release MinDependency|Win32.ActiveCfg = Release|Any CPU
		{65572712-C661-405A-99DC-507D35B9CE2E}.Release MinDependency|x64.ActiveCfg = Release|Any CPU
		{65572712-C661-405A-99DC-507D35B9CE2E}.Release MinDependency|x86.ActiveCfg = Release|Any CPU
		{65572712-C661-405A-99DC-507D35B9CE2E}.Release MinSize|Any CPU.ActiveCfg = Release|Any CPU
		{65572712-C661-405A-99DC-507D35B9CE2E}.Release MinSize|Any CPU.Build.0 = Release|Any CPU
		{65572712-C661-405A-99DC-507D35B9CE2E}.Release MinSize|Mixed Platforms.ActiveCfg = Release|Any CPU
		{65572712-C661-405A-99DC-507D35B9CE2E}.Release MinSize|Mixed Platforms.Build.0 = Release|Any CPU
		{65572712-C661-405A-99DC-507D35B9CE2E}.Release MinSize|Win32.ActiveCfg = Release|Any CPU
		{65572712-C661-405A-99DC-507D35B9CE2E}.Release MinSize|x64.ActiveCfg = Release|Any CPU
		{65572712-C661-405A-99DC-507D35B9CE2E}.Release MinSize|x86.ActiveCfg = Release|Any CPU
		{65572712-C661-405A-99DC-507D35B9CE2E}.Release|Any CPU.ActiveCfg = Release|Any CPU
		{65572712-C661-405A-99DC-507D35B9CE2E}.Release|Any CPU.Build.0 = Release|Any CPU
		{65572712-C661-405A-99DC-507D35B9CE2E}.Release|Mixed Platforms.ActiveCfg = Release|Any CPU
		{65572712-C661-405A-99DC-507D35B9CE2E}.Release|Mixed Platforms.Build.0 = Release|Any CPU
		{65572712-C661-405A-99DC-507D35B9CE2E}.Release|Win32.ActiveCfg = Release|Any CPU
		{65572712-C661-405A-99DC-507D35B9CE2E}.Release|x64.ActiveCfg = Release|Any CPU
		{65572712-C661-405A-99DC-507D35B9CE2E}.Release|x86.ActiveCfg = Release|Any CPU
		{65572712-C661-405A-99DC-507D35B9CE2E}.Unicode Debug|Any CPU.ActiveCfg = Debug|Any CPU
		{65572712-C661-405A-99DC-507D35B9CE2E}.Unicode Debug|Any CPU.Build.0 = Debug|Any CPU
		{65572712-C661-405A-99DC-507D35B9CE2E}.Unicode Debug|Mixed Platforms.ActiveCfg = Debug|Any CPU
		{65572712-C661-405A-99DC-507D35B9CE2E}.Unicode Debug|Mixed Platforms.Build.0 = Debug|Any CPU
		{65572712-C661-405A-99DC-507D35B9CE2E}.Unicode Debug|Win32.ActiveCfg = Debug|Any CPU
		{65572712-C661-405A-99DC-507D35B9CE2E}.Unicode Debug|x64.ActiveCfg = Debug|Any CPU
		{65572712-C661-405A-99DC-507D35B9CE2E}.Unicode Debug|x86.ActiveCfg = Debug|Any CPU
		{65572712-C661-405A-99DC-507D35B9CE2E}.Unicode Release MinDependency|Any CPU.ActiveCfg = Release|Any CPU
		{65572712-C661-405A-99DC-507D35B9CE2E}.Unicode Release MinDependency|Any CPU.Build.0 = Release|Any CPU
		{65572712-C661-405A-99DC-507D35B9CE2E}.Unicode Release MinDependency|Mixed Platforms.ActiveCfg = Release|Any CPU
		{65572712-C661-405A-99DC-507D35B9CE2E}.Unicode Release MinDependency|Mixed Platforms.Build.0 = Release|Any CPU
		{65572712-C661-405A-99DC-507D35B9CE2E}.Unicode Release MinDependency|Win32.ActiveCfg = Release|Any CPU
		{65572712-C661-405A-99DC-507D35B9CE2E}.Unicode Release MinDependency|x64.ActiveCfg = Release|Any CPU
		{65572712-C661-405A-99DC-507D35B9CE2E}.Unicode Release MinDependency|x86.ActiveCfg = Release|Any CPU
		{65572712-C661-405A-99DC-507D35B9CE2E}.Unicode Release MinSize|Any CPU.ActiveCfg = Release|Any CPU
		{65572712-C661-405A-99DC-507D35B9CE2E}.Unicode Release MinSize|Any CPU.Build.0 = Release|Any CPU
		{65572712-C661-405A-99DC-507D35B9CE2E}.Unicode Release MinSize|Mixed Platforms.ActiveCfg = Release|Any CPU
		{65572712-C661-405A-99DC-507D35B9CE2E}.Unicode Release MinSize|Mixed Platforms.Build.0 = Release|Any CPU
		{65572712-C661-405A-99DC-507D35B9CE2E}.Unicode Release MinSize|Win32.ActiveCfg = Release|Any CPU
		{65572712-C661-405A-99DC-507D35B9CE2E}.Unicode Release MinSize|x64.ActiveCfg = Release|Any CPU
		{65572712-C661-405A-99DC-507D35B9CE2E}.Unicode Release MinSize|x86.ActiveCfg = Release|Any CPU
		{11898C1A-6236-4ADE-9A89-D999641019D2}.Debug|Any CPU.ActiveCfg = Debug|Any CPU
		{11898C1A-6236-4ADE-9A89-D999641019D2}.Debug|Any CPU.Build.0 = Debug|Any CPU
		{11898C1A-6236-4ADE-9A89-D999641019D2}.Debug|Mixed Platforms.ActiveCfg = Debug|Any CPU
		{11898C1A-6236-4ADE-9A89-D999641019D2}.Debug|Mixed Platforms.Build.0 = Debug|Any CPU
		{11898C1A-6236-4ADE-9A89-D999641019D2}.Debug|Win32.ActiveCfg = Debug|Any CPU
		{11898C1A-6236-4ADE-9A89-D999641019D2}.Debug|x64.ActiveCfg = Debug|x64
		{11898C1A-6236-4ADE-9A89-D999641019D2}.Debug|x64.Build.0 = Debug|x64
		{11898C1A-6236-4ADE-9A89-D999641019D2}.Debug|x86.ActiveCfg = Debug|x86
		{11898C1A-6236-4ADE-9A89-D999641019D2}.Debug|x86.Build.0 = Debug|x86
		{11898C1A-6236-4ADE-9A89-D999641019D2}.Release MinDependency|Any CPU.ActiveCfg = Release|Any CPU
		{11898C1A-6236-4ADE-9A89-D999641019D2}.Release MinDependency|Any CPU.Build.0 = Release|Any CPU
		{11898C1A-6236-4ADE-9A89-D999641019D2}.Release MinDependency|Mixed Platforms.ActiveCfg = Release|Any CPU
		{11898C1A-6236-4ADE-9A89-D999641019D2}.Release MinDependency|Mixed Platforms.Build.0 = Release|Any CPU
		{11898C1A-6236-4ADE-9A89-D999641019D2}.Release MinDependency|Win32.ActiveCfg = Release|Any CPU
		{11898C1A-6236-4ADE-9A89-D999641019D2}.Release MinDependency|x64.ActiveCfg = Release|Any CPU
		{11898C1A-6236-4ADE-9A89-D999641019D2}.Release MinDependency|x86.ActiveCfg = Release|Any CPU
		{11898C1A-6236-4ADE-9A89-D999641019D2}.Release MinSize|Any CPU.ActiveCfg = Release|Any CPU
		{11898C1A-6236-4ADE-9A89-D999641019D2}.Release MinSize|Any CPU.Build.0 = Release|Any CPU
		{11898C1A-6236-4ADE-9A89-D999641019D2}.Release MinSize|Mixed Platforms.ActiveCfg = Release|Any CPU
		{11898C1A-6236-4ADE-9A89-D999641019D2}.Release MinSize|Mixed Platforms.Build.0 = Release|Any CPU
		{11898C1A-6236-4ADE-9A89-D999641019D2}.Release MinSize|Win32.ActiveCfg = Release|Any CPU
		{11898C1A-6236-4ADE-9A89-D999641019D2}.Release MinSize|x64.ActiveCfg = Release|Any CPU
		{11898C1A-6236-4ADE-9A89-D999641019D2}.Release MinSize|x86.ActiveCfg = Release|Any CPU
		{11898C1A-6236-4ADE-9A89-D999641019D2}.Release|Any CPU.ActiveCfg = Release|Any CPU
		{11898C1A-6236-4ADE-9A89-D999641019D2}.Release|Any CPU.Build.0 = Release|Any CPU
		{11898C1A-6236-4ADE-9A89-D999641019D2}.Release|Mixed Platforms.ActiveCfg = Release|Any CPU
		{11898C1A-6236-4ADE-9A89-D999641019D2}.Release|Mixed Platforms.Build.0 = Release|Any CPU
		{11898C1A-6236-4ADE-9A89-D999641019D2}.Release|Win32.ActiveCfg = Release|Any CPU
		{11898C1A-6236-4ADE-9A89-D999641019D2}.Release|x64.ActiveCfg = Release|Any CPU
		{11898C1A-6236-4ADE-9A89-D999641019D2}.Release|x86.ActiveCfg = Release|Any CPU
		{11898C1A-6236-4ADE-9A89-D999641019D2}.Unicode Debug|Any CPU.ActiveCfg = Debug|Any CPU
		{11898C1A-6236-4ADE-9A89-D999641019D2}.Unicode Debug|Any CPU.Build.0 = Debug|Any CPU
		{11898C1A-6236-4ADE-9A89-D999641019D2}.Unicode Debug|Mixed Platforms.ActiveCfg = Debug|Any CPU
		{11898C1A-6236-4ADE-9A89-D999641019D2}.Unicode Debug|Mixed Platforms.Build.0 = Debug|Any CPU
		{11898C1A-6236-4ADE-9A89-D999641019D2}.Unicode Debug|Win32.ActiveCfg = Debug|Any CPU
		{11898C1A-6236-4ADE-9A89-D999641019D2}.Unicode Debug|x64.ActiveCfg = Debug|Any CPU
		{11898C1A-6236-4ADE-9A89-D999641019D2}.Unicode Debug|x86.ActiveCfg = Debug|Any CPU
		{11898C1A-6236-4ADE-9A89-D999641019D2}.Unicode Release MinDependency|Any CPU.ActiveCfg = Release|Any CPU
		{11898C1A-6236-4ADE-9A89-D999641019D2}.Unicode Release MinDependency|Any CPU.Build.0 = Release|Any CPU
		{11898C1A-6236-4ADE-9A89-D999641019D2}.Unicode Release MinDependency|Mixed Platforms.ActiveCfg = Release|Any CPU
		{11898C1A-6236-4ADE-9A89-D999641019D2}.Unicode Release MinDependency|Mixed Platforms.Build.0 = Release|Any CPU
		{11898C1A-6236-4ADE-9A89-D999641019D2}.Unicode Release MinDependency|Win32.ActiveCfg = Release|Any CPU
		{11898C1A-6236-4ADE-9A89-D999641019D2}.Unicode Release MinDependency|x64.ActiveCfg = Release|Any CPU
		{11898C1A-6236-4ADE-9A89-D999641019D2}.Unicode Release MinDependency|x86.ActiveCfg = Release|Any CPU
		{11898C1A-6236-4ADE-9A89-D999641019D2}.Unicode Release MinSize|Any CPU.ActiveCfg = Release|Any CPU
		{11898C1A-6236-4ADE-9A89-D999641019D2}.Unicode Release MinSize|Any CPU.Build.0 = Release|Any CPU
		{11898C1A-6236-4ADE-9A89-D999641019D2}.Unicode Release MinSize|Mixed Platforms.ActiveCfg = Release|Any CPU
		{11898C1A-6236-4ADE-9A89-D999641019D2}.Unicode Release MinSize|Mixed Platforms.Build.0 = Release|Any CPU
		{11898C1A-6236-4ADE-9A89-D999641019D2}.Unicode Release MinSize|Win32.ActiveCfg = Release|Any CPU
		{11898C1A-6236-4ADE-9A89-D999641019D2}.Unicode Release MinSize|x64.ActiveCfg = Release|Any CPU
		{11898C1A-6236-4ADE-9A89-D999641019D2}.Unicode Release MinSize|x86.ActiveCfg = Release|Any CPU
		{273D6BDE-B4F5-46D6-B3B1-2CD370FC002A}.Debug|Any CPU.ActiveCfg = Debug|Any CPU
		{273D6BDE-B4F5-46D6-B3B1-2CD370FC002A}.Debug|Any CPU.Build.0 = Debug|Any CPU
		{273D6BDE-B4F5-46D6-B3B1-2CD370FC002A}.Debug|Mixed Platforms.ActiveCfg = Debug|Any CPU
		{273D6BDE-B4F5-46D6-B3B1-2CD370FC002A}.Debug|Mixed Platforms.Build.0 = Debug|Any CPU
		{273D6BDE-B4F5-46D6-B3B1-2CD370FC002A}.Debug|Win32.ActiveCfg = Debug|Any CPU
		{273D6BDE-B4F5-46D6-B3B1-2CD370FC002A}.Debug|x64.ActiveCfg = Debug|x64
		{273D6BDE-B4F5-46D6-B3B1-2CD370FC002A}.Debug|x64.Build.0 = Debug|x64
		{273D6BDE-B4F5-46D6-B3B1-2CD370FC002A}.Debug|x86.ActiveCfg = Debug|x86
		{273D6BDE-B4F5-46D6-B3B1-2CD370FC002A}.Debug|x86.Build.0 = Debug|x86
		{273D6BDE-B4F5-46D6-B3B1-2CD370FC002A}.Release MinDependency|Any CPU.ActiveCfg = Release|Any CPU
		{273D6BDE-B4F5-46D6-B3B1-2CD370FC002A}.Release MinDependency|Any CPU.Build.0 = Release|Any CPU
		{273D6BDE-B4F5-46D6-B3B1-2CD370FC002A}.Release MinDependency|Mixed Platforms.ActiveCfg = Release|Any CPU
		{273D6BDE-B4F5-46D6-B3B1-2CD370FC002A}.Release MinDependency|Mixed Platforms.Build.0 = Release|Any CPU
		{273D6BDE-B4F5-46D6-B3B1-2CD370FC002A}.Release MinDependency|Win32.ActiveCfg = Release|Any CPU
		{273D6BDE-B4F5-46D6-B3B1-2CD370FC002A}.Release MinDependency|x64.ActiveCfg = Release|Any CPU
		{273D6BDE-B4F5-46D6-B3B1-2CD370FC002A}.Release MinDependency|x86.ActiveCfg = Release|Any CPU
		{273D6BDE-B4F5-46D6-B3B1-2CD370FC002A}.Release MinSize|Any CPU.ActiveCfg = Release|Any CPU
		{273D6BDE-B4F5-46D6-B3B1-2CD370FC002A}.Release MinSize|Any CPU.Build.0 = Release|Any CPU
		{273D6BDE-B4F5-46D6-B3B1-2CD370FC002A}.Release MinSize|Mixed Platforms.ActiveCfg = Release|Any CPU
		{273D6BDE-B4F5-46D6-B3B1-2CD370FC002A}.Release MinSize|Mixed Platforms.Build.0 = Release|Any CPU
		{273D6BDE-B4F5-46D6-B3B1-2CD370FC002A}.Release MinSize|Win32.ActiveCfg = Release|Any CPU
		{273D6BDE-B4F5-46D6-B3B1-2CD370FC002A}.Release MinSize|x64.ActiveCfg = Release|Any CPU
		{273D6BDE-B4F5-46D6-B3B1-2CD370FC002A}.Release MinSize|x86.ActiveCfg = Release|Any CPU
		{273D6BDE-B4F5-46D6-B3B1-2CD370FC002A}.Release|Any CPU.ActiveCfg = Release|Any CPU
		{273D6BDE-B4F5-46D6-B3B1-2CD370FC002A}.Release|Any CPU.Build.0 = Release|Any CPU
		{273D6BDE-B4F5-46D6-B3B1-2CD370FC002A}.Release|Mixed Platforms.ActiveCfg = Release|Any CPU
		{273D6BDE-B4F5-46D6-B3B1-2CD370FC002A}.Release|Mixed Platforms.Build.0 = Release|Any CPU
		{273D6BDE-B4F5-46D6-B3B1-2CD370FC002A}.Release|Win32.ActiveCfg = Release|Any CPU
		{273D6BDE-B4F5-46D6-B3B1-2CD370FC002A}.Release|x64.ActiveCfg = Release|Any CPU
		{273D6BDE-B4F5-46D6-B3B1-2CD370FC002A}.Release|x86.ActiveCfg = Release|Any CPU
		{273D6BDE-B4F5-46D6-B3B1-2CD370FC002A}.Unicode Debug|Any CPU.ActiveCfg = Debug|Any CPU
		{273D6BDE-B4F5-46D6-B3B1-2CD370FC002A}.Unicode Debug|Any CPU.Build.0 = Debug|Any CPU
		{273D6BDE-B4F5-46D6-B3B1-2CD370FC002A}.Unicode Debug|Mixed Platforms.ActiveCfg = Debug|Any CPU
		{273D6BDE-B4F5-46D6-B3B1-2CD370FC002A}.Unicode Debug|Mixed Platforms.Build.0 = Debug|Any CPU
		{273D6BDE-B4F5-46D6-B3B1-2CD370FC002A}.Unicode Debug|Win32.ActiveCfg = Debug|Any CPU
		{273D6BDE-B4F5-46D6-B3B1-2CD370FC002A}.Unicode Debug|x64.ActiveCfg = Debug|Any CPU
		{273D6BDE-B4F5-46D6-B3B1-2CD370FC002A}.Unicode Debug|x86.ActiveCfg = Debug|Any CPU
		{273D6BDE-B4F5-46D6-B3B1-2CD370FC002A}.Unicode Release MinDependency|Any CPU.ActiveCfg = Release|Any CPU
		{273D6BDE-B4F5-46D6-B3B1-2CD370FC002A}.Unicode Release MinDependency|Any CPU.Build.0 = Release|Any CPU
		{273D6BDE-B4F5-46D6-B3B1-2CD370FC002A}.Unicode Release MinDependency|Mixed Platforms.ActiveCfg = Release|Any CPU
		{273D6BDE-B4F5-46D6-B3B1-2CD370FC002A}.Unicode Release MinDependency|Mixed Platforms.Build.0 = Release|Any CPU
		{273D6BDE-B4F5-46D6-B3B1-2CD370FC002A}.Unicode Release MinDependency|Win32.ActiveCfg = Release|Any CPU
		{273D6BDE-B4F5-46D6-B3B1-2CD370FC002A}.Unicode Release MinDependency|x64.ActiveCfg = Release|Any CPU
		{273D6BDE-B4F5-46D6-B3B1-2CD370FC002A}.Unicode Release MinDependency|x86.ActiveCfg = Release|Any CPU
		{273D6BDE-B4F5-46D6-B3B1-2CD370FC002A}.Unicode Release MinSize|Any CPU.ActiveCfg = Release|Any CPU
		{273D6BDE-B4F5-46D6-B3B1-2CD370FC002A}.Unicode Release MinSize|Any CPU.Build.0 = Release|Any CPU
		{273D6BDE-B4F5-46D6-B3B1-2CD370FC002A}.Unicode Release MinSize|Mixed Platforms.ActiveCfg = Release|Any CPU
		{273D6BDE-B4F5-46D6-B3B1-2CD370FC002A}.Unicode Release MinSize|Mixed Platforms.Build.0 = Release|Any CPU
		{273D6BDE-B4F5-46D6-B3B1-2CD370FC002A}.Unicode Release MinSize|Win32.ActiveCfg = Release|Any CPU
		{273D6BDE-B4F5-46D6-B3B1-2CD370FC002A}.Unicode Release MinSize|x64.ActiveCfg = Release|Any CPU
		{273D6BDE-B4F5-46D6-B3B1-2CD370FC002A}.Unicode Release MinSize|x86.ActiveCfg = Release|Any CPU
		{79EE5513-37FD-40F8-A348-8468C6B03694}.Debug|Any CPU.ActiveCfg = Debug|Any CPU
		{79EE5513-37FD-40F8-A348-8468C6B03694}.Debug|Any CPU.Build.0 = Debug|Any CPU
		{79EE5513-37FD-40F8-A348-8468C6B03694}.Debug|Mixed Platforms.ActiveCfg = Debug|Any CPU
		{79EE5513-37FD-40F8-A348-8468C6B03694}.Debug|Mixed Platforms.Build.0 = Debug|Any CPU
		{79EE5513-37FD-40F8-A348-8468C6B03694}.Debug|Win32.ActiveCfg = Debug|Any CPU
		{79EE5513-37FD-40F8-A348-8468C6B03694}.Debug|x64.ActiveCfg = Debug|x64
		{79EE5513-37FD-40F8-A348-8468C6B03694}.Debug|x64.Build.0 = Debug|x64
		{79EE5513-37FD-40F8-A348-8468C6B03694}.Debug|x86.ActiveCfg = Debug|x86
		{79EE5513-37FD-40F8-A348-8468C6B03694}.Debug|x86.Build.0 = Debug|x86
		{79EE5513-37FD-40F8-A348-8468C6B03694}.Release MinDependency|Any CPU.ActiveCfg = Release|Any CPU
		{79EE5513-37FD-40F8-A348-8468C6B03694}.Release MinDependency|Any CPU.Build.0 = Release|Any CPU
		{79EE5513-37FD-40F8-A348-8468C6B03694}.Release MinDependency|Mixed Platforms.ActiveCfg = Release|Any CPU
		{79EE5513-37FD-40F8-A348-8468C6B03694}.Release MinDependency|Mixed Platforms.Build.0 = Release|Any CPU
		{79EE5513-37FD-40F8-A348-8468C6B03694}.Release MinDependency|Win32.ActiveCfg = Release|Any CPU
		{79EE5513-37FD-40F8-A348-8468C6B03694}.Release MinDependency|x64.ActiveCfg = Release|Any CPU
		{79EE5513-37FD-40F8-A348-8468C6B03694}.Release MinDependency|x86.ActiveCfg = Release|Any CPU
		{79EE5513-37FD-40F8-A348-8468C6B03694}.Release MinSize|Any CPU.ActiveCfg = Release|Any CPU
		{79EE5513-37FD-40F8-A348-8468C6B03694}.Release MinSize|Any CPU.Build.0 = Release|Any CPU
		{79EE5513-37FD-40F8-A348-8468C6B03694}.Release MinSize|Mixed Platforms.ActiveCfg = Release|Any CPU
		{79EE5513-37FD-40F8-A348-8468C6B03694}.Release MinSize|Mixed Platforms.Build.0 = Release|Any CPU
		{79EE5513-37FD-40F8-A348-8468C6B03694}.Release MinSize|Win32.ActiveCfg = Release|Any CPU
		{79EE5513-37FD-40F8-A348-8468C6B03694}.Release MinSize|x64.ActiveCfg = Release|Any CPU
		{79EE5513-37FD-40F8-A348-8468C6B03694}.Release MinSize|x86.ActiveCfg = Release|Any CPU
		{79EE5513-37FD-40F8-A348-8468C6B03694}.Release|Any CPU.ActiveCfg = Release|Any CPU
		{79EE5513-37FD-40F8-A348-8468C6B03694}.Release|Any CPU.Build.0 = Release|Any CPU
		{79EE5513-37FD-40F8-A348-8468C6B03694}.Release|Mixed Platforms.ActiveCfg = Release|Any CPU
		{79EE5513-37FD-40F8-A348-8468C6B03694}.Release|Mixed Platforms.Build.0 = Release|Any CPU
		{79EE5513-37FD-40F8-A348-8468C6B03694}.Release|Win32.ActiveCfg = Release|Any CPU
		{79EE5513-37FD-40F8-A348-8468C6B03694}.Release|x64.ActiveCfg = Release|Any CPU
		{79EE5513-37FD-40F8-A348-8468C6B03694}.Release|x86.ActiveCfg = Release|Any CPU
		{79EE5513-37FD-40F8-A348-8468C6B03694}.Unicode Debug|Any CPU.ActiveCfg = Debug|Any CPU
		{79EE5513-37FD-40F8-A348-8468C6B03694}.Unicode Debug|Any CPU.Build.0 = Debug|Any CPU
		{79EE5513-37FD-40F8-A348-8468C6B03694}.Unicode Debug|Mixed Platforms.ActiveCfg = Debug|Any CPU
		{79EE5513-37FD-40F8-A348-8468C6B03694}.Unicode Debug|Mixed Platforms.Build.0 = Debug|Any CPU
		{79EE5513-37FD-40F8-A348-8468C6B03694}.Unicode Debug|Win32.ActiveCfg = Debug|Any CPU
		{79EE5513-37FD-40F8-A348-8468C6B03694}.Unicode Debug|x64.ActiveCfg = Debug|Any CPU
		{79EE5513-37FD-40F8-A348-8468C6B03694}.Unicode Debug|x86.ActiveCfg = Debug|Any CPU
		{79EE5513-37FD-40F8-A348-8468C6B03694}.Unicode Release MinDependency|Any CPU.ActiveCfg = Release|Any CPU
		{79EE5513-37FD-40F8-A348-8468C6B03694}.Unicode Release MinDependency|Any CPU.Build.0 = Release|Any CPU
		{79EE5513-37FD-40F8-A348-8468C6B03694}.Unicode Release MinDependency|Mixed Platforms.ActiveCfg = Release|Any CPU
		{79EE5513-37FD-40F8-A348-8468C6B03694}.Unicode Release MinDependency|Mixed Platforms.Build.0 = Release|Any CPU
		{79EE5513-37FD-40F8-A348-8468C6B03694}.Unicode Release MinDependency|Win32.ActiveCfg = Release|Any CPU
		{79EE5513-37FD-40F8-A348-8468C6B03694}.Unicode Release MinDependency|x64.ActiveCfg = Release|Any CPU
		{79EE5513-37FD-40F8-A348-8468C6B03694}.Unicode Release MinDependency|x86.ActiveCfg = Release|Any CPU
		{79EE5513-37FD-40F8-A348-8468C6B03694}.Unicode Release MinSize|Any CPU.ActiveCfg = Release|Any CPU
		{79EE5513-37FD-40F8-A348-8468C6B03694}.Unicode Release MinSize|Any CPU.Build.0 = Release|Any CPU
		{79EE5513-37FD-40F8-A348-8468C6B03694}.Unicode Release MinSize|Mixed Platforms.ActiveCfg = Release|Any CPU
		{79EE5513-37FD-40F8-A348-8468C6B03694}.Unicode Release MinSize|Mixed Platforms.Build.0 = Release|Any CPU
		{79EE5513-37FD-40F8-A348-8468C6B03694}.Unicode Release MinSize|Win32.ActiveCfg = Release|Any CPU
		{79EE5513-37FD-40F8-A348-8468C6B03694}.Unicode Release MinSize|x64.ActiveCfg = Release|Any CPU
		{79EE5513-37FD-40F8-A348-8468C6B03694}.Unicode Release MinSize|x86.ActiveCfg = Release|Any CPU
		{EFF2894F-8175-4BDF-9FE6-4C27F5CD5969}.Debug|Any CPU.ActiveCfg = Debug|Any CPU
		{EFF2894F-8175-4BDF-9FE6-4C27F5CD5969}.Debug|Any CPU.Build.0 = Debug|Any CPU
		{EFF2894F-8175-4BDF-9FE6-4C27F5CD5969}.Debug|Mixed Platforms.ActiveCfg = Debug|Any CPU
		{EFF2894F-8175-4BDF-9FE6-4C27F5CD5969}.Debug|Mixed Platforms.Build.0 = Debug|Any CPU
		{EFF2894F-8175-4BDF-9FE6-4C27F5CD5969}.Debug|Win32.ActiveCfg = Debug|Any CPU
		{EFF2894F-8175-4BDF-9FE6-4C27F5CD5969}.Debug|x64.ActiveCfg = Debug|x64
		{EFF2894F-8175-4BDF-9FE6-4C27F5CD5969}.Debug|x64.Build.0 = Debug|x64
		{EFF2894F-8175-4BDF-9FE6-4C27F5CD5969}.Debug|x86.ActiveCfg = Debug|x86
		{EFF2894F-8175-4BDF-9FE6-4C27F5CD5969}.Debug|x86.Build.0 = Debug|x86
		{EFF2894F-8175-4BDF-9FE6-4C27F5CD5969}.Release MinDependency|Any CPU.ActiveCfg = Release|Any CPU
		{EFF2894F-8175-4BDF-9FE6-4C27F5CD5969}.Release MinDependency|Any CPU.Build.0 = Release|Any CPU
		{EFF2894F-8175-4BDF-9FE6-4C27F5CD5969}.Release MinDependency|Mixed Platforms.ActiveCfg = Release|Any CPU
		{EFF2894F-8175-4BDF-9FE6-4C27F5CD5969}.Release MinDependency|Mixed Platforms.Build.0 = Release|Any CPU
		{EFF2894F-8175-4BDF-9FE6-4C27F5CD5969}.Release MinDependency|Win32.ActiveCfg = Release|Any CPU
		{EFF2894F-8175-4BDF-9FE6-4C27F5CD5969}.Release MinDependency|x64.ActiveCfg = Release|Any CPU
		{EFF2894F-8175-4BDF-9FE6-4C27F5CD5969}.Release MinDependency|x86.ActiveCfg = Release|Any CPU
		{EFF2894F-8175-4BDF-9FE6-4C27F5CD5969}.Release MinSize|Any CPU.ActiveCfg = Release|Any CPU
		{EFF2894F-8175-4BDF-9FE6-4C27F5CD5969}.Release MinSize|Any CPU.Build.0 = Release|Any CPU
		{EFF2894F-8175-4BDF-9FE6-4C27F5CD5969}.Release MinSize|Mixed Platforms.ActiveCfg = Release|Any CPU
		{EFF2894F-8175-4BDF-9FE6-4C27F5CD5969}.Release MinSize|Mixed Platforms.Build.0 = Release|Any CPU
		{EFF2894F-8175-4BDF-9FE6-4C27F5CD5969}.Release MinSize|Win32.ActiveCfg = Release|Any CPU
		{EFF2894F-8175-4BDF-9FE6-4C27F5CD5969}.Release MinSize|x64.ActiveCfg = Release|Any CPU
		{EFF2894F-8175-4BDF-9FE6-4C27F5CD5969}.Release MinSize|x86.ActiveCfg = Release|Any CPU
		{EFF2894F-8175-4BDF-9FE6-4C27F5CD5969}.Release|Any CPU.ActiveCfg = Release|Any CPU
		{EFF2894F-8175-4BDF-9FE6-4C27F5CD5969}.Release|Any CPU.Build.0 = Release|Any CPU
		{EFF2894F-8175-4BDF-9FE6-4C27F5CD5969}.Release|Mixed Platforms.ActiveCfg = Release|Any CPU
		{EFF2894F-8175-4BDF-9FE6-4C27F5CD5969}.Release|Mixed Platforms.Build.0 = Release|Any CPU
		{EFF2894F-8175-4BDF-9FE6-4C27F5CD5969}.Release|Win32.ActiveCfg = Release|Any CPU
		{EFF2894F-8175-4BDF-9FE6-4C27F5CD5969}.Release|x64.ActiveCfg = Release|Any CPU
		{EFF2894F-8175-4BDF-9FE6-4C27F5CD5969}.Release|x86.ActiveCfg = Release|Any CPU
		{EFF2894F-8175-4BDF-9FE6-4C27F5CD5969}.Unicode Debug|Any CPU.ActiveCfg = Debug|Any CPU
		{EFF2894F-8175-4BDF-9FE6-4C27F5CD5969}.Unicode Debug|Any CPU.Build.0 = Debug|Any CPU
		{EFF2894F-8175-4BDF-9FE6-4C27F5CD5969}.Unicode Debug|Mixed Platforms.ActiveCfg = Debug|Any CPU
		{EFF2894F-8175-4BDF-9FE6-4C27F5CD5969}.Unicode Debug|Mixed Platforms.Build.0 = Debug|Any CPU
		{EFF2894F-8175-4BDF-9FE6-4C27F5CD5969}.Unicode Debug|Win32.ActiveCfg = Debug|Any CPU
		{EFF2894F-8175-4BDF-9FE6-4C27F5CD5969}.Unicode Debug|x64.ActiveCfg = Debug|Any CPU
		{EFF2894F-8175-4BDF-9FE6-4C27F5CD5969}.Unicode Debug|x86.ActiveCfg = Debug|Any CPU
		{EFF2894F-8175-4BDF-9FE6-4C27F5CD5969}.Unicode Release MinDependency|Any CPU.ActiveCfg = Release|Any CPU
		{EFF2894F-8175-4BDF-9FE6-4C27F5CD5969}.Unicode Release MinDependency|Any CPU.Build.0 = Release|Any CPU
		{EFF2894F-8175-4BDF-9FE6-4C27F5CD5969}.Unicode Release MinDependency|Mixed Platforms.ActiveCfg = Release|Any CPU
		{EFF2894F-8175-4BDF-9FE6-4C27F5CD5969}.Unicode Release MinDependency|Mixed Platforms.Build.0 = Release|Any CPU
		{EFF2894F-8175-4BDF-9FE6-4C27F5CD5969}.Unicode Release MinDependency|Win32.ActiveCfg = Release|Any CPU
		{EFF2894F-8175-4BDF-9FE6-4C27F5CD5969}.Unicode Release MinDependency|x64.ActiveCfg = Release|Any CPU
		{EFF2894F-8175-4BDF-9FE6-4C27F5CD5969}.Unicode Release MinDependency|x86.ActiveCfg = Release|Any CPU
		{EFF2894F-8175-4BDF-9FE6-4C27F5CD5969}.Unicode Release MinSize|Any CPU.ActiveCfg = Release|Any CPU
		{EFF2894F-8175-4BDF-9FE6-4C27F5CD5969}.Unicode Release MinSize|Any CPU.Build.0 = Release|Any CPU
		{EFF2894F-8175-4BDF-9FE6-4C27F5CD5969}.Unicode Release MinSize|Mixed Platforms.ActiveCfg = Release|Any CPU
		{EFF2894F-8175-4BDF-9FE6-4C27F5CD5969}.Unicode Release MinSize|Mixed Platforms.Build.0 = Release|Any CPU
		{EFF2894F-8175-4BDF-9FE6-4C27F5CD5969}.Unicode Release MinSize|Win32.ActiveCfg = Release|Any CPU
		{EFF2894F-8175-4BDF-9FE6-4C27F5CD5969}.Unicode Release MinSize|x64.ActiveCfg = Release|Any CPU
		{EFF2894F-8175-4BDF-9FE6-4C27F5CD5969}.Unicode Release MinSize|x86.ActiveCfg = Release|Any CPU
		{4163E8AD-D8ED-4F8F-BD4F-B2AAEE0F1682}.Debug|Any CPU.ActiveCfg = Debug|Any CPU
		{4163E8AD-D8ED-4F8F-BD4F-B2AAEE0F1682}.Debug|Any CPU.Build.0 = Debug|Any CPU
		{4163E8AD-D8ED-4F8F-BD4F-B2AAEE0F1682}.Debug|Mixed Platforms.ActiveCfg = Debug|Any CPU
		{4163E8AD-D8ED-4F8F-BD4F-B2AAEE0F1682}.Debug|Mixed Platforms.Build.0 = Debug|Any CPU
		{4163E8AD-D8ED-4F8F-BD4F-B2AAEE0F1682}.Debug|Win32.ActiveCfg = Debug|x64
		{4163E8AD-D8ED-4F8F-BD4F-B2AAEE0F1682}.Debug|x64.ActiveCfg = Debug|x64
		{4163E8AD-D8ED-4F8F-BD4F-B2AAEE0F1682}.Debug|x64.Build.0 = Debug|x64
		{4163E8AD-D8ED-4F8F-BD4F-B2AAEE0F1682}.Debug|x86.ActiveCfg = Debug|x86
		{4163E8AD-D8ED-4F8F-BD4F-B2AAEE0F1682}.Debug|x86.Build.0 = Debug|x86
		{4163E8AD-D8ED-4F8F-BD4F-B2AAEE0F1682}.Release MinDependency|Any CPU.ActiveCfg = Release|x64
		{4163E8AD-D8ED-4F8F-BD4F-B2AAEE0F1682}.Release MinDependency|Mixed Platforms.ActiveCfg = Release|x64
		{4163E8AD-D8ED-4F8F-BD4F-B2AAEE0F1682}.Release MinDependency|Mixed Platforms.Build.0 = Release|x64
		{4163E8AD-D8ED-4F8F-BD4F-B2AAEE0F1682}.Release MinDependency|Win32.ActiveCfg = Release|x64
		{4163E8AD-D8ED-4F8F-BD4F-B2AAEE0F1682}.Release MinDependency|x64.ActiveCfg = Release|x64
		{4163E8AD-D8ED-4F8F-BD4F-B2AAEE0F1682}.Release MinDependency|x64.Build.0 = Release|x64
		{4163E8AD-D8ED-4F8F-BD4F-B2AAEE0F1682}.Release MinDependency|x86.ActiveCfg = Release|x64
		{4163E8AD-D8ED-4F8F-BD4F-B2AAEE0F1682}.Release MinSize|Any CPU.ActiveCfg = Release|x64
		{4163E8AD-D8ED-4F8F-BD4F-B2AAEE0F1682}.Release MinSize|Mixed Platforms.ActiveCfg = Release|x64
		{4163E8AD-D8ED-4F8F-BD4F-B2AAEE0F1682}.Release MinSize|Mixed Platforms.Build.0 = Release|x64
		{4163E8AD-D8ED-4F8F-BD4F-B2AAEE0F1682}.Release MinSize|Win32.ActiveCfg = Release|x64
		{4163E8AD-D8ED-4F8F-BD4F-B2AAEE0F1682}.Release MinSize|x64.ActiveCfg = Release|x64
		{4163E8AD-D8ED-4F8F-BD4F-B2AAEE0F1682}.Release MinSize|x64.Build.0 = Release|x64
		{4163E8AD-D8ED-4F8F-BD4F-B2AAEE0F1682}.Release MinSize|x86.ActiveCfg = Release|x64
		{4163E8AD-D8ED-4F8F-BD4F-B2AAEE0F1682}.Release|Any CPU.ActiveCfg = Release|Any CPU
		{4163E8AD-D8ED-4F8F-BD4F-B2AAEE0F1682}.Release|Any CPU.Build.0 = Release|Any CPU
		{4163E8AD-D8ED-4F8F-BD4F-B2AAEE0F1682}.Release|Mixed Platforms.ActiveCfg = Release|x64
		{4163E8AD-D8ED-4F8F-BD4F-B2AAEE0F1682}.Release|Mixed Platforms.Build.0 = Release|x64
		{4163E8AD-D8ED-4F8F-BD4F-B2AAEE0F1682}.Release|Win32.ActiveCfg = Release|x64
		{4163E8AD-D8ED-4F8F-BD4F-B2AAEE0F1682}.Release|x64.ActiveCfg = Release|x64
		{4163E8AD-D8ED-4F8F-BD4F-B2AAEE0F1682}.Release|x64.Build.0 = Release|x64
		{4163E8AD-D8ED-4F8F-BD4F-B2AAEE0F1682}.Release|x86.ActiveCfg = Release|x86
		{4163E8AD-D8ED-4F8F-BD4F-B2AAEE0F1682}.Release|x86.Build.0 = Release|x86
		{4163E8AD-D8ED-4F8F-BD4F-B2AAEE0F1682}.Unicode Debug|Any CPU.ActiveCfg = Debug|Any CPU
		{4163E8AD-D8ED-4F8F-BD4F-B2AAEE0F1682}.Unicode Debug|Any CPU.Build.0 = Debug|Any CPU
		{4163E8AD-D8ED-4F8F-BD4F-B2AAEE0F1682}.Unicode Debug|Mixed Platforms.ActiveCfg = Debug|x64
		{4163E8AD-D8ED-4F8F-BD4F-B2AAEE0F1682}.Unicode Debug|Mixed Platforms.Build.0 = Debug|x64
		{4163E8AD-D8ED-4F8F-BD4F-B2AAEE0F1682}.Unicode Debug|Win32.ActiveCfg = Debug|x64
		{4163E8AD-D8ED-4F8F-BD4F-B2AAEE0F1682}.Unicode Debug|x64.ActiveCfg = Debug|x64
		{4163E8AD-D8ED-4F8F-BD4F-B2AAEE0F1682}.Unicode Debug|x64.Build.0 = Debug|x64
		{4163E8AD-D8ED-4F8F-BD4F-B2AAEE0F1682}.Unicode Debug|x86.ActiveCfg = Debug|x86
		{4163E8AD-D8ED-4F8F-BD4F-B2AAEE0F1682}.Unicode Debug|x86.Build.0 = Debug|x86
		{4163E8AD-D8ED-4F8F-BD4F-B2AAEE0F1682}.Unicode Release MinDependency|Any CPU.ActiveCfg = Release|x64
		{4163E8AD-D8ED-4F8F-BD4F-B2AAEE0F1682}.Unicode Release MinDependency|Mixed Platforms.ActiveCfg = Release|x64
		{4163E8AD-D8ED-4F8F-BD4F-B2AAEE0F1682}.Unicode Release MinDependency|Mixed Platforms.Build.0 = Release|x64
		{4163E8AD-D8ED-4F8F-BD4F-B2AAEE0F1682}.Unicode Release MinDependency|Win32.ActiveCfg = Release|x64
		{4163E8AD-D8ED-4F8F-BD4F-B2AAEE0F1682}.Unicode Release MinDependency|x64.ActiveCfg = Release|x64
		{4163E8AD-D8ED-4F8F-BD4F-B2AAEE0F1682}.Unicode Release MinDependency|x64.Build.0 = Release|x64
		{4163E8AD-D8ED-4F8F-BD4F-B2AAEE0F1682}.Unicode Release MinDependency|x86.ActiveCfg = Release|x64
		{4163E8AD-D8ED-4F8F-BD4F-B2AAEE0F1682}.Unicode Release MinSize|Any CPU.ActiveCfg = Release|x64
		{4163E8AD-D8ED-4F8F-BD4F-B2AAEE0F1682}.Unicode Release MinSize|Mixed Platforms.ActiveCfg = Release|x64
		{4163E8AD-D8ED-4F8F-BD4F-B2AAEE0F1682}.Unicode Release MinSize|Mixed Platforms.Build.0 = Release|x64
		{4163E8AD-D8ED-4F8F-BD4F-B2AAEE0F1682}.Unicode Release MinSize|Win32.ActiveCfg = Release|x64
		{4163E8AD-D8ED-4F8F-BD4F-B2AAEE0F1682}.Unicode Release MinSize|x64.ActiveCfg = Release|x64
		{4163E8AD-D8ED-4F8F-BD4F-B2AAEE0F1682}.Unicode Release MinSize|x64.Build.0 = Release|x64
		{4163E8AD-D8ED-4F8F-BD4F-B2AAEE0F1682}.Unicode Release MinSize|x86.ActiveCfg = Release|x64
		{CF9E3026-2CE5-4A08-ACA4-34765D02C6EF}.Debug|Any CPU.ActiveCfg = Debug|Any CPU
		{CF9E3026-2CE5-4A08-ACA4-34765D02C6EF}.Debug|Any CPU.Build.0 = Debug|Any CPU
		{CF9E3026-2CE5-4A08-ACA4-34765D02C6EF}.Debug|Mixed Platforms.ActiveCfg = Debug|Any CPU
		{CF9E3026-2CE5-4A08-ACA4-34765D02C6EF}.Debug|Mixed Platforms.Build.0 = Debug|Any CPU
		{CF9E3026-2CE5-4A08-ACA4-34765D02C6EF}.Debug|Win32.ActiveCfg = Debug|x64
		{CF9E3026-2CE5-4A08-ACA4-34765D02C6EF}.Debug|x64.ActiveCfg = Debug|x64
		{CF9E3026-2CE5-4A08-ACA4-34765D02C6EF}.Debug|x64.Build.0 = Debug|x64
		{CF9E3026-2CE5-4A08-ACA4-34765D02C6EF}.Debug|x86.ActiveCfg = Debug|x86
		{CF9E3026-2CE5-4A08-ACA4-34765D02C6EF}.Debug|x86.Build.0 = Debug|x86
		{CF9E3026-2CE5-4A08-ACA4-34765D02C6EF}.Release MinDependency|Any CPU.ActiveCfg = Release|x64
		{CF9E3026-2CE5-4A08-ACA4-34765D02C6EF}.Release MinDependency|Mixed Platforms.ActiveCfg = Release|x64
		{CF9E3026-2CE5-4A08-ACA4-34765D02C6EF}.Release MinDependency|Mixed Platforms.Build.0 = Release|x64
		{CF9E3026-2CE5-4A08-ACA4-34765D02C6EF}.Release MinDependency|Win32.ActiveCfg = Release|x64
		{CF9E3026-2CE5-4A08-ACA4-34765D02C6EF}.Release MinDependency|x64.ActiveCfg = Release|x64
		{CF9E3026-2CE5-4A08-ACA4-34765D02C6EF}.Release MinDependency|x64.Build.0 = Release|x64
		{CF9E3026-2CE5-4A08-ACA4-34765D02C6EF}.Release MinDependency|x86.ActiveCfg = Release|x64
		{CF9E3026-2CE5-4A08-ACA4-34765D02C6EF}.Release MinSize|Any CPU.ActiveCfg = Release|x64
		{CF9E3026-2CE5-4A08-ACA4-34765D02C6EF}.Release MinSize|Mixed Platforms.ActiveCfg = Release|x64
		{CF9E3026-2CE5-4A08-ACA4-34765D02C6EF}.Release MinSize|Mixed Platforms.Build.0 = Release|x64
		{CF9E3026-2CE5-4A08-ACA4-34765D02C6EF}.Release MinSize|Win32.ActiveCfg = Release|x64
		{CF9E3026-2CE5-4A08-ACA4-34765D02C6EF}.Release MinSize|x64.ActiveCfg = Release|x64
		{CF9E3026-2CE5-4A08-ACA4-34765D02C6EF}.Release MinSize|x64.Build.0 = Release|x64
		{CF9E3026-2CE5-4A08-ACA4-34765D02C6EF}.Release MinSize|x86.ActiveCfg = Release|x64
		{CF9E3026-2CE5-4A08-ACA4-34765D02C6EF}.Release|Any CPU.ActiveCfg = Release|Any CPU
		{CF9E3026-2CE5-4A08-ACA4-34765D02C6EF}.Release|Any CPU.Build.0 = Release|Any CPU
		{CF9E3026-2CE5-4A08-ACA4-34765D02C6EF}.Release|Mixed Platforms.ActiveCfg = Release|x64
		{CF9E3026-2CE5-4A08-ACA4-34765D02C6EF}.Release|Mixed Platforms.Build.0 = Release|x64
		{CF9E3026-2CE5-4A08-ACA4-34765D02C6EF}.Release|Win32.ActiveCfg = Release|x64
		{CF9E3026-2CE5-4A08-ACA4-34765D02C6EF}.Release|x64.ActiveCfg = Release|x64
		{CF9E3026-2CE5-4A08-ACA4-34765D02C6EF}.Release|x64.Build.0 = Release|x64
		{CF9E3026-2CE5-4A08-ACA4-34765D02C6EF}.Release|x86.ActiveCfg = Release|x86
		{CF9E3026-2CE5-4A08-ACA4-34765D02C6EF}.Release|x86.Build.0 = Release|x86
		{CF9E3026-2CE5-4A08-ACA4-34765D02C6EF}.Unicode Debug|Any CPU.ActiveCfg = Debug|Any CPU
		{CF9E3026-2CE5-4A08-ACA4-34765D02C6EF}.Unicode Debug|Any CPU.Build.0 = Debug|Any CPU
		{CF9E3026-2CE5-4A08-ACA4-34765D02C6EF}.Unicode Debug|Mixed Platforms.ActiveCfg = Debug|x64
		{CF9E3026-2CE5-4A08-ACA4-34765D02C6EF}.Unicode Debug|Mixed Platforms.Build.0 = Debug|x64
		{CF9E3026-2CE5-4A08-ACA4-34765D02C6EF}.Unicode Debug|Win32.ActiveCfg = Debug|x64
		{CF9E3026-2CE5-4A08-ACA4-34765D02C6EF}.Unicode Debug|x64.ActiveCfg = Debug|x64
		{CF9E3026-2CE5-4A08-ACA4-34765D02C6EF}.Unicode Debug|x64.Build.0 = Debug|x64
		{CF9E3026-2CE5-4A08-ACA4-34765D02C6EF}.Unicode Debug|x86.ActiveCfg = Debug|x86
		{CF9E3026-2CE5-4A08-ACA4-34765D02C6EF}.Unicode Debug|x86.Build.0 = Debug|x86
		{CF9E3026-2CE5-4A08-ACA4-34765D02C6EF}.Unicode Release MinDependency|Any CPU.ActiveCfg = Release|x64
		{CF9E3026-2CE5-4A08-ACA4-34765D02C6EF}.Unicode Release MinDependency|Mixed Platforms.ActiveCfg = Release|x64
		{CF9E3026-2CE5-4A08-ACA4-34765D02C6EF}.Unicode Release MinDependency|Mixed Platforms.Build.0 = Release|x64
		{CF9E3026-2CE5-4A08-ACA4-34765D02C6EF}.Unicode Release MinDependency|Win32.ActiveCfg = Release|x64
		{CF9E3026-2CE5-4A08-ACA4-34765D02C6EF}.Unicode Release MinDependency|x64.ActiveCfg = Release|x64
		{CF9E3026-2CE5-4A08-ACA4-34765D02C6EF}.Unicode Release MinDependency|x64.Build.0 = Release|x64
		{CF9E3026-2CE5-4A08-ACA4-34765D02C6EF}.Unicode Release MinDependency|x86.ActiveCfg = Release|x64
		{CF9E3026-2CE5-4A08-ACA4-34765D02C6EF}.Unicode Release MinSize|Any CPU.ActiveCfg = Release|x64
		{CF9E3026-2CE5-4A08-ACA4-34765D02C6EF}.Unicode Release MinSize|Mixed Platforms.ActiveCfg = Release|x64
		{CF9E3026-2CE5-4A08-ACA4-34765D02C6EF}.Unicode Release MinSize|Mixed Platforms.Build.0 = Release|x64
		{CF9E3026-2CE5-4A08-ACA4-34765D02C6EF}.Unicode Release MinSize|Win32.ActiveCfg = Release|x64
		{CF9E3026-2CE5-4A08-ACA4-34765D02C6EF}.Unicode Release MinSize|x64.ActiveCfg = Release|x64
		{CF9E3026-2CE5-4A08-ACA4-34765D02C6EF}.Unicode Release MinSize|x64.Build.0 = Release|x64
		{CF9E3026-2CE5-4A08-ACA4-34765D02C6EF}.Unicode Release MinSize|x86.ActiveCfg = Release|x64
		{3228BE2B-CFED-40CB-B530-D61EF325682C}.Debug|Any CPU.ActiveCfg = Debug|Any CPU
		{3228BE2B-CFED-40CB-B530-D61EF325682C}.Debug|Any CPU.Build.0 = Debug|Any CPU
		{3228BE2B-CFED-40CB-B530-D61EF325682C}.Debug|Mixed Platforms.ActiveCfg = Debug|Any CPU
		{3228BE2B-CFED-40CB-B530-D61EF325682C}.Debug|Mixed Platforms.Build.0 = Debug|Any CPU
		{3228BE2B-CFED-40CB-B530-D61EF325682C}.Debug|Win32.ActiveCfg = Debug|x64
		{3228BE2B-CFED-40CB-B530-D61EF325682C}.Debug|x64.ActiveCfg = Debug|x64
		{3228BE2B-CFED-40CB-B530-D61EF325682C}.Debug|x64.Build.0 = Debug|x64
		{3228BE2B-CFED-40CB-B530-D61EF325682C}.Debug|x86.ActiveCfg = Debug|x86
		{3228BE2B-CFED-40CB-B530-D61EF325682C}.Debug|x86.Build.0 = Debug|x86
		{3228BE2B-CFED-40CB-B530-D61EF325682C}.Release MinDependency|Any CPU.ActiveCfg = Release|x64
		{3228BE2B-CFED-40CB-B530-D61EF325682C}.Release MinDependency|Mixed Platforms.ActiveCfg = Release|x64
		{3228BE2B-CFED-40CB-B530-D61EF325682C}.Release MinDependency|Mixed Platforms.Build.0 = Release|x64
		{3228BE2B-CFED-40CB-B530-D61EF325682C}.Release MinDependency|Win32.ActiveCfg = Release|x64
		{3228BE2B-CFED-40CB-B530-D61EF325682C}.Release MinDependency|x64.ActiveCfg = Release|x64
		{3228BE2B-CFED-40CB-B530-D61EF325682C}.Release MinDependency|x64.Build.0 = Release|x64
		{3228BE2B-CFED-40CB-B530-D61EF325682C}.Release MinDependency|x86.ActiveCfg = Release|x64
		{3228BE2B-CFED-40CB-B530-D61EF325682C}.Release MinSize|Any CPU.ActiveCfg = Release|x64
		{3228BE2B-CFED-40CB-B530-D61EF325682C}.Release MinSize|Mixed Platforms.ActiveCfg = Release|x64
		{3228BE2B-CFED-40CB-B530-D61EF325682C}.Release MinSize|Mixed Platforms.Build.0 = Release|x64
		{3228BE2B-CFED-40CB-B530-D61EF325682C}.Release MinSize|Win32.ActiveCfg = Release|x64
		{3228BE2B-CFED-40CB-B530-D61EF325682C}.Release MinSize|x64.ActiveCfg = Release|x64
		{3228BE2B-CFED-40CB-B530-D61EF325682C}.Release MinSize|x64.Build.0 = Release|x64
		{3228BE2B-CFED-40CB-B530-D61EF325682C}.Release MinSize|x86.ActiveCfg = Release|x64
		{3228BE2B-CFED-40CB-B530-D61EF325682C}.Release|Any CPU.ActiveCfg = Release|Any CPU
		{3228BE2B-CFED-40CB-B530-D61EF325682C}.Release|Any CPU.Build.0 = Release|Any CPU
		{3228BE2B-CFED-40CB-B530-D61EF325682C}.Release|Mixed Platforms.ActiveCfg = Release|x64
		{3228BE2B-CFED-40CB-B530-D61EF325682C}.Release|Mixed Platforms.Build.0 = Release|x64
		{3228BE2B-CFED-40CB-B530-D61EF325682C}.Release|Win32.ActiveCfg = Release|x64
		{3228BE2B-CFED-40CB-B530-D61EF325682C}.Release|x64.ActiveCfg = Release|x64
		{3228BE2B-CFED-40CB-B530-D61EF325682C}.Release|x64.Build.0 = Release|x64
		{3228BE2B-CFED-40CB-B530-D61EF325682C}.Release|x86.ActiveCfg = Release|x86
		{3228BE2B-CFED-40CB-B530-D61EF325682C}.Release|x86.Build.0 = Release|x86
		{3228BE2B-CFED-40CB-B530-D61EF325682C}.Unicode Debug|Any CPU.ActiveCfg = Debug|Any CPU
		{3228BE2B-CFED-40CB-B530-D61EF325682C}.Unicode Debug|Any CPU.Build.0 = Debug|Any CPU
		{3228BE2B-CFED-40CB-B530-D61EF325682C}.Unicode Debug|Mixed Platforms.ActiveCfg = Debug|x64
		{3228BE2B-CFED-40CB-B530-D61EF325682C}.Unicode Debug|Mixed Platforms.Build.0 = Debug|x64
		{3228BE2B-CFED-40CB-B530-D61EF325682C}.Unicode Debug|Win32.ActiveCfg = Debug|x64
		{3228BE2B-CFED-40CB-B530-D61EF325682C}.Unicode Debug|x64.ActiveCfg = Debug|x64
		{3228BE2B-CFED-40CB-B530-D61EF325682C}.Unicode Debug|x64.Build.0 = Debug|x64
		{3228BE2B-CFED-40CB-B530-D61EF325682C}.Unicode Debug|x86.ActiveCfg = Debug|x86
		{3228BE2B-CFED-40CB-B530-D61EF325682C}.Unicode Debug|x86.Build.0 = Debug|x86
		{3228BE2B-CFED-40CB-B530-D61EF325682C}.Unicode Release MinDependency|Any CPU.ActiveCfg = Release|x64
		{3228BE2B-CFED-40CB-B530-D61EF325682C}.Unicode Release MinDependency|Mixed Platforms.ActiveCfg = Release|x64
		{3228BE2B-CFED-40CB-B530-D61EF325682C}.Unicode Release MinDependency|Mixed Platforms.Build.0 = Release|x64
		{3228BE2B-CFED-40CB-B530-D61EF325682C}.Unicode Release MinDependency|Win32.ActiveCfg = Release|x64
		{3228BE2B-CFED-40CB-B530-D61EF325682C}.Unicode Release MinDependency|x64.ActiveCfg = Release|x64
		{3228BE2B-CFED-40CB-B530-D61EF325682C}.Unicode Release MinDependency|x64.Build.0 = Release|x64
		{3228BE2B-CFED-40CB-B530-D61EF325682C}.Unicode Release MinDependency|x86.ActiveCfg = Release|x64
		{3228BE2B-CFED-40CB-B530-D61EF325682C}.Unicode Release MinSize|Any CPU.ActiveCfg = Release|x64
		{3228BE2B-CFED-40CB-B530-D61EF325682C}.Unicode Release MinSize|Mixed Platforms.ActiveCfg = Release|x64
		{3228BE2B-CFED-40CB-B530-D61EF325682C}.Unicode Release MinSize|Mixed Platforms.Build.0 = Release|x64
		{3228BE2B-CFED-40CB-B530-D61EF325682C}.Unicode Release MinSize|Win32.ActiveCfg = Release|x64
		{3228BE2B-CFED-40CB-B530-D61EF325682C}.Unicode Release MinSize|x64.ActiveCfg = Release|x64
		{3228BE2B-CFED-40CB-B530-D61EF325682C}.Unicode Release MinSize|x64.Build.0 = Release|x64
		{3228BE2B-CFED-40CB-B530-D61EF325682C}.Unicode Release MinSize|x86.ActiveCfg = Release|x64
		{2C6C626A-5D6A-4FDC-BF04-BA5873361AFD}.Debug|Any CPU.ActiveCfg = Debug|Any CPU
		{2C6C626A-5D6A-4FDC-BF04-BA5873361AFD}.Debug|Any CPU.Build.0 = Debug|Any CPU
		{2C6C626A-5D6A-4FDC-BF04-BA5873361AFD}.Debug|Mixed Platforms.ActiveCfg = Debug|Any CPU
		{2C6C626A-5D6A-4FDC-BF04-BA5873361AFD}.Debug|Mixed Platforms.Build.0 = Debug|Any CPU
		{2C6C626A-5D6A-4FDC-BF04-BA5873361AFD}.Debug|Win32.ActiveCfg = Debug|x64
		{2C6C626A-5D6A-4FDC-BF04-BA5873361AFD}.Debug|x64.ActiveCfg = Debug|x64
		{2C6C626A-5D6A-4FDC-BF04-BA5873361AFD}.Debug|x64.Build.0 = Debug|x64
		{2C6C626A-5D6A-4FDC-BF04-BA5873361AFD}.Debug|x86.ActiveCfg = Debug|x86
		{2C6C626A-5D6A-4FDC-BF04-BA5873361AFD}.Debug|x86.Build.0 = Debug|x86
		{2C6C626A-5D6A-4FDC-BF04-BA5873361AFD}.Release MinDependency|Any CPU.ActiveCfg = Release|x64
		{2C6C626A-5D6A-4FDC-BF04-BA5873361AFD}.Release MinDependency|Mixed Platforms.ActiveCfg = Release|x64
		{2C6C626A-5D6A-4FDC-BF04-BA5873361AFD}.Release MinDependency|Mixed Platforms.Build.0 = Release|x64
		{2C6C626A-5D6A-4FDC-BF04-BA5873361AFD}.Release MinDependency|Win32.ActiveCfg = Release|x64
		{2C6C626A-5D6A-4FDC-BF04-BA5873361AFD}.Release MinDependency|x64.ActiveCfg = Release|x64
		{2C6C626A-5D6A-4FDC-BF04-BA5873361AFD}.Release MinDependency|x64.Build.0 = Release|x64
		{2C6C626A-5D6A-4FDC-BF04-BA5873361AFD}.Release MinDependency|x86.ActiveCfg = Release|x64
		{2C6C626A-5D6A-4FDC-BF04-BA5873361AFD}.Release MinSize|Any CPU.ActiveCfg = Release|x64
		{2C6C626A-5D6A-4FDC-BF04-BA5873361AFD}.Release MinSize|Mixed Platforms.ActiveCfg = Release|x64
		{2C6C626A-5D6A-4FDC-BF04-BA5873361AFD}.Release MinSize|Mixed Platforms.Build.0 = Release|x64
		{2C6C626A-5D6A-4FDC-BF04-BA5873361AFD}.Release MinSize|Win32.ActiveCfg = Release|x64
		{2C6C626A-5D6A-4FDC-BF04-BA5873361AFD}.Release MinSize|x64.ActiveCfg = Release|x64
		{2C6C626A-5D6A-4FDC-BF04-BA5873361AFD}.Release MinSize|x64.Build.0 = Release|x64
		{2C6C626A-5D6A-4FDC-BF04-BA5873361AFD}.Release MinSize|x86.ActiveCfg = Release|x64
		{2C6C626A-5D6A-4FDC-BF04-BA5873361AFD}.Release|Any CPU.ActiveCfg = Release|Any CPU
		{2C6C626A-5D6A-4FDC-BF04-BA5873361AFD}.Release|Any CPU.Build.0 = Release|Any CPU
		{2C6C626A-5D6A-4FDC-BF04-BA5873361AFD}.Release|Mixed Platforms.ActiveCfg = Release|x64
		{2C6C626A-5D6A-4FDC-BF04-BA5873361AFD}.Release|Mixed Platforms.Build.0 = Release|x64
		{2C6C626A-5D6A-4FDC-BF04-BA5873361AFD}.Release|Win32.ActiveCfg = Release|x64
		{2C6C626A-5D6A-4FDC-BF04-BA5873361AFD}.Release|x64.ActiveCfg = Release|x64
		{2C6C626A-5D6A-4FDC-BF04-BA5873361AFD}.Release|x64.Build.0 = Release|x64
		{2C6C626A-5D6A-4FDC-BF04-BA5873361AFD}.Release|x86.ActiveCfg = Release|x86
		{2C6C626A-5D6A-4FDC-BF04-BA5873361AFD}.Release|x86.Build.0 = Release|x86
		{2C6C626A-5D6A-4FDC-BF04-BA5873361AFD}.Unicode Debug|Any CPU.ActiveCfg = Debug|Any CPU
		{2C6C626A-5D6A-4FDC-BF04-BA5873361AFD}.Unicode Debug|Any CPU.Build.0 = Debug|Any CPU
		{2C6C626A-5D6A-4FDC-BF04-BA5873361AFD}.Unicode Debug|Mixed Platforms.ActiveCfg = Debug|x64
		{2C6C626A-5D6A-4FDC-BF04-BA5873361AFD}.Unicode Debug|Mixed Platforms.Build.0 = Debug|x64
		{2C6C626A-5D6A-4FDC-BF04-BA5873361AFD}.Unicode Debug|Win32.ActiveCfg = Debug|x64
		{2C6C626A-5D6A-4FDC-BF04-BA5873361AFD}.Unicode Debug|x64.ActiveCfg = Debug|x64
		{2C6C626A-5D6A-4FDC-BF04-BA5873361AFD}.Unicode Debug|x64.Build.0 = Debug|x64
		{2C6C626A-5D6A-4FDC-BF04-BA5873361AFD}.Unicode Debug|x86.ActiveCfg = Debug|x86
		{2C6C626A-5D6A-4FDC-BF04-BA5873361AFD}.Unicode Debug|x86.Build.0 = Debug|x86
		{2C6C626A-5D6A-4FDC-BF04-BA5873361AFD}.Unicode Release MinDependency|Any CPU.ActiveCfg = Release|x64
		{2C6C626A-5D6A-4FDC-BF04-BA5873361AFD}.Unicode Release MinDependency|Mixed Platforms.ActiveCfg = Release|x64
		{2C6C626A-5D6A-4FDC-BF04-BA5873361AFD}.Unicode Release MinDependency|Mixed Platforms.Build.0 = Release|x64
		{2C6C626A-5D6A-4FDC-BF04-BA5873361AFD}.Unicode Release MinDependency|Win32.ActiveCfg = Release|x64
		{2C6C626A-5D6A-4FDC-BF04-BA5873361AFD}.Unicode Release MinDependency|x64.ActiveCfg = Release|x64
		{2C6C626A-5D6A-4FDC-BF04-BA5873361AFD}.Unicode Release MinDependency|x64.Build.0 = Release|x64
		{2C6C626A-5D6A-4FDC-BF04-BA5873361AFD}.Unicode Release MinDependency|x86.ActiveCfg = Release|x64
		{2C6C626A-5D6A-4FDC-BF04-BA5873361AFD}.Unicode Release MinSize|Any CPU.ActiveCfg = Release|x64
		{2C6C626A-5D6A-4FDC-BF04-BA5873361AFD}.Unicode Release MinSize|Mixed Platforms.ActiveCfg = Release|x64
		{2C6C626A-5D6A-4FDC-BF04-BA5873361AFD}.Unicode Release MinSize|Mixed Platforms.Build.0 = Release|x64
		{2C6C626A-5D6A-4FDC-BF04-BA5873361AFD}.Unicode Release MinSize|Win32.ActiveCfg = Release|x64
		{2C6C626A-5D6A-4FDC-BF04-BA5873361AFD}.Unicode Release MinSize|x64.ActiveCfg = Release|x64
		{2C6C626A-5D6A-4FDC-BF04-BA5873361AFD}.Unicode Release MinSize|x64.Build.0 = Release|x64
		{2C6C626A-5D6A-4FDC-BF04-BA5873361AFD}.Unicode Release MinSize|x86.ActiveCfg = Release|x64
		{E5D72FE7-156D-40B5-9424-4C3A3B70A932}.Debug|Any CPU.ActiveCfg = Debug|Any CPU
		{E5D72FE7-156D-40B5-9424-4C3A3B70A932}.Debug|Any CPU.Build.0 = Debug|Any CPU
		{E5D72FE7-156D-40B5-9424-4C3A3B70A932}.Debug|Mixed Platforms.ActiveCfg = Debug|Any CPU
		{E5D72FE7-156D-40B5-9424-4C3A3B70A932}.Debug|Mixed Platforms.Build.0 = Debug|Any CPU
		{E5D72FE7-156D-40B5-9424-4C3A3B70A932}.Debug|Win32.ActiveCfg = Debug|Any CPU
		{E5D72FE7-156D-40B5-9424-4C3A3B70A932}.Debug|x64.ActiveCfg = Debug|x64
		{E5D72FE7-156D-40B5-9424-4C3A3B70A932}.Debug|x64.Build.0 = Debug|x64
		{E5D72FE7-156D-40B5-9424-4C3A3B70A932}.Debug|x86.ActiveCfg = Debug|x86
		{E5D72FE7-156D-40B5-9424-4C3A3B70A932}.Debug|x86.Build.0 = Debug|x86
		{E5D72FE7-156D-40B5-9424-4C3A3B70A932}.Release MinDependency|Any CPU.ActiveCfg = Release|Any CPU
		{E5D72FE7-156D-40B5-9424-4C3A3B70A932}.Release MinDependency|Any CPU.Build.0 = Release|Any CPU
		{E5D72FE7-156D-40B5-9424-4C3A3B70A932}.Release MinDependency|Mixed Platforms.ActiveCfg = Release|Any CPU
		{E5D72FE7-156D-40B5-9424-4C3A3B70A932}.Release MinDependency|Mixed Platforms.Build.0 = Release|Any CPU
		{E5D72FE7-156D-40B5-9424-4C3A3B70A932}.Release MinDependency|Win32.ActiveCfg = Release|Any CPU
		{E5D72FE7-156D-40B5-9424-4C3A3B70A932}.Release MinDependency|x64.ActiveCfg = Release|Any CPU
		{E5D72FE7-156D-40B5-9424-4C3A3B70A932}.Release MinDependency|x86.ActiveCfg = Release|Any CPU
		{E5D72FE7-156D-40B5-9424-4C3A3B70A932}.Release MinSize|Any CPU.ActiveCfg = Release|Any CPU
		{E5D72FE7-156D-40B5-9424-4C3A3B70A932}.Release MinSize|Any CPU.Build.0 = Release|Any CPU
		{E5D72FE7-156D-40B5-9424-4C3A3B70A932}.Release MinSize|Mixed Platforms.ActiveCfg = Release|Any CPU
		{E5D72FE7-156D-40B5-9424-4C3A3B70A932}.Release MinSize|Mixed Platforms.Build.0 = Release|Any CPU
		{E5D72FE7-156D-40B5-9424-4C3A3B70A932}.Release MinSize|Win32.ActiveCfg = Release|Any CPU
		{E5D72FE7-156D-40B5-9424-4C3A3B70A932}.Release MinSize|x64.ActiveCfg = Release|Any CPU
		{E5D72FE7-156D-40B5-9424-4C3A3B70A932}.Release MinSize|x86.ActiveCfg = Release|Any CPU
		{E5D72FE7-156D-40B5-9424-4C3A3B70A932}.Release|Any CPU.ActiveCfg = Release|Any CPU
		{E5D72FE7-156D-40B5-9424-4C3A3B70A932}.Release|Any CPU.Build.0 = Release|Any CPU
		{E5D72FE7-156D-40B5-9424-4C3A3B70A932}.Release|Mixed Platforms.ActiveCfg = Release|Any CPU
		{E5D72FE7-156D-40B5-9424-4C3A3B70A932}.Release|Mixed Platforms.Build.0 = Release|Any CPU
		{E5D72FE7-156D-40B5-9424-4C3A3B70A932}.Release|Win32.ActiveCfg = Release|Any CPU
		{E5D72FE7-156D-40B5-9424-4C3A3B70A932}.Release|x64.ActiveCfg = Release|Any CPU
		{E5D72FE7-156D-40B5-9424-4C3A3B70A932}.Release|x86.ActiveCfg = Release|Any CPU
		{E5D72FE7-156D-40B5-9424-4C3A3B70A932}.Unicode Debug|Any CPU.ActiveCfg = Debug|Any CPU
		{E5D72FE7-156D-40B5-9424-4C3A3B70A932}.Unicode Debug|Any CPU.Build.0 = Debug|Any CPU
		{E5D72FE7-156D-40B5-9424-4C3A3B70A932}.Unicode Debug|Mixed Platforms.ActiveCfg = Debug|Any CPU
		{E5D72FE7-156D-40B5-9424-4C3A3B70A932}.Unicode Debug|Mixed Platforms.Build.0 = Debug|Any CPU
		{E5D72FE7-156D-40B5-9424-4C3A3B70A932}.Unicode Debug|Win32.ActiveCfg = Debug|Any CPU
		{E5D72FE7-156D-40B5-9424-4C3A3B70A932}.Unicode Debug|x64.ActiveCfg = Debug|Any CPU
		{E5D72FE7-156D-40B5-9424-4C3A3B70A932}.Unicode Debug|x86.ActiveCfg = Debug|Any CPU
		{E5D72FE7-156D-40B5-9424-4C3A3B70A932}.Unicode Release MinDependency|Any CPU.ActiveCfg = Release|Any CPU
		{E5D72FE7-156D-40B5-9424-4C3A3B70A932}.Unicode Release MinDependency|Any CPU.Build.0 = Release|Any CPU
		{E5D72FE7-156D-40B5-9424-4C3A3B70A932}.Unicode Release MinDependency|Mixed Platforms.ActiveCfg = Release|Any CPU
		{E5D72FE7-156D-40B5-9424-4C3A3B70A932}.Unicode Release MinDependency|Mixed Platforms.Build.0 = Release|Any CPU
		{E5D72FE7-156D-40B5-9424-4C3A3B70A932}.Unicode Release MinDependency|Win32.ActiveCfg = Release|Any CPU
		{E5D72FE7-156D-40B5-9424-4C3A3B70A932}.Unicode Release MinDependency|x64.ActiveCfg = Release|Any CPU
		{E5D72FE7-156D-40B5-9424-4C3A3B70A932}.Unicode Release MinDependency|x86.ActiveCfg = Release|Any CPU
		{E5D72FE7-156D-40B5-9424-4C3A3B70A932}.Unicode Release MinSize|Any CPU.ActiveCfg = Release|Any CPU
		{E5D72FE7-156D-40B5-9424-4C3A3B70A932}.Unicode Release MinSize|Any CPU.Build.0 = Release|Any CPU
		{E5D72FE7-156D-40B5-9424-4C3A3B70A932}.Unicode Release MinSize|Mixed Platforms.ActiveCfg = Release|Any CPU
		{E5D72FE7-156D-40B5-9424-4C3A3B70A932}.Unicode Release MinSize|Mixed Platforms.Build.0 = Release|Any CPU
		{E5D72FE7-156D-40B5-9424-4C3A3B70A932}.Unicode Release MinSize|Win32.ActiveCfg = Release|Any CPU
		{E5D72FE7-156D-40B5-9424-4C3A3B70A932}.Unicode Release MinSize|x64.ActiveCfg = Release|Any CPU
		{E5D72FE7-156D-40B5-9424-4C3A3B70A932}.Unicode Release MinSize|x86.ActiveCfg = Release|Any CPU
	EndGlobalSection
	GlobalSection(SolutionProperties) = preSolution
		HideSolutionNode = FALSE
	EndGlobalSection
EndGlobal
