
Microsoft Visual Studio Solution File, Format Version 10.00
# Visual Studio 2008
Project("{8BC9CEB8-8B4A-11D0-8D11-00A0C91BC942}") = "H264AnnexBtoNALU", "H264AnnexBtoNALU.vcproj", "{19DD26A2-FE78-4667-BF5B-56CCA83AC80B}"
EndProject
Global
	GlobalSection(SolutionConfigurationPlatforms) = preSolution
		Debug|Win32 = Debug|Win32
		Release|Win32 = Release|Win32
	EndGlobalSection
	GlobalSection(ProjectConfigurationPlatforms) = postSolution
		{19DD26A2-FE78-4667-BF5B-56CCA83AC80B}.Debug|Win32.ActiveCfg = Debug|Win32
		{19DD26A2-FE78-4667-BF5B-56CCA83AC80B}.Debug|Win32.Build.0 = Debug|Win32
		{19DD26A2-FE78-4667-BF5B-56CCA83AC80B}.Release|Win32.ActiveCfg = Release|Win32
		{19DD26A2-FE78-4667-BF5B-56CCA83AC80B}.Release|Win32.Build.0 = Release|Win32
	EndGlobalSection
	GlobalSection(SolutionProperties) = preSolution
		HideSolutionNode = FALSE
	EndGlobalSection
EndGlobal
