<?xml version="1.0" encoding="utf-8"?>
<Project ToolsVersion="4.0" xmlns="http://schemas.microsoft.com/developer/msbuild/2003">
  <ItemGroup>
    <Filter Include="Source Files">
      <UniqueIdentifier>{c3e76ee8-f199-414e-88ef-758f5135d9da}</UniqueIdentifier>
      <Extensions>cpp;c;cxx;rc;def;r;odl;idl;hpj;bat</Extensions>
    </Filter>
    <Filter Include="Header Files">
      <UniqueIdentifier>{bffa33e1-0504-4b0c-8345-dae9389b91c3}</UniqueIdentifier>
      <Extensions>h;hpp;hxx;hm;inl</Extensions>
    </Filter>
    <Filter Include="Resource Files">
      <UniqueIdentifier>{773b8725-ea48-41ce-b456-8f9d1dbc64bf}</UniqueIdentifier>
      <Extensions>ico;cur;bmp;dlg;rc2;rct;bin;rgs;gif;jpg;jpeg;jpe</Extensions>
    </Filter>
  </ItemGroup>
  <ItemGroup>
    <ClCompile Include="CustomMCastConnection.cpp">
      <Filter>Source Files</Filter>
    </ClCompile>
    <ClCompile Include="CustomMCastConnectionPoint.cpp">
      <Filter>Source Files</Filter>
    </ClCompile>
    <ClCompile Include="CustomMCastProtocol.cpp">
      <Filter>Source Files</Filter>
    </ClCompile>
    <ClCompile Include="dlldatax.c">
      <Filter>Source Files</Filter>
    </ClCompile>
    <ClCompile Include="MCastProtocol.cpp">
      <Filter>Source Files</Filter>
    </ClCompile>
    <ClCompile Include="StdAfx.cpp">
      <Filter>Source Files</Filter>
    </ClCompile>
  </ItemGroup>
  <ItemGroup>
    <None Include="MCastProtocol.def">
      <Filter>Source Files</Filter>
    </None>
    <None Include="CustomMCastConnection.rgs">
      <Filter>Resource Files</Filter>
    </None>
    <None Include="CustomMCastConnectionPoint.rgs">
      <Filter>Resource Files</Filter>
    </None>
    <None Include="CustomMCastProtocol.rgs">
      <Filter>Resource Files</Filter>
    </None>
    <None Include="netcon2.tlb" />
  </ItemGroup>
  <ItemGroup>
    <Midl Include="MCastProtocol.idl">
      <Filter>Source Files</Filter>
    </Midl>
  </ItemGroup>
  <ItemGroup>
    <ResourceCompile Include="MCastProtocol.rc">
      <Filter>Source Files</Filter>
    </ResourceCompile>
  </ItemGroup>
  <ItemGroup>
    <ClInclude Include="CustomMCastConnection.h">
      <Filter>Header Files</Filter>
    </ClInclude>
    <ClInclude Include="CustomMCastConnectionPoint.h">
      <Filter>Header Files</Filter>
    </ClInclude>
    <ClInclude Include="CustomMCastProtocol.h">
      <Filter>Header Files</Filter>
    </ClInclude>
    <ClInclude Include="netcon2.h">
      <Filter>Header Files</Filter>
    </ClInclude>
    <ClInclude Include="Resource.h">
      <Filter>Header Files</Filter>
    </ClInclude>
    <ClInclude Include="StdAfx.h">
      <Filter>Header Files</Filter>
    </ClInclude>
  </ItemGroup>
  <ItemGroup>
    <CustomBuildStep Include="dlldatax.h">
      <Filter>Header Files</Filter>
    </CustomBuildStep>
  </ItemGroup>
</Project>