Microsoft Visual Studio Solution File, Format Version 11.00
# Visual Studio 2010
Project("{2150E333-8FDC-42A3-9474-1A3956D46DE8}") = "Solution Items", "Solution Items", "{C76C1CD8-9935-4791-99FB-36ED1E8995DF}"
	ProjectSection(SolutionItems) = preProject
		CHANGELOG.txt = CHANGELOG.txt
	EndProjectSection
EndProject
Project("{8BC9CEB8-8B4A-11D0-8D11-00A0C91BC942}") = "DGramProtocol", "..\..\LTProtocols\DGramProtocol\DGramProtocol.vcxproj", "{44BC7480-AA28-43CA-905F-3FB06727B798}"
EndProject
Project("{8BC9CEB8-8B4A-11D0-8D11-00A0C91BC942}") = "DVRWriter", "..\..\DirectShowFilters\DVRWriter\DVRWriter.vcxproj", "{CC0CB5F4-322E-43C2-AA02-FE86D7206F12}"
EndProject
Project("{FAE04EC0-301F-11D3-BF4B-00C04F79EFBC}") = "COMRegCheck", "..\..\Tools\COMRegCheck\COMRegCheck.csproj", "{D88C503B-1319-4DA9-A512-A35418D7303D}"
EndProject
Project("{8BC9CEB8-8B4A-11D0-8D11-00A0C91BC942}") = "FCVolumeFilter", "..\..\DirectShowFilters\FCVolumeFilter\FCVolumeFilter.vcxproj", "{B87C308B-0368-41E2-8441-329D21CD0270}"
EndProject
Project("{8BC9CEB8-8B4A-11D0-8D11-00A0C91BC942}") = "TimeStampAdjust", "..\..\DirectShowFilters\TimeStampAdjust\timestamp.vcxproj", "{2C4C3B70-482E-4821-A497-E3E3092D09CE}"
EndProject
Project("{FAE04EC0-301F-11D3-BF4B-00C04F79EFBC}") = "FutureConcepts.Media.Tools.License", "..\..\Tools\License\FutureConcepts.Media.Tools.License.csproj", "{9DBB2509-886C-43AC-B833-266E9D308E4F}"
EndProject
Project("{930C7802-8A8C-48F9-8165-68863BCCD9DD}") = "DependencySetup", "DependencySetup.wixproj", "{1DB1C391-B192-4EFE-BCA7-44B746AF77D2}"
EndProject
Project("{FAE04EC0-301F-11D3-BF4B-00C04F79EFBC}") = "FutureConcepts.Media.Tools.COMRegHelper", "..\..\Tools\COMRegHelper\FutureConcepts.Media.Tools.COMRegHelper.csproj", "{3C7D3D50-2497-4982-BF6A-072256E7388F}"
EndProject
Project("{930C7802-8A8C-48F9-8165-68863BCCD9DD}") = "WiXCustomAction", "..\..\..\Tools\WiXCustomAction\WiXCustomAction.wixproj", "{EBF6A92C-0DD7-49D0-BCBB-92A30F06DB09}"
EndProject
Project("{FAE04EC0-301F-11D3-BF4B-00C04F79EFBC}") = "DirectShowLib", "..\..\DirectShowLib\DirectShowLib.csproj", "{CE009BFA-5EF6-4153-B2A1-2FA79698A9AE}"
EndProject
Global
	GlobalSection(SolutionConfigurationPlatforms) = preSolution
		Debug|Any CPU = Debug|Any CPU
		Debug|x64 = Debug|x64
		Debug|x86 = Debug|x86
		Release|Any CPU = Release|Any CPU
		Release|x64 = Release|x64
		Release|x86 = Release|x86
	EndGlobalSection
	GlobalSection(ProjectConfigurationPlatforms) = postSolution
		{44BC7480-AA28-43CA-905F-3FB06727B798}.Debug|Any CPU.ActiveCfg = Debug|x64
		{44BC7480-AA28-43CA-905F-3FB06727B798}.Debug|x64.ActiveCfg = Debug|x64
		{44BC7480-AA28-43CA-905F-3FB06727B798}.Debug|x64.Build.0 = Debug|x64
		{44BC7480-AA28-43CA-905F-3FB06727B798}.Debug|x86.ActiveCfg = Debug|Win32
		{44BC7480-AA28-43CA-905F-3FB06727B798}.Debug|x86.Build.0 = Debug|Win32
		{44BC7480-AA28-43CA-905F-3FB06727B798}.Release|Any CPU.ActiveCfg = Release|x64
		{44BC7480-AA28-43CA-905F-3FB06727B798}.Release|x64.ActiveCfg = Release|x64
		{44BC7480-AA28-43CA-905F-3FB06727B798}.Release|x64.Build.0 = Release|x64
		{44BC7480-AA28-43CA-905F-3FB06727B798}.Release|x86.ActiveCfg = Release|Win32
		{44BC7480-AA28-43CA-905F-3FB06727B798}.Release|x86.Build.0 = Release|Win32
		{CC0CB5F4-322E-43C2-AA02-FE86D7206F12}.Debug|Any CPU.ActiveCfg = Debug|x64
		{CC0CB5F4-322E-43C2-AA02-FE86D7206F12}.Debug|x64.ActiveCfg = Debug|x64
		{CC0CB5F4-322E-43C2-AA02-FE86D7206F12}.Debug|x64.Build.0 = Debug|x64
		{CC0CB5F4-322E-43C2-AA02-FE86D7206F12}.Debug|x86.ActiveCfg = Debug|Win32
		{CC0CB5F4-322E-43C2-AA02-FE86D7206F12}.Debug|x86.Build.0 = Debug|Win32
		{CC0CB5F4-322E-43C2-AA02-FE86D7206F12}.Release|Any CPU.ActiveCfg = Release|x64
		{CC0CB5F4-322E-43C2-AA02-FE86D7206F12}.Release|x64.ActiveCfg = Release|x64
		{CC0CB5F4-322E-43C2-AA02-FE86D7206F12}.Release|x64.Build.0 = Release|x64
		{CC0CB5F4-322E-43C2-AA02-FE86D7206F12}.Release|x86.ActiveCfg = Release|Win32
		{CC0CB5F4-322E-43C2-AA02-FE86D7206F12}.Release|x86.Build.0 = Release|Win32
		{D88C503B-1319-4DA9-A512-A35418D7303D}.Debug|Any CPU.ActiveCfg = Debug|Any CPU
		{D88C503B-1319-4DA9-A512-A35418D7303D}.Debug|Any CPU.Build.0 = Debug|Any CPU
		{D88C503B-1319-4DA9-A512-A35418D7303D}.Debug|x64.ActiveCfg = Debug|x64
		{D88C503B-1319-4DA9-A512-A35418D7303D}.Debug|x64.Build.0 = Debug|x64
		{D88C503B-1319-4DA9-A512-A35418D7303D}.Debug|x86.ActiveCfg = Debug|x86
		{D88C503B-1319-4DA9-A512-A35418D7303D}.Debug|x86.Build.0 = Debug|x86
		{D88C503B-1319-4DA9-A512-A35418D7303D}.Release|Any CPU.ActiveCfg = Release|Any CPU
		{D88C503B-1319-4DA9-A512-A35418D7303D}.Release|Any CPU.Build.0 = Release|Any CPU
		{D88C503B-1319-4DA9-A512-A35418D7303D}.Release|x64.ActiveCfg = Release|Any CPU
		{D88C503B-1319-4DA9-A512-A35418D7303D}.Release|x64.Build.0 = Release|Any CPU
		{D88C503B-1319-4DA9-A512-A35418D7303D}.Release|x86.ActiveCfg = Release|Any CPU
		{D88C503B-1319-4DA9-A512-A35418D7303D}.Release|x86.Build.0 = Release|Any CPU
		{B87C308B-0368-41E2-8441-329D21CD0270}.Debug|Any CPU.ActiveCfg = Debug|x64
		{B87C308B-0368-41E2-8441-329D21CD0270}.Debug|x64.ActiveCfg = Debug|x64
		{B87C308B-0368-41E2-8441-329D21CD0270}.Debug|x64.Build.0 = Debug|x64
		{B87C308B-0368-41E2-8441-329D21CD0270}.Debug|x86.ActiveCfg = Debug|Win32
		{B87C308B-0368-41E2-8441-329D21CD0270}.Debug|x86.Build.0 = Debug|Win32
		{B87C308B-0368-41E2-8441-329D21CD0270}.Release|Any CPU.ActiveCfg = Release|x64
		{B87C308B-0368-41E2-8441-329D21CD0270}.Release|x64.ActiveCfg = Release|x64
		{B87C308B-0368-41E2-8441-329D21CD0270}.Release|x64.Build.0 = Release|x64
		{B87C308B-0368-41E2-8441-329D21CD0270}.Release|x86.ActiveCfg = Release|Win32
		{B87C308B-0368-41E2-8441-329D21CD0270}.Release|x86.Build.0 = Release|Win32
		{2C4C3B70-482E-4821-A497-E3E3092D09CE}.Debug|Any CPU.ActiveCfg = Debug|x64
		{2C4C3B70-482E-4821-A497-E3E3092D09CE}.Debug|x64.ActiveCfg = Debug|x64
		{2C4C3B70-482E-4821-A497-E3E3092D09CE}.Debug|x64.Build.0 = Debug|x64
		{2C4C3B70-482E-4821-A497-E3E3092D09CE}.Debug|x86.ActiveCfg = Debug|Win32
		{2C4C3B70-482E-4821-A497-E3E3092D09CE}.Debug|x86.Build.0 = Debug|Win32
		{2C4C3B70-482E-4821-A497-E3E3092D09CE}.Release|Any CPU.ActiveCfg = Release|x64
		{2C4C3B70-482E-4821-A497-E3E3092D09CE}.Release|x64.ActiveCfg = Release|x64
		{2C4C3B70-482E-4821-A497-E3E3092D09CE}.Release|x64.Build.0 = Release|x64
		{2C4C3B70-482E-4821-A497-E3E3092D09CE}.Release|x86.ActiveCfg = Release|Win32
		{2C4C3B70-482E-4821-A497-E3E3092D09CE}.Release|x86.Build.0 = Release|Win32
		{9DBB2509-886C-43AC-B833-266E9D308E4F}.Debug|Any CPU.ActiveCfg = Debug|Any CPU
		{9DBB2509-886C-43AC-B833-266E9D308E4F}.Debug|Any CPU.Build.0 = Debug|Any CPU
		{9DBB2509-886C-43AC-B833-266E9D308E4F}.Debug|x64.ActiveCfg = Debug|x64
		{9DBB2509-886C-43AC-B833-266E9D308E4F}.Debug|x64.Build.0 = Debug|x64
		{9DBB2509-886C-43AC-B833-266E9D308E4F}.Debug|x86.ActiveCfg = Debug|x86
		{9DBB2509-886C-43AC-B833-266E9D308E4F}.Debug|x86.Build.0 = Debug|x86
		{9DBB2509-886C-43AC-B833-266E9D308E4F}.Release|Any CPU.ActiveCfg = Release|Any CPU
		{9DBB2509-886C-43AC-B833-266E9D308E4F}.Release|Any CPU.Build.0 = Release|Any CPU
		{9DBB2509-886C-43AC-B833-266E9D308E4F}.Release|x64.ActiveCfg = Release|Any CPU
		{9DBB2509-886C-43AC-B833-266E9D308E4F}.Release|x64.Build.0 = Release|Any CPU
		{9DBB2509-886C-43AC-B833-266E9D308E4F}.Release|x86.ActiveCfg = Release|Any CPU
		{9DBB2509-886C-43AC-B833-266E9D308E4F}.Release|x86.Build.0 = Release|Any CPU
		{1DB1C391-B192-4EFE-BCA7-44B746AF77D2}.Debug|Any CPU.ActiveCfg = Debug|x64
		{1DB1C391-B192-4EFE-BCA7-44B746AF77D2}.Debug|x64.ActiveCfg = Debug|x64
		{1DB1C391-B192-4EFE-BCA7-44B746AF77D2}.Debug|x64.Build.0 = Debug|x64
		{1DB1C391-B192-4EFE-BCA7-44B746AF77D2}.Debug|x86.ActiveCfg = Debug|x86
		{1DB1C391-B192-4EFE-BCA7-44B746AF77D2}.Debug|x86.Build.0 = Debug|x86
		{1DB1C391-B192-4EFE-BCA7-44B746AF77D2}.Release|Any CPU.ActiveCfg = Release|x64
		{1DB1C391-B192-4EFE-BCA7-44B746AF77D2}.Release|x64.ActiveCfg = Release|x64
		{1DB1C391-B192-4EFE-BCA7-44B746AF77D2}.Release|x64.Build.0 = Release|x64
		{1DB1C391-B192-4EFE-BCA7-44B746AF77D2}.Release|x86.ActiveCfg = Release|x86
		{1DB1C391-B192-4EFE-BCA7-44B746AF77D2}.Release|x86.Build.0 = Release|x86
		{3C7D3D50-2497-4982-BF6A-072256E7388F}.Debug|Any CPU.ActiveCfg = Debug|Any CPU
		{3C7D3D50-2497-4982-BF6A-072256E7388F}.Debug|Any CPU.Build.0 = Debug|Any CPU
		{3C7D3D50-2497-4982-BF6A-072256E7388F}.Debug|x64.ActiveCfg = Debug|x64
		{3C7D3D50-2497-4982-BF6A-072256E7388F}.Debug|x64.Build.0 = Debug|x64
		{3C7D3D50-2497-4982-BF6A-072256E7388F}.Debug|x86.ActiveCfg = Debug|x86
		{3C7D3D50-2497-4982-BF6A-072256E7388F}.Debug|x86.Build.0 = Debug|x86
		{3C7D3D50-2497-4982-BF6A-072256E7388F}.Release|Any CPU.ActiveCfg = Release|Any CPU
		{3C7D3D50-2497-4982-BF6A-072256E7388F}.Release|Any CPU.Build.0 = Release|Any CPU
		{3C7D3D50-2497-4982-BF6A-072256E7388F}.Release|x64.ActiveCfg = Release|Any CPU
		{3C7D3D50-2497-4982-BF6A-072256E7388F}.Release|x64.Build.0 = Release|Any CPU
		{3C7D3D50-2497-4982-BF6A-072256E7388F}.Release|x86.ActiveCfg = Release|Any CPU
		{3C7D3D50-2497-4982-BF6A-072256E7388F}.Release|x86.Build.0 = Release|Any CPU
		{EBF6A92C-0DD7-49D0-BCBB-92A30F06DB09}.Debug|Any CPU.ActiveCfg = Debug|x64
		{EBF6A92C-0DD7-49D0-BCBB-92A30F06DB09}.Debug|x64.ActiveCfg = Debug|x64
		{EBF6A92C-0DD7-49D0-BCBB-92A30F06DB09}.Debug|x64.Build.0 = Debug|x64
		{EBF6A92C-0DD7-49D0-BCBB-92A30F06DB09}.Debug|x86.ActiveCfg = Debug|x86
		{EBF6A92C-0DD7-49D0-BCBB-92A30F06DB09}.Debug|x86.Build.0 = Debug|x86
		{EBF6A92C-0DD7-49D0-BCBB-92A30F06DB09}.Release|Any CPU.ActiveCfg = Release|x64
		{EBF6A92C-0DD7-49D0-BCBB-92A30F06DB09}.Release|x64.ActiveCfg = Release|x64
		{EBF6A92C-0DD7-49D0-BCBB-92A30F06DB09}.Release|x64.Build.0 = Release|x64
		{EBF6A92C-0DD7-49D0-BCBB-92A30F06DB09}.Release|x86.ActiveCfg = Release|x86
		{EBF6A92C-0DD7-49D0-BCBB-92A30F06DB09}.Release|x86.Build.0 = Release|x86
		{CE009BFA-5EF6-4153-B2A1-2FA79698A9AE}.Debug|Any CPU.ActiveCfg = Debug|Any CPU
		{CE009BFA-5EF6-4153-B2A1-2FA79698A9AE}.Debug|Any CPU.Build.0 = Debug|Any CPU
		{CE009BFA-5EF6-4153-B2A1-2FA79698A9AE}.Debug|x64.ActiveCfg = Debug|x64
		{CE009BFA-5EF6-4153-B2A1-2FA79698A9AE}.Debug|x64.Build.0 = Debug|x64
		{CE009BFA-5EF6-4153-B2A1-2FA79698A9AE}.Debug|x86.ActiveCfg = Debug|x86
		{CE009BFA-5EF6-4153-B2A1-2FA79698A9AE}.Debug|x86.Build.0 = Debug|x86
		{CE009BFA-5EF6-4153-B2A1-2FA79698A9AE}.Release|Any CPU.ActiveCfg = Release|Any CPU
		{CE009BFA-5EF6-4153-B2A1-2FA79698A9AE}.Release|Any CPU.Build.0 = Release|Any CPU
		{CE009BFA-5EF6-4153-B2A1-2FA79698A9AE}.Release|x64.ActiveCfg = Release|x64
		{CE009BFA-5EF6-4153-B2A1-2FA79698A9AE}.Release|x64.Build.0 = Release|x64
		{CE009BFA-5EF6-4153-B2A1-2FA79698A9AE}.Release|x86.ActiveCfg = Release|x86
		{CE009BFA-5EF6-4153-B2A1-2FA79698A9AE}.Release|x86.Build.0 = Release|x86
	EndGlobalSection
	GlobalSection(SolutionProperties) = preSolution
		HideSolutionNode = FALSE
	EndGlobalSection
EndGlobal
