
Microsoft Visual Studio Solution File, Format Version 11.00
# Visual Studio 2010
Project("{FAE04EC0-301F-11D3-BF4B-00C04F79EFBC}") = "ZViewer", "ZViewer\ZViewer.csproj", "{D60BAD9E-5283-443F-A608-228FF6FB3EDD}"
EndProject
Project("{FAE04EC0-301F-11D3-BF4B-00C04F79EFBC}") = "TestFastVDO", "TestFastVDO\TestFastVDO.csproj", "{8EC14BAA-A6A4-4E8B-9C59-E12DED813D63}"
EndProject
Project("{FAE04EC0-301F-11D3-BF4B-00C04F79EFBC}") = "RoscoTest", "RoscoTest\RoscoTest.csproj", "{4FE2D03C-5BE0-42B4-A135-87C5BAE8BBEF}"
EndProject
Project("{FAE04EC0-301F-11D3-BF4B-00C04F79EFBC}") = "FutureConcepts.Media.CameraControls", "..\CameraControls\FutureConcepts.Media.CameraControls.csproj", "{1A121169-E4CD-42C8-8EB2-AAABCF919A3B}"
EndProject
Project("{FAE04EC0-301F-11D3-BF4B-00C04F79EFBC}") = "MediaServerConfigurator", "Configurator\MediaServerConfigurator.csproj", "{2D45F59B-8318-436A-AC34-F107CA9DA7D0}"
EndProject
Project("{FAE04EC0-301F-11D3-BF4B-00C04F79EFBC}") = "Utilities", "..\..\Tools\Utilities\Utilities.csproj", "{F2B906A7-6EE8-46AA-91C5-EADE645BE1D4}"
EndProject
Project("{FAE04EC0-301F-11D3-BF4B-00C04F79EFBC}") = "IO", "..\..\Tools\IO\IO.csproj", "{AFD0A5D1-1375-4758-807B-24AB54990DEE}"
EndProject
Project("{FAE04EC0-301F-11D3-BF4B-00C04F79EFBC}") = "AntaresXControls", "..\..\Controls\AntaresX\AntaresXControls\AntaresXControls.csproj", "{11898C1A-6236-4ADE-9A89-D999641019D2}"
EndProject
Project("{FAE04EC0-301F-11D3-BF4B-00C04F79EFBC}") = "AntaresXForms", "..\..\Controls\AntaresX\AntaresXForms\AntaresXForms.csproj", "{273D6BDE-B4F5-46D6-B3B1-2CD370FC002A}"
EndProject
Project("{FAE04EC0-301F-11D3-BF4B-00C04F79EFBC}") = "AntaresXNetworkServices", "..\..\SystemTools\Networks\AntaresXNetworkServices\AntaresXNetworkServices.csproj", "{65572712-C661-405A-99DC-507D35B9CE2E}"
EndProject
Project("{FAE04EC0-301F-11D3-BF4B-00C04F79EFBC}") = "FutureConcepts.Media.TV.AtscPsip", "..\TV\AtscPsip\FutureConcepts.Media.TV.AtscPsip.csproj", "{4163E8AD-D8ED-4F8F-BD4F-B2AAEE0F1682}"
EndProject
Project("{FAE04EC0-301F-11D3-BF4B-00C04F79EFBC}") = "CommonControls", "..\..\Controls\Common\CommonControls\CommonControls.csproj", "{DD9C15CD-8EB2-492F-9AFF-2C0C78FF1AE5}"
EndProject
Project("{FAE04EC0-301F-11D3-BF4B-00C04F79EFBC}") = "Settings", "..\..\SystemTools\Settings\Settings.csproj", "{79EE5513-37FD-40F8-A348-8468C6B03694}"
EndProject
Project("{FAE04EC0-301F-11D3-BF4B-00C04F79EFBC}") = "QueryVideoServices", "..\SVD\QueryVideoServices\QueryVideoServices.csproj", "{2AE9F2F1-0141-45AE-8CC2-71E4F5CEACD7}"
EndProject
Project("{FAE04EC0-301F-11D3-BF4B-00C04F79EFBC}") = "COMRegCheck", "..\Tools\COMRegCheck\COMRegCheck.csproj", "{D88C503B-1319-4DA9-A512-A35418D7303D}"
EndProject
Project("{FAE04EC0-301F-11D3-BF4B-00C04F79EFBC}") = "ErrorLogger", "..\..\Tools\ErrorLogger\ErrorLogger.csproj", "{E5D72FE7-156D-40B5-9424-4C3A3B70A932}"
EndProject
Project("{FAE04EC0-301F-11D3-BF4B-00C04F79EFBC}") = "FutureConcepts.Media", "..\Common\FutureConcepts.Media.csproj", "{3228BE2B-CFED-40CB-B530-D61EF325682C}"
EndProject
Project("{FAE04EC0-301F-11D3-BF4B-00C04F79EFBC}") = "FutureConcepts.Media.Client", "..\Client\Common\FutureConcepts.Media.Client.csproj", "{CF9E3026-2CE5-4A08-ACA4-34765D02C6EF}"
EndProject
Project("{FAE04EC0-301F-11D3-BF4B-00C04F79EFBC}") = "PowerSupplyControlLibrary", "..\..\SystemTools\Devices\PowerSupplyControlLibrary\PowerSupplyControlLibrary.csproj", "{D317839A-CC80-44A2-A9A0-22D7243D99A9}"
EndProject
Project("{FAE04EC0-301F-11D3-BF4B-00C04F79EFBC}") = "DirectShowLib", "..\DirectShowLib\DirectShowLib.csproj", "{2640F4DA-5CCE-415B-97EE-2699FFAA3566}"
EndProject
Project("{2150E333-8FDC-42A3-9474-1A3956D46DE8}") = "Dependencies", "Dependencies", "{40BAD2FB-E980-41D9-BE32-1EC76579D9D3}"
EndProject
Global
	GlobalSection(SolutionConfigurationPlatforms) = preSolution
		Debug|Any CPU = Debug|Any CPU
		Debug|x86 = Debug|x86
		Release|Any CPU = Release|Any CPU
		Release|x86 = Release|x86
	EndGlobalSection
	GlobalSection(ProjectConfigurationPlatforms) = postSolution
		{D60BAD9E-5283-443F-A608-228FF6FB3EDD}.Debug|Any CPU.ActiveCfg = Debug|Any CPU
		{D60BAD9E-5283-443F-A608-228FF6FB3EDD}.Debug|Any CPU.Build.0 = Debug|Any CPU
		{D60BAD9E-5283-443F-A608-228FF6FB3EDD}.Debug|x86.ActiveCfg = Debug|Any CPU
		{D60BAD9E-5283-443F-A608-228FF6FB3EDD}.Release|Any CPU.ActiveCfg = Release|Any CPU
		{D60BAD9E-5283-443F-A608-228FF6FB3EDD}.Release|Any CPU.Build.0 = Release|Any CPU
		{D60BAD9E-5283-443F-A608-228FF6FB3EDD}.Release|x86.ActiveCfg = Release|Any CPU
		{8EC14BAA-A6A4-4E8B-9C59-E12DED813D63}.Debug|Any CPU.ActiveCfg = Debug|Any CPU
		{8EC14BAA-A6A4-4E8B-9C59-E12DED813D63}.Debug|Any CPU.Build.0 = Debug|Any CPU
		{8EC14BAA-A6A4-4E8B-9C59-E12DED813D63}.Debug|x86.ActiveCfg = Debug|Any CPU
		{8EC14BAA-A6A4-4E8B-9C59-E12DED813D63}.Release|Any CPU.ActiveCfg = Release|Any CPU
		{8EC14BAA-A6A4-4E8B-9C59-E12DED813D63}.Release|Any CPU.Build.0 = Release|Any CPU
		{8EC14BAA-A6A4-4E8B-9C59-E12DED813D63}.Release|x86.ActiveCfg = Release|Any CPU
		{4FE2D03C-5BE0-42B4-A135-87C5BAE8BBEF}.Debug|Any CPU.ActiveCfg = Debug|Any CPU
		{4FE2D03C-5BE0-42B4-A135-87C5BAE8BBEF}.Debug|Any CPU.Build.0 = Debug|Any CPU
		{4FE2D03C-5BE0-42B4-A135-87C5BAE8BBEF}.Debug|x86.ActiveCfg = Debug|Any CPU
		{4FE2D03C-5BE0-42B4-A135-87C5BAE8BBEF}.Release|Any CPU.ActiveCfg = Release|Any CPU
		{4FE2D03C-5BE0-42B4-A135-87C5BAE8BBEF}.Release|Any CPU.Build.0 = Release|Any CPU
		{4FE2D03C-5BE0-42B4-A135-87C5BAE8BBEF}.Release|x86.ActiveCfg = Release|Any CPU
		{1A121169-E4CD-42C8-8EB2-AAABCF919A3B}.Debug|Any CPU.ActiveCfg = Debug|Any CPU
		{1A121169-E4CD-42C8-8EB2-AAABCF919A3B}.Debug|Any CPU.Build.0 = Debug|Any CPU
		{1A121169-E4CD-42C8-8EB2-AAABCF919A3B}.Debug|x86.ActiveCfg = Debug|Any CPU
		{1A121169-E4CD-42C8-8EB2-AAABCF919A3B}.Release|Any CPU.ActiveCfg = Release|Any CPU
		{1A121169-E4CD-42C8-8EB2-AAABCF919A3B}.Release|Any CPU.Build.0 = Release|Any CPU
		{1A121169-E4CD-42C8-8EB2-AAABCF919A3B}.Release|x86.ActiveCfg = Release|Any CPU
		{2D45F59B-8318-436A-AC34-F107CA9DA7D0}.Debug|Any CPU.ActiveCfg = Debug|Any CPU
		{2D45F59B-8318-436A-AC34-F107CA9DA7D0}.Debug|Any CPU.Build.0 = Debug|Any CPU
		{2D45F59B-8318-436A-AC34-F107CA9DA7D0}.Debug|x86.ActiveCfg = Debug|Any CPU
		{2D45F59B-8318-436A-AC34-F107CA9DA7D0}.Release|Any CPU.ActiveCfg = Release|Any CPU
		{2D45F59B-8318-436A-AC34-F107CA9DA7D0}.Release|Any CPU.Build.0 = Release|Any CPU
		{2D45F59B-8318-436A-AC34-F107CA9DA7D0}.Release|x86.ActiveCfg = Release|Any CPU
		{F2B906A7-6EE8-46AA-91C5-EADE645BE1D4}.Debug|Any CPU.ActiveCfg = Debug|Any CPU
		{F2B906A7-6EE8-46AA-91C5-EADE645BE1D4}.Debug|Any CPU.Build.0 = Debug|Any CPU
		{F2B906A7-6EE8-46AA-91C5-EADE645BE1D4}.Debug|x86.ActiveCfg = Debug|x86
		{F2B906A7-6EE8-46AA-91C5-EADE645BE1D4}.Debug|x86.Build.0 = Debug|x86
		{F2B906A7-6EE8-46AA-91C5-EADE645BE1D4}.Release|Any CPU.ActiveCfg = Release|Any CPU
		{F2B906A7-6EE8-46AA-91C5-EADE645BE1D4}.Release|Any CPU.Build.0 = Release|Any CPU
		{F2B906A7-6EE8-46AA-91C5-EADE645BE1D4}.Release|x86.ActiveCfg = Release|x86
		{F2B906A7-6EE8-46AA-91C5-EADE645BE1D4}.Release|x86.Build.0 = Release|x86
		{AFD0A5D1-1375-4758-807B-24AB54990DEE}.Debug|Any CPU.ActiveCfg = Debug|Any CPU
		{AFD0A5D1-1375-4758-807B-24AB54990DEE}.Debug|Any CPU.Build.0 = Debug|Any CPU
		{AFD0A5D1-1375-4758-807B-24AB54990DEE}.Debug|x86.ActiveCfg = Debug|x86
		{AFD0A5D1-1375-4758-807B-24AB54990DEE}.Debug|x86.Build.0 = Debug|x86
		{AFD0A5D1-1375-4758-807B-24AB54990DEE}.Release|Any CPU.ActiveCfg = Release|Any CPU
		{AFD0A5D1-1375-4758-807B-24AB54990DEE}.Release|Any CPU.Build.0 = Release|Any CPU
		{AFD0A5D1-1375-4758-807B-24AB54990DEE}.Release|x86.ActiveCfg = Release|x86
		{AFD0A5D1-1375-4758-807B-24AB54990DEE}.Release|x86.Build.0 = Release|x86
		{11898C1A-6236-4ADE-9A89-D999641019D2}.Debug|Any CPU.ActiveCfg = Debug|Any CPU
		{11898C1A-6236-4ADE-9A89-D999641019D2}.Debug|Any CPU.Build.0 = Debug|Any CPU
		{11898C1A-6236-4ADE-9A89-D999641019D2}.Debug|x86.ActiveCfg = Debug|x86
		{11898C1A-6236-4ADE-9A89-D999641019D2}.Debug|x86.Build.0 = Debug|x86
		{11898C1A-6236-4ADE-9A89-D999641019D2}.Release|Any CPU.ActiveCfg = Release|Any CPU
		{11898C1A-6236-4ADE-9A89-D999641019D2}.Release|Any CPU.Build.0 = Release|Any CPU
		{11898C1A-6236-4ADE-9A89-D999641019D2}.Release|x86.ActiveCfg = Release|x86
		{11898C1A-6236-4ADE-9A89-D999641019D2}.Release|x86.Build.0 = Release|x86
		{273D6BDE-B4F5-46D6-B3B1-2CD370FC002A}.Debug|Any CPU.ActiveCfg = Debug|Any CPU
		{273D6BDE-B4F5-46D6-B3B1-2CD370FC002A}.Debug|Any CPU.Build.0 = Debug|Any CPU
		{273D6BDE-B4F5-46D6-B3B1-2CD370FC002A}.Debug|x86.ActiveCfg = Debug|x86
		{273D6BDE-B4F5-46D6-B3B1-2CD370FC002A}.Debug|x86.Build.0 = Debug|x86
		{273D6BDE-B4F5-46D6-B3B1-2CD370FC002A}.Release|Any CPU.ActiveCfg = Release|Any CPU
		{273D6BDE-B4F5-46D6-B3B1-2CD370FC002A}.Release|Any CPU.Build.0 = Release|Any CPU
		{273D6BDE-B4F5-46D6-B3B1-2CD370FC002A}.Release|x86.ActiveCfg = Release|x86
		{273D6BDE-B4F5-46D6-B3B1-2CD370FC002A}.Release|x86.Build.0 = Release|x86
		{65572712-C661-405A-99DC-507D35B9CE2E}.Debug|Any CPU.ActiveCfg = Debug|Any CPU
		{65572712-C661-405A-99DC-507D35B9CE2E}.Debug|Any CPU.Build.0 = Debug|Any CPU
		{65572712-C661-405A-99DC-507D35B9CE2E}.Debug|x86.ActiveCfg = Debug|x86
		{65572712-C661-405A-99DC-507D35B9CE2E}.Debug|x86.Build.0 = Debug|x86
		{65572712-C661-405A-99DC-507D35B9CE2E}.Release|Any CPU.ActiveCfg = Release|Any CPU
		{65572712-C661-405A-99DC-507D35B9CE2E}.Release|Any CPU.Build.0 = Release|Any CPU
		{65572712-C661-405A-99DC-507D35B9CE2E}.Release|x86.ActiveCfg = Release|x86
		{65572712-C661-405A-99DC-507D35B9CE2E}.Release|x86.Build.0 = Release|x86
		{4163E8AD-D8ED-4F8F-BD4F-B2AAEE0F1682}.Debug|Any CPU.ActiveCfg = Debug|Any CPU
		{4163E8AD-D8ED-4F8F-BD4F-B2AAEE0F1682}.Debug|Any CPU.Build.0 = Debug|Any CPU
		{4163E8AD-D8ED-4F8F-BD4F-B2AAEE0F1682}.Debug|x86.ActiveCfg = Debug|x86
		{4163E8AD-D8ED-4F8F-BD4F-B2AAEE0F1682}.Debug|x86.Build.0 = Debug|x86
		{4163E8AD-D8ED-4F8F-BD4F-B2AAEE0F1682}.Release|Any CPU.ActiveCfg = Release|Any CPU
		{4163E8AD-D8ED-4F8F-BD4F-B2AAEE0F1682}.Release|Any CPU.Build.0 = Release|Any CPU
		{4163E8AD-D8ED-4F8F-BD4F-B2AAEE0F1682}.Release|x86.ActiveCfg = Release|x86
		{4163E8AD-D8ED-4F8F-BD4F-B2AAEE0F1682}.Release|x86.Build.0 = Release|x86
		{DD9C15CD-8EB2-492F-9AFF-2C0C78FF1AE5}.Debug|Any CPU.ActiveCfg = Debug|Any CPU
		{DD9C15CD-8EB2-492F-9AFF-2C0C78FF1AE5}.Debug|Any CPU.Build.0 = Debug|Any CPU
		{DD9C15CD-8EB2-492F-9AFF-2C0C78FF1AE5}.Debug|x86.ActiveCfg = Debug|x86
		{DD9C15CD-8EB2-492F-9AFF-2C0C78FF1AE5}.Debug|x86.Build.0 = Debug|x86
		{DD9C15CD-8EB2-492F-9AFF-2C0C78FF1AE5}.Release|Any CPU.ActiveCfg = Release|Any CPU
		{DD9C15CD-8EB2-492F-9AFF-2C0C78FF1AE5}.Release|Any CPU.Build.0 = Release|Any CPU
		{DD9C15CD-8EB2-492F-9AFF-2C0C78FF1AE5}.Release|x86.ActiveCfg = Release|x86
		{DD9C15CD-8EB2-492F-9AFF-2C0C78FF1AE5}.Release|x86.Build.0 = Release|x86
		{79EE5513-37FD-40F8-A348-8468C6B03694}.Debug|Any CPU.ActiveCfg = Debug|Any CPU
		{79EE5513-37FD-40F8-A348-8468C6B03694}.Debug|Any CPU.Build.0 = Debug|Any CPU
		{79EE5513-37FD-40F8-A348-8468C6B03694}.Debug|x86.ActiveCfg = Debug|x86
		{79EE5513-37FD-40F8-A348-8468C6B03694}.Debug|x86.Build.0 = Debug|x86
		{79EE5513-37FD-40F8-A348-8468C6B03694}.Release|Any CPU.ActiveCfg = Release|Any CPU
		{79EE5513-37FD-40F8-A348-8468C6B03694}.Release|Any CPU.Build.0 = Release|Any CPU
		{79EE5513-37FD-40F8-A348-8468C6B03694}.Release|x86.ActiveCfg = Release|x86
		{79EE5513-37FD-40F8-A348-8468C6B03694}.Release|x86.Build.0 = Release|x86
		{2AE9F2F1-0141-45AE-8CC2-71E4F5CEACD7}.Debug|Any CPU.ActiveCfg = Debug|Any CPU
		{2AE9F2F1-0141-45AE-8CC2-71E4F5CEACD7}.Debug|Any CPU.Build.0 = Debug|Any CPU
		{2AE9F2F1-0141-45AE-8CC2-71E4F5CEACD7}.Debug|x86.ActiveCfg = Debug|x86
		{2AE9F2F1-0141-45AE-8CC2-71E4F5CEACD7}.Debug|x86.Build.0 = Debug|x86
		{2AE9F2F1-0141-45AE-8CC2-71E4F5CEACD7}.Release|Any CPU.ActiveCfg = Release|Any CPU
		{2AE9F2F1-0141-45AE-8CC2-71E4F5CEACD7}.Release|Any CPU.Build.0 = Release|Any CPU
		{2AE9F2F1-0141-45AE-8CC2-71E4F5CEACD7}.Release|x86.ActiveCfg = Release|x86
		{2AE9F2F1-0141-45AE-8CC2-71E4F5CEACD7}.Release|x86.Build.0 = Release|x86
		{D88C503B-1319-4DA9-A512-A35418D7303D}.Debug|Any CPU.ActiveCfg = Debug|Any CPU
		{D88C503B-1319-4DA9-A512-A35418D7303D}.Debug|Any CPU.Build.0 = Debug|Any CPU
		{D88C503B-1319-4DA9-A512-A35418D7303D}.Debug|x86.ActiveCfg = Debug|x86
		{D88C503B-1319-4DA9-A512-A35418D7303D}.Debug|x86.Build.0 = Debug|x86
		{D88C503B-1319-4DA9-A512-A35418D7303D}.Release|Any CPU.ActiveCfg = Release|Any CPU
		{D88C503B-1319-4DA9-A512-A35418D7303D}.Release|Any CPU.Build.0 = Release|Any CPU
		{D88C503B-1319-4DA9-A512-A35418D7303D}.Release|x86.ActiveCfg = Release|x86
		{D88C503B-1319-4DA9-A512-A35418D7303D}.Release|x86.Build.0 = Release|x86
		{E5D72FE7-156D-40B5-9424-4C3A3B70A932}.Debug|Any CPU.ActiveCfg = Debug|Any CPU
		{E5D72FE7-156D-40B5-9424-4C3A3B70A932}.Debug|Any CPU.Build.0 = Debug|Any CPU
		{E5D72FE7-156D-40B5-9424-4C3A3B70A932}.Debug|x86.ActiveCfg = Debug|x86
		{E5D72FE7-156D-40B5-9424-4C3A3B70A932}.Debug|x86.Build.0 = Debug|x86
		{E5D72FE7-156D-40B5-9424-4C3A3B70A932}.Release|Any CPU.ActiveCfg = Release|Any CPU
		{E5D72FE7-156D-40B5-9424-4C3A3B70A932}.Release|Any CPU.Build.0 = Release|Any CPU
		{E5D72FE7-156D-40B5-9424-4C3A3B70A932}.Release|x86.ActiveCfg = Release|x86
		{E5D72FE7-156D-40B5-9424-4C3A3B70A932}.Release|x86.Build.0 = Release|x86
		{3228BE2B-CFED-40CB-B530-D61EF325682C}.Debug|Any CPU.ActiveCfg = Debug|Any CPU
		{3228BE2B-CFED-40CB-B530-D61EF325682C}.Debug|Any CPU.Build.0 = Debug|Any CPU
		{3228BE2B-CFED-40CB-B530-D61EF325682C}.Debug|x86.ActiveCfg = Debug|x86
		{3228BE2B-CFED-40CB-B530-D61EF325682C}.Debug|x86.Build.0 = Debug|x86
		{3228BE2B-CFED-40CB-B530-D61EF325682C}.Release|Any CPU.ActiveCfg = Release|Any CPU
		{3228BE2B-CFED-40CB-B530-D61EF325682C}.Release|Any CPU.Build.0 = Release|Any CPU
		{3228BE2B-CFED-40CB-B530-D61EF325682C}.Release|x86.ActiveCfg = Release|x86
		{3228BE2B-CFED-40CB-B530-D61EF325682C}.Release|x86.Build.0 = Release|x86
		{CF9E3026-2CE5-4A08-ACA4-34765D02C6EF}.Debug|Any CPU.ActiveCfg = Debug|Any CPU
		{CF9E3026-2CE5-4A08-ACA4-34765D02C6EF}.Debug|Any CPU.Build.0 = Debug|Any CPU
		{CF9E3026-2CE5-4A08-ACA4-34765D02C6EF}.Debug|x86.ActiveCfg = Debug|x86
		{CF9E3026-2CE5-4A08-ACA4-34765D02C6EF}.Debug|x86.Build.0 = Debug|x86
		{CF9E3026-2CE5-4A08-ACA4-34765D02C6EF}.Release|Any CPU.ActiveCfg = Release|Any CPU
		{CF9E3026-2CE5-4A08-ACA4-34765D02C6EF}.Release|Any CPU.Build.0 = Release|Any CPU
		{CF9E3026-2CE5-4A08-ACA4-34765D02C6EF}.Release|x86.ActiveCfg = Release|x86
		{CF9E3026-2CE5-4A08-ACA4-34765D02C6EF}.Release|x86.Build.0 = Release|x86
		{D317839A-CC80-44A2-A9A0-22D7243D99A9}.Debug|Any CPU.ActiveCfg = Debug|Any CPU
		{D317839A-CC80-44A2-A9A0-22D7243D99A9}.Debug|Any CPU.Build.0 = Debug|Any CPU
		{D317839A-CC80-44A2-A9A0-22D7243D99A9}.Debug|x86.ActiveCfg = Debug|Any CPU
		{D317839A-CC80-44A2-A9A0-22D7243D99A9}.Release|Any CPU.ActiveCfg = Release|Any CPU
		{D317839A-CC80-44A2-A9A0-22D7243D99A9}.Release|Any CPU.Build.0 = Release|Any CPU
		{D317839A-CC80-44A2-A9A0-22D7243D99A9}.Release|x86.ActiveCfg = Release|Any CPU
		{2640F4DA-5CCE-415B-97EE-2699FFAA3566}.Debug|Any CPU.ActiveCfg = Debug|Any CPU
		{2640F4DA-5CCE-415B-97EE-2699FFAA3566}.Debug|Any CPU.Build.0 = Debug|Any CPU
		{2640F4DA-5CCE-415B-97EE-2699FFAA3566}.Debug|x86.ActiveCfg = Debug|x86
		{2640F4DA-5CCE-415B-97EE-2699FFAA3566}.Debug|x86.Build.0 = Debug|x86
		{2640F4DA-5CCE-415B-97EE-2699FFAA3566}.Release|Any CPU.ActiveCfg = Release|Any CPU
		{2640F4DA-5CCE-415B-97EE-2699FFAA3566}.Release|Any CPU.Build.0 = Release|Any CPU
		{2640F4DA-5CCE-415B-97EE-2699FFAA3566}.Release|x86.ActiveCfg = Release|x86
		{2640F4DA-5CCE-415B-97EE-2699FFAA3566}.Release|x86.Build.0 = Release|x86
	EndGlobalSection
	GlobalSection(SolutionProperties) = preSolution
		HideSolutionNode = FALSE
	EndGlobalSection
	GlobalSection(NestedProjects) = preSolution
		{11898C1A-6236-4ADE-9A89-D999641019D2} = {40BAD2FB-E980-41D9-BE32-1EC76579D9D3}
		{273D6BDE-B4F5-46D6-B3B1-2CD370FC002A} = {40BAD2FB-E980-41D9-BE32-1EC76579D9D3}
		{65572712-C661-405A-99DC-507D35B9CE2E} = {40BAD2FB-E980-41D9-BE32-1EC76579D9D3}
		{DD9C15CD-8EB2-492F-9AFF-2C0C78FF1AE5} = {40BAD2FB-E980-41D9-BE32-1EC76579D9D3}
		{2640F4DA-5CCE-415B-97EE-2699FFAA3566} = {40BAD2FB-E980-41D9-BE32-1EC76579D9D3}
		{E5D72FE7-156D-40B5-9424-4C3A3B70A932} = {40BAD2FB-E980-41D9-BE32-1EC76579D9D3}
		{3228BE2B-CFED-40CB-B530-D61EF325682C} = {40BAD2FB-E980-41D9-BE32-1EC76579D9D3}
		{1A121169-E4CD-42C8-8EB2-AAABCF919A3B} = {40BAD2FB-E980-41D9-BE32-1EC76579D9D3}
		{CF9E3026-2CE5-4A08-ACA4-34765D02C6EF} = {40BAD2FB-E980-41D9-BE32-1EC76579D9D3}
		{4163E8AD-D8ED-4F8F-BD4F-B2AAEE0F1682} = {40BAD2FB-E980-41D9-BE32-1EC76579D9D3}
		{AFD0A5D1-1375-4758-807B-24AB54990DEE} = {40BAD2FB-E980-41D9-BE32-1EC76579D9D3}
		{D317839A-CC80-44A2-A9A0-22D7243D99A9} = {40BAD2FB-E980-41D9-BE32-1EC76579D9D3}
		{79EE5513-37FD-40F8-A348-8468C6B03694} = {40BAD2FB-E980-41D9-BE32-1EC76579D9D3}
		{F2B906A7-6EE8-46AA-91C5-EADE645BE1D4} = {40BAD2FB-E980-41D9-BE32-1EC76579D9D3}
	EndGlobalSection
EndGlobal
