
Microsoft Visual Studio Solution File, Format Version 11.00
# Visual Studio 2010
Project("{2150E333-8FDC-42A3-9474-1A3956D46DE8}") = "DirectShowFilters", "DirectShowFilters", "{D0F87A0B-B611-4B1B-BA67-EF21D253B6D5}"
EndProject
Project("{2150E333-8FDC-42A3-9474-1A3956D46DE8}") = "LTProtocols", "LTProtocols", "{287E8D15-9FFE-4E25-BCD5-8504799C8C49}"
EndProject
Project("{8BC9CEB8-8B4A-11D0-8D11-00A0C91BC942}") = "ball", "..\DirectShowFilters\Ball\ball.vcxproj", "{9D3C9114-5067-45E6-B83D-12D31EF86297}"
EndProject
Project("{8BC9CEB8-8B4A-11D0-8D11-00A0C91BC942}") = "MangoCapture", "..\DirectShowFilters\MangoCapture\MangoCapture.vcxproj", "{FE9EC3BB-05EA-465B-B93A-A8B9DE1B410F}"
EndProject
Project("{8BC9CEB8-8B4A-11D0-8D11-00A0C91BC942}") = "timestamp", "..\DirectShowFilters\timestamp\timestamp.vcxproj", "{2C4C3B70-482E-4821-A497-E3E3092D09CE}"
EndProject
Project("{8BC9CEB8-8B4A-11D0-8D11-00A0C91BC942}") = "H264ByteStream", "..\DirectShowFilters\H264ByteStream\H264ByteStream.vcxproj", "{7F0F05ED-84D8-4B89-8180-1BA2AA904531}"
EndProject
Project("{8BC9CEB8-8B4A-11D0-8D11-00A0C91BC942}") = "DGramProtocol", "..\LTProtocols\DGramProtocol\DGramProtocol.vcxproj", "{44BC7480-AA28-43CA-905F-3FB06727B798}"
EndProject
Project("{8BC9CEB8-8B4A-11D0-8D11-00A0C91BC942}") = "DVRWriter", "..\DirectShowFilters\DVRWriter\DVRWriter.vcxproj", "{CC0CB5F4-322E-43C2-AA02-FE86D7206F12}"
EndProject
Project("{8BC9CEB8-8B4A-11D0-8D11-00A0C91BC942}") = "FCFrameRateFilter", "..\DirectShowFilters\FCFrameRateFilter\FCFrameRateFilter.vcxproj", "{583BAA2C-1200-409C-9DF4-723F5FBE13D7}"
EndProject
Project("{8BC9CEB8-8B4A-11D0-8D11-00A0C91BC942}") = "SRM314HWProxy", "..\Tools\SRM314HWProxy\SRM314HWProxy.vcxproj", "{86E31827-F060-4474-B0BB-E9B237AA82DD}"
EndProject
Project("{FAE04EC0-301F-11D3-BF4B-00C04F79EFBC}") = "FutureConcepts.Media", "..\Common\FutureConcepts.Media.csproj", "{3228BE2B-CFED-40CB-B530-D61EF325682C}"
EndProject
Global
	GlobalSection(SolutionConfigurationPlatforms) = preSolution
		Debug|Any CPU = Debug|Any CPU
		Debug|Win32 = Debug|Win32
		Debug|x64 = Debug|x64
		Debug|x86 = Debug|x86
		Release|Any CPU = Release|Any CPU
		Release|Win32 = Release|Win32
		Release|x64 = Release|x64
		Release|x86 = Release|x86
	EndGlobalSection
	GlobalSection(ProjectConfigurationPlatforms) = postSolution
		{9D3C9114-5067-45E6-B83D-12D31EF86297}.Debug|Any CPU.ActiveCfg = Debug|x64
		{9D3C9114-5067-45E6-B83D-12D31EF86297}.Debug|Win32.ActiveCfg = Debug|Win32
		{9D3C9114-5067-45E6-B83D-12D31EF86297}.Debug|Win32.Build.0 = Debug|Win32
		{9D3C9114-5067-45E6-B83D-12D31EF86297}.Debug|x64.ActiveCfg = Debug|x64
		{9D3C9114-5067-45E6-B83D-12D31EF86297}.Debug|x64.Build.0 = Debug|x64
		{9D3C9114-5067-45E6-B83D-12D31EF86297}.Debug|x86.ActiveCfg = Debug|Win32
		{9D3C9114-5067-45E6-B83D-12D31EF86297}.Debug|x86.Build.0 = Debug|Win32
		{9D3C9114-5067-45E6-B83D-12D31EF86297}.Release|Any CPU.ActiveCfg = Release|x64
		{9D3C9114-5067-45E6-B83D-12D31EF86297}.Release|Win32.ActiveCfg = Release|Win32
		{9D3C9114-5067-45E6-B83D-12D31EF86297}.Release|Win32.Build.0 = Release|Win32
		{9D3C9114-5067-45E6-B83D-12D31EF86297}.Release|x64.ActiveCfg = Release|x64
		{9D3C9114-5067-45E6-B83D-12D31EF86297}.Release|x64.Build.0 = Release|x64
		{9D3C9114-5067-45E6-B83D-12D31EF86297}.Release|x86.ActiveCfg = Release|Win32
		{9D3C9114-5067-45E6-B83D-12D31EF86297}.Release|x86.Build.0 = Release|Win32
		{FE9EC3BB-05EA-465B-B93A-A8B9DE1B410F}.Debug|Any CPU.ActiveCfg = Debug|x64
		{FE9EC3BB-05EA-465B-B93A-A8B9DE1B410F}.Debug|Win32.ActiveCfg = Debug|Win32
		{FE9EC3BB-05EA-465B-B93A-A8B9DE1B410F}.Debug|Win32.Build.0 = Debug|Win32
		{FE9EC3BB-05EA-465B-B93A-A8B9DE1B410F}.Debug|x64.ActiveCfg = Debug|x64
		{FE9EC3BB-05EA-465B-B93A-A8B9DE1B410F}.Debug|x86.ActiveCfg = Debug|x64
		{FE9EC3BB-05EA-465B-B93A-A8B9DE1B410F}.Release|Any CPU.ActiveCfg = Release|x64
		{FE9EC3BB-05EA-465B-B93A-A8B9DE1B410F}.Release|Win32.ActiveCfg = Release|Win32
		{FE9EC3BB-05EA-465B-B93A-A8B9DE1B410F}.Release|Win32.Build.0 = Release|Win32
		{FE9EC3BB-05EA-465B-B93A-A8B9DE1B410F}.Release|x64.ActiveCfg = Release|x64
		{FE9EC3BB-05EA-465B-B93A-A8B9DE1B410F}.Release|x64.Build.0 = Release|x64
		{FE9EC3BB-05EA-465B-B93A-A8B9DE1B410F}.Release|x86.ActiveCfg = Release|x64
		{2C4C3B70-482E-4821-A497-E3E3092D09CE}.Debug|Any CPU.ActiveCfg = Debug|Win32
		{2C4C3B70-482E-4821-A497-E3E3092D09CE}.Debug|Win32.ActiveCfg = Debug|Win32
		{2C4C3B70-482E-4821-A497-E3E3092D09CE}.Debug|Win32.Build.0 = Debug|Win32
		{2C4C3B70-482E-4821-A497-E3E3092D09CE}.Debug|x64.ActiveCfg = Debug|x64
		{2C4C3B70-482E-4821-A497-E3E3092D09CE}.Debug|x64.Build.0 = Debug|x64
		{2C4C3B70-482E-4821-A497-E3E3092D09CE}.Debug|x86.ActiveCfg = Debug|Win32
		{2C4C3B70-482E-4821-A497-E3E3092D09CE}.Debug|x86.Build.0 = Debug|Win32
		{2C4C3B70-482E-4821-A497-E3E3092D09CE}.Release|Any CPU.ActiveCfg = Release|Win32
		{2C4C3B70-482E-4821-A497-E3E3092D09CE}.Release|Win32.ActiveCfg = Release|Win32
		{2C4C3B70-482E-4821-A497-E3E3092D09CE}.Release|Win32.Build.0 = Release|Win32
		{2C4C3B70-482E-4821-A497-E3E3092D09CE}.Release|x64.ActiveCfg = Release|x64
		{2C4C3B70-482E-4821-A497-E3E3092D09CE}.Release|x64.Build.0 = Release|x64
		{2C4C3B70-482E-4821-A497-E3E3092D09CE}.Release|x86.ActiveCfg = Release|Win32
		{2C4C3B70-482E-4821-A497-E3E3092D09CE}.Release|x86.Build.0 = Release|Win32
		{7F0F05ED-84D8-4B89-8180-1BA2AA904531}.Debug|Any CPU.ActiveCfg = Debug|x64
		{7F0F05ED-84D8-4B89-8180-1BA2AA904531}.Debug|Win32.ActiveCfg = Debug|Win32
		{7F0F05ED-84D8-4B89-8180-1BA2AA904531}.Debug|Win32.Build.0 = Debug|Win32
		{7F0F05ED-84D8-4B89-8180-1BA2AA904531}.Debug|x64.ActiveCfg = Debug|x64
		{7F0F05ED-84D8-4B89-8180-1BA2AA904531}.Debug|x64.Build.0 = Debug|x64
		{7F0F05ED-84D8-4B89-8180-1BA2AA904531}.Debug|x86.ActiveCfg = Debug|x64
		{7F0F05ED-84D8-4B89-8180-1BA2AA904531}.Debug|x86.Build.0 = Debug|x64
		{7F0F05ED-84D8-4B89-8180-1BA2AA904531}.Release|Any CPU.ActiveCfg = Release|x64
		{7F0F05ED-84D8-4B89-8180-1BA2AA904531}.Release|Win32.ActiveCfg = Release|Win32
		{7F0F05ED-84D8-4B89-8180-1BA2AA904531}.Release|Win32.Build.0 = Release|Win32
		{7F0F05ED-84D8-4B89-8180-1BA2AA904531}.Release|x64.ActiveCfg = Release|x64
		{7F0F05ED-84D8-4B89-8180-1BA2AA904531}.Release|x64.Build.0 = Release|x64
		{7F0F05ED-84D8-4B89-8180-1BA2AA904531}.Release|x86.ActiveCfg = Release|x64
		{7F0F05ED-84D8-4B89-8180-1BA2AA904531}.Release|x86.Build.0 = Release|x64
		{44BC7480-AA28-43CA-905F-3FB06727B798}.Debug|Any CPU.ActiveCfg = Debug|x64
		{44BC7480-AA28-43CA-905F-3FB06727B798}.Debug|Win32.ActiveCfg = Debug|Win32
		{44BC7480-AA28-43CA-905F-3FB06727B798}.Debug|Win32.Build.0 = Debug|Win32
		{44BC7480-AA28-43CA-905F-3FB06727B798}.Debug|x64.ActiveCfg = Debug|x64
		{44BC7480-AA28-43CA-905F-3FB06727B798}.Debug|x64.Build.0 = Debug|x64
		{44BC7480-AA28-43CA-905F-3FB06727B798}.Debug|x86.ActiveCfg = Debug|x64
		{44BC7480-AA28-43CA-905F-3FB06727B798}.Debug|x86.Build.0 = Debug|x64
		{44BC7480-AA28-43CA-905F-3FB06727B798}.Release|Any CPU.ActiveCfg = Release|x64
		{44BC7480-AA28-43CA-905F-3FB06727B798}.Release|Win32.ActiveCfg = Release|Win32
		{44BC7480-AA28-43CA-905F-3FB06727B798}.Release|Win32.Build.0 = Release|Win32
		{44BC7480-AA28-43CA-905F-3FB06727B798}.Release|x64.ActiveCfg = Release|x64
		{44BC7480-AA28-43CA-905F-3FB06727B798}.Release|x64.Build.0 = Release|x64
		{44BC7480-AA28-43CA-905F-3FB06727B798}.Release|x86.ActiveCfg = Release|Win32
		{44BC7480-AA28-43CA-905F-3FB06727B798}.Release|x86.Build.0 = Release|Win32
		{CC0CB5F4-322E-43C2-AA02-FE86D7206F12}.Debug|Any CPU.ActiveCfg = Debug|x64
		{CC0CB5F4-322E-43C2-AA02-FE86D7206F12}.Debug|Win32.ActiveCfg = Debug|Win32
		{CC0CB5F4-322E-43C2-AA02-FE86D7206F12}.Debug|Win32.Build.0 = Debug|Win32
		{CC0CB5F4-322E-43C2-AA02-FE86D7206F12}.Debug|x64.ActiveCfg = Debug|x64
		{CC0CB5F4-322E-43C2-AA02-FE86D7206F12}.Debug|x64.Build.0 = Debug|x64
		{CC0CB5F4-322E-43C2-AA02-FE86D7206F12}.Debug|x86.ActiveCfg = Debug|x64
		{CC0CB5F4-322E-43C2-AA02-FE86D7206F12}.Debug|x86.Build.0 = Debug|x64
		{CC0CB5F4-322E-43C2-AA02-FE86D7206F12}.Release|Any CPU.ActiveCfg = Release|x64
		{CC0CB5F4-322E-43C2-AA02-FE86D7206F12}.Release|Win32.ActiveCfg = Release|Win32
		{CC0CB5F4-322E-43C2-AA02-FE86D7206F12}.Release|Win32.Build.0 = Release|Win32
		{CC0CB5F4-322E-43C2-AA02-FE86D7206F12}.Release|x64.ActiveCfg = Release|x64
		{CC0CB5F4-322E-43C2-AA02-FE86D7206F12}.Release|x64.Build.0 = Release|x64
		{CC0CB5F4-322E-43C2-AA02-FE86D7206F12}.Release|x86.ActiveCfg = Release|Win32
		{CC0CB5F4-322E-43C2-AA02-FE86D7206F12}.Release|x86.Build.0 = Release|Win32
		{583BAA2C-1200-409C-9DF4-723F5FBE13D7}.Debug|Any CPU.ActiveCfg = Debug|x64
		{583BAA2C-1200-409C-9DF4-723F5FBE13D7}.Debug|Win32.ActiveCfg = Debug|Win32
		{583BAA2C-1200-409C-9DF4-723F5FBE13D7}.Debug|Win32.Build.0 = Debug|Win32
		{583BAA2C-1200-409C-9DF4-723F5FBE13D7}.Debug|x64.ActiveCfg = Debug|x64
		{583BAA2C-1200-409C-9DF4-723F5FBE13D7}.Debug|x64.Build.0 = Debug|x64
		{583BAA2C-1200-409C-9DF4-723F5FBE13D7}.Debug|x86.ActiveCfg = Debug|x64
		{583BAA2C-1200-409C-9DF4-723F5FBE13D7}.Debug|x86.Build.0 = Debug|x64
		{583BAA2C-1200-409C-9DF4-723F5FBE13D7}.Release|Any CPU.ActiveCfg = Release|x64
		{583BAA2C-1200-409C-9DF4-723F5FBE13D7}.Release|Win32.ActiveCfg = Release|Win32
		{583BAA2C-1200-409C-9DF4-723F5FBE13D7}.Release|Win32.Build.0 = Release|Win32
		{583BAA2C-1200-409C-9DF4-723F5FBE13D7}.Release|x64.ActiveCfg = Release|x64
		{583BAA2C-1200-409C-9DF4-723F5FBE13D7}.Release|x64.Build.0 = Release|x64
		{583BAA2C-1200-409C-9DF4-723F5FBE13D7}.Release|x86.ActiveCfg = Release|Win32
		{583BAA2C-1200-409C-9DF4-723F5FBE13D7}.Release|x86.Build.0 = Release|Win32
		{86E31827-F060-4474-B0BB-E9B237AA82DD}.Debug|Any CPU.ActiveCfg = Debug|Win32
		{86E31827-F060-4474-B0BB-E9B237AA82DD}.Debug|Win32.ActiveCfg = Debug|Win32
		{86E31827-F060-4474-B0BB-E9B237AA82DD}.Debug|Win32.Build.0 = Debug|Win32
		{86E31827-F060-4474-B0BB-E9B237AA82DD}.Debug|x64.ActiveCfg = Debug|x64
		{86E31827-F060-4474-B0BB-E9B237AA82DD}.Debug|x64.Build.0 = Debug|x64
		{86E31827-F060-4474-B0BB-E9B237AA82DD}.Debug|x86.ActiveCfg = Debug|Win32
		{86E31827-F060-4474-B0BB-E9B237AA82DD}.Debug|x86.Build.0 = Debug|Win32
		{86E31827-F060-4474-B0BB-E9B237AA82DD}.Release|Any CPU.ActiveCfg = Release|Win32
		{86E31827-F060-4474-B0BB-E9B237AA82DD}.Release|Win32.ActiveCfg = Release|Win32
		{86E31827-F060-4474-B0BB-E9B237AA82DD}.Release|Win32.Build.0 = Release|Win32
		{86E31827-F060-4474-B0BB-E9B237AA82DD}.Release|x64.ActiveCfg = Release|x64
		{86E31827-F060-4474-B0BB-E9B237AA82DD}.Release|x64.Build.0 = Release|x64
		{86E31827-F060-4474-B0BB-E9B237AA82DD}.Release|x86.ActiveCfg = Release|Win32
		{3228BE2B-CFED-40CB-B530-D61EF325682C}.Debug|Any CPU.ActiveCfg = Debug|Any CPU
		{3228BE2B-CFED-40CB-B530-D61EF325682C}.Debug|Any CPU.Build.0 = Debug|Any CPU
		{3228BE2B-CFED-40CB-B530-D61EF325682C}.Debug|Win32.ActiveCfg = Debug|x86
		{3228BE2B-CFED-40CB-B530-D61EF325682C}.Debug|Win32.Build.0 = Debug|x86
		{3228BE2B-CFED-40CB-B530-D61EF325682C}.Debug|x64.ActiveCfg = Debug|x64
		{3228BE2B-CFED-40CB-B530-D61EF325682C}.Debug|x64.Build.0 = Debug|x64
		{3228BE2B-CFED-40CB-B530-D61EF325682C}.Debug|x86.ActiveCfg = Debug|x86
		{3228BE2B-CFED-40CB-B530-D61EF325682C}.Debug|x86.Build.0 = Debug|x86
		{3228BE2B-CFED-40CB-B530-D61EF325682C}.Release|Any CPU.ActiveCfg = Release|Any CPU
		{3228BE2B-CFED-40CB-B530-D61EF325682C}.Release|Any CPU.Build.0 = Release|Any CPU
		{3228BE2B-CFED-40CB-B530-D61EF325682C}.Release|Win32.ActiveCfg = Release|x86
		{3228BE2B-CFED-40CB-B530-D61EF325682C}.Release|Win32.Build.0 = Release|x86
		{3228BE2B-CFED-40CB-B530-D61EF325682C}.Release|x64.ActiveCfg = Release|x64
		{3228BE2B-CFED-40CB-B530-D61EF325682C}.Release|x64.Build.0 = Release|x64
		{3228BE2B-CFED-40CB-B530-D61EF325682C}.Release|x86.ActiveCfg = Release|x86
		{3228BE2B-CFED-40CB-B530-D61EF325682C}.Release|x86.Build.0 = Release|x86
	EndGlobalSection
	GlobalSection(SolutionProperties) = preSolution
		HideSolutionNode = FALSE
	EndGlobalSection
	GlobalSection(NestedProjects) = preSolution
		{9D3C9114-5067-45E6-B83D-12D31EF86297} = {D0F87A0B-B611-4B1B-BA67-EF21D253B6D5}
		{FE9EC3BB-05EA-465B-B93A-A8B9DE1B410F} = {D0F87A0B-B611-4B1B-BA67-EF21D253B6D5}
		{2C4C3B70-482E-4821-A497-E3E3092D09CE} = {D0F87A0B-B611-4B1B-BA67-EF21D253B6D5}
		{7F0F05ED-84D8-4B89-8180-1BA2AA904531} = {D0F87A0B-B611-4B1B-BA67-EF21D253B6D5}
		{CC0CB5F4-322E-43C2-AA02-FE86D7206F12} = {D0F87A0B-B611-4B1B-BA67-EF21D253B6D5}
		{583BAA2C-1200-409C-9DF4-723F5FBE13D7} = {D0F87A0B-B611-4B1B-BA67-EF21D253B6D5}
		{44BC7480-AA28-43CA-905F-3FB06727B798} = {287E8D15-9FFE-4E25-BCD5-8504799C8C49}
	EndGlobalSection
EndGlobal
