
Microsoft Visual Studio Solution File, Format Version 11.00
# Visual Studio 2010
Project("{FAE04EC0-301F-11D3-BF4B-00C04F79EFBC}") = "Server", "Server.csproj", "{9391BB0E-3109-4138-9CEA-255B73C58FCB}"
EndProject
Project("{FAE04EC0-301F-11D3-BF4B-00C04F79EFBC}") = "FutureConcepts.Media.CameraControls", "..\CameraControls\FutureConcepts.Media.CameraControls.csproj", "{1A121169-E4CD-42C8-8EB2-AAABCF919A3B}"
EndProject
Project("{FAE04EC0-301F-11D3-BF4B-00C04F79EFBC}") = "Utilities", "..\..\Tools\Utilities\Utilities.csproj", "{F2B906A7-6EE8-46AA-91C5-EADE645BE1D4}"
EndProject
Project("{FAE04EC0-301F-11D3-BF4B-00C04F79EFBC}") = "AntaresXNetworkServices", "..\..\SystemTools\Networks\AntaresXNetworkServices\AntaresXNetworkServices.csproj", "{65572712-C661-405A-99DC-507D35B9CE2E}"
EndProject
Project("{FAE04EC0-301F-11D3-BF4B-00C04F79EFBC}") = "FutureConcepts.Media.TV.AtscPsip", "..\TV\AtscPsip\FutureConcepts.Media.TV.AtscPsip.csproj", "{4163E8AD-D8ED-4F8F-BD4F-B2AAEE0F1682}"
EndProject
Project("{FAE04EC0-301F-11D3-BF4B-00C04F79EFBC}") = "MicrowaveReceiverController", "..\..\SystemTools\Devices\Microwave\MicrowaveReceiverController\MicrowaveReceiverController.csproj", "{06A0D676-AF6A-471F-926F-B6139678B61F}"
EndProject
Project("{FAE04EC0-301F-11D3-BF4B-00C04F79EFBC}") = "Settings", "..\..\SystemTools\Settings\Settings.csproj", "{79EE5513-37FD-40F8-A348-8468C6B03694}"
EndProject
Project("{FAE04EC0-301F-11D3-BF4B-00C04F79EFBC}") = "ErrorLogger", "..\..\Tools\ErrorLogger\ErrorLogger.csproj", "{E5D72FE7-156D-40B5-9424-4C3A3B70A932}"
EndProject
Project("{FAE04EC0-301F-11D3-BF4B-00C04F79EFBC}") = "PowerSupplyControlLibrary", "..\..\SystemTools\Devices\PowerSupplyControlLibrary\PowerSupplyControlLibrary.csproj", "{D317839A-CC80-44A2-A9A0-22D7243D99A9}"
EndProject
Project("{FAE04EC0-301F-11D3-BF4B-00C04F79EFBC}") = "FCShutdown", "..\..\SystemTools\Management\SystemShutdown\FCShutdown\FCShutdown.csproj", "{115CDB2D-2108-4B03-A75A-C7B2D9CF6294}"
EndProject
Project("{FAE04EC0-301F-11D3-BF4B-00C04F79EFBC}") = "FutureConcepts.Media", "..\Common\FutureConcepts.Media.csproj", "{3228BE2B-CFED-40CB-B530-D61EF325682C}"
EndProject
Project("{FAE04EC0-301F-11D3-BF4B-00C04F79EFBC}") = "FutureConcepts.Media.Client", "..\Client\Common\FutureConcepts.Media.Client.csproj", "{CF9E3026-2CE5-4A08-ACA4-34765D02C6EF}"
EndProject
Project("{FAE04EC0-301F-11D3-BF4B-00C04F79EFBC}") = "FutureConcepts.Media.DirectShowLib.Framework", "..\DirectShowLib\Framework\FutureConcepts.Media.DirectShowLib.Framework.csproj", "{2C6C626A-5D6A-4FDC-BF04-BA5873361AFD}"
EndProject
Project("{FAE04EC0-301F-11D3-BF4B-00C04F79EFBC}") = "DirectShowLib", "..\DirectShowLib\DirectShowLib.csproj", "{CE009BFA-5EF6-4153-B2A1-2FA79698A9AE}"
EndProject
Project("{8BC9CEB8-8B4A-11D0-8D11-00A0C91BC942}") = "SRM314HWProxy", "..\Tools\SRM314HWProxy\SRM314HWProxy.vcxproj", "{86E31827-F060-4474-B0BB-E9B237AA82DD}"
EndProject
Project("{FAE04EC0-301F-11D3-BF4B-00C04F79EFBC}") = "MediaServerConfigurator", "Configurator\MediaServerConfigurator.csproj", "{2D45F59B-8318-436A-AC34-F107CA9DA7D0}"
EndProject
Global
	GlobalSection(SolutionConfigurationPlatforms) = preSolution
		Debug|Any CPU = Debug|Any CPU
		Debug|Mixed Platforms = Debug|Mixed Platforms
		Debug|Win32 = Debug|Win32
		Debug|x64 = Debug|x64
		Debug|x86 = Debug|x86
		Release|Any CPU = Release|Any CPU
		Release|Mixed Platforms = Release|Mixed Platforms
		Release|Win32 = Release|Win32
		Release|x64 = Release|x64
		Release|x86 = Release|x86
	EndGlobalSection
	GlobalSection(ProjectConfigurationPlatforms) = postSolution
		{9391BB0E-3109-4138-9CEA-255B73C58FCB}.Debug|Any CPU.ActiveCfg = Debug|Any CPU
		{9391BB0E-3109-4138-9CEA-255B73C58FCB}.Debug|Any CPU.Build.0 = Debug|Any CPU
		{9391BB0E-3109-4138-9CEA-255B73C58FCB}.Debug|Mixed Platforms.ActiveCfg = Debug|x86
		{9391BB0E-3109-4138-9CEA-255B73C58FCB}.Debug|Mixed Platforms.Build.0 = Debug|x86
		{9391BB0E-3109-4138-9CEA-255B73C58FCB}.Debug|Win32.ActiveCfg = Debug|x86
		{9391BB0E-3109-4138-9CEA-255B73C58FCB}.Debug|x64.ActiveCfg = Debug|x64
		{9391BB0E-3109-4138-9CEA-255B73C58FCB}.Debug|x64.Build.0 = Debug|x64
		{9391BB0E-3109-4138-9CEA-255B73C58FCB}.Debug|x86.ActiveCfg = Debug|x86
		{9391BB0E-3109-4138-9CEA-255B73C58FCB}.Debug|x86.Build.0 = Debug|x86
		{9391BB0E-3109-4138-9CEA-255B73C58FCB}.Release|Any CPU.ActiveCfg = Release|Any CPU
		{9391BB0E-3109-4138-9CEA-255B73C58FCB}.Release|Any CPU.Build.0 = Release|Any CPU
		{9391BB0E-3109-4138-9CEA-255B73C58FCB}.Release|Mixed Platforms.ActiveCfg = Release|x86
		{9391BB0E-3109-4138-9CEA-255B73C58FCB}.Release|Mixed Platforms.Build.0 = Release|x86
		{9391BB0E-3109-4138-9CEA-255B73C58FCB}.Release|Win32.ActiveCfg = Release|x86
		{9391BB0E-3109-4138-9CEA-255B73C58FCB}.Release|x64.ActiveCfg = Release|x64
		{9391BB0E-3109-4138-9CEA-255B73C58FCB}.Release|x64.Build.0 = Release|x64
		{9391BB0E-3109-4138-9CEA-255B73C58FCB}.Release|x86.ActiveCfg = Release|x86
		{9391BB0E-3109-4138-9CEA-255B73C58FCB}.Release|x86.Build.0 = Release|x86
		{1A121169-E4CD-42C8-8EB2-AAABCF919A3B}.Debug|Any CPU.ActiveCfg = Debug|Any CPU
		{1A121169-E4CD-42C8-8EB2-AAABCF919A3B}.Debug|Any CPU.Build.0 = Debug|Any CPU
		{1A121169-E4CD-42C8-8EB2-AAABCF919A3B}.Debug|Mixed Platforms.ActiveCfg = Debug|x64
		{1A121169-E4CD-42C8-8EB2-AAABCF919A3B}.Debug|Mixed Platforms.Build.0 = Debug|x64
		{1A121169-E4CD-42C8-8EB2-AAABCF919A3B}.Debug|Win32.ActiveCfg = Debug|x64
		{1A121169-E4CD-42C8-8EB2-AAABCF919A3B}.Debug|x64.ActiveCfg = Debug|x64
		{1A121169-E4CD-42C8-8EB2-AAABCF919A3B}.Debug|x64.Build.0 = Debug|x64
		{1A121169-E4CD-42C8-8EB2-AAABCF919A3B}.Debug|x86.ActiveCfg = Debug|x86
		{1A121169-E4CD-42C8-8EB2-AAABCF919A3B}.Debug|x86.Build.0 = Debug|x86
		{1A121169-E4CD-42C8-8EB2-AAABCF919A3B}.Release|Any CPU.ActiveCfg = Release|Any CPU
		{1A121169-E4CD-42C8-8EB2-AAABCF919A3B}.Release|Any CPU.Build.0 = Release|Any CPU
		{1A121169-E4CD-42C8-8EB2-AAABCF919A3B}.Release|Mixed Platforms.ActiveCfg = Release|x64
		{1A121169-E4CD-42C8-8EB2-AAABCF919A3B}.Release|Mixed Platforms.Build.0 = Release|x64
		{1A121169-E4CD-42C8-8EB2-AAABCF919A3B}.Release|Win32.ActiveCfg = Release|x86
		{1A121169-E4CD-42C8-8EB2-AAABCF919A3B}.Release|x64.ActiveCfg = Release|x64
		{1A121169-E4CD-42C8-8EB2-AAABCF919A3B}.Release|x64.Build.0 = Release|x64
		{1A121169-E4CD-42C8-8EB2-AAABCF919A3B}.Release|x86.ActiveCfg = Release|x86
		{1A121169-E4CD-42C8-8EB2-AAABCF919A3B}.Release|x86.Build.0 = Release|x86
		{F2B906A7-6EE8-46AA-91C5-EADE645BE1D4}.Debug|Any CPU.ActiveCfg = Debug|Any CPU
		{F2B906A7-6EE8-46AA-91C5-EADE645BE1D4}.Debug|Any CPU.Build.0 = Debug|Any CPU
		{F2B906A7-6EE8-46AA-91C5-EADE645BE1D4}.Debug|Mixed Platforms.ActiveCfg = Debug|x64
		{F2B906A7-6EE8-46AA-91C5-EADE645BE1D4}.Debug|Mixed Platforms.Build.0 = Debug|x64
		{F2B906A7-6EE8-46AA-91C5-EADE645BE1D4}.Debug|Win32.ActiveCfg = Debug|x64
		{F2B906A7-6EE8-46AA-91C5-EADE645BE1D4}.Debug|x64.ActiveCfg = Debug|x64
		{F2B906A7-6EE8-46AA-91C5-EADE645BE1D4}.Debug|x64.Build.0 = Debug|x64
		{F2B906A7-6EE8-46AA-91C5-EADE645BE1D4}.Debug|x86.ActiveCfg = Debug|x86
		{F2B906A7-6EE8-46AA-91C5-EADE645BE1D4}.Debug|x86.Build.0 = Debug|x86
		{F2B906A7-6EE8-46AA-91C5-EADE645BE1D4}.Release|Any CPU.ActiveCfg = Release|Any CPU
		{F2B906A7-6EE8-46AA-91C5-EADE645BE1D4}.Release|Any CPU.Build.0 = Release|Any CPU
		{F2B906A7-6EE8-46AA-91C5-EADE645BE1D4}.Release|Mixed Platforms.ActiveCfg = Release|x64
		{F2B906A7-6EE8-46AA-91C5-EADE645BE1D4}.Release|Mixed Platforms.Build.0 = Release|x64
		{F2B906A7-6EE8-46AA-91C5-EADE645BE1D4}.Release|Win32.ActiveCfg = Release|x64
		{F2B906A7-6EE8-46AA-91C5-EADE645BE1D4}.Release|x64.ActiveCfg = Release|x64
		{F2B906A7-6EE8-46AA-91C5-EADE645BE1D4}.Release|x64.Build.0 = Release|x64
		{F2B906A7-6EE8-46AA-91C5-EADE645BE1D4}.Release|x86.ActiveCfg = Release|x86
		{F2B906A7-6EE8-46AA-91C5-EADE645BE1D4}.Release|x86.Build.0 = Release|x86
		{65572712-C661-405A-99DC-507D35B9CE2E}.Debug|Any CPU.ActiveCfg = Debug|Any CPU
		{65572712-C661-405A-99DC-507D35B9CE2E}.Debug|Any CPU.Build.0 = Debug|Any CPU
		{65572712-C661-405A-99DC-507D35B9CE2E}.Debug|Mixed Platforms.ActiveCfg = Debug|x64
		{65572712-C661-405A-99DC-507D35B9CE2E}.Debug|Mixed Platforms.Build.0 = Debug|x64
		{65572712-C661-405A-99DC-507D35B9CE2E}.Debug|Win32.ActiveCfg = Debug|x64
		{65572712-C661-405A-99DC-507D35B9CE2E}.Debug|x64.ActiveCfg = Debug|x64
		{65572712-C661-405A-99DC-507D35B9CE2E}.Debug|x64.Build.0 = Debug|x64
		{65572712-C661-405A-99DC-507D35B9CE2E}.Debug|x86.ActiveCfg = Debug|x86
		{65572712-C661-405A-99DC-507D35B9CE2E}.Debug|x86.Build.0 = Debug|x86
		{65572712-C661-405A-99DC-507D35B9CE2E}.Release|Any CPU.ActiveCfg = Release|Any CPU
		{65572712-C661-405A-99DC-507D35B9CE2E}.Release|Any CPU.Build.0 = Release|Any CPU
		{65572712-C661-405A-99DC-507D35B9CE2E}.Release|Mixed Platforms.ActiveCfg = Release|x64
		{65572712-C661-405A-99DC-507D35B9CE2E}.Release|Mixed Platforms.Build.0 = Release|x64
		{65572712-C661-405A-99DC-507D35B9CE2E}.Release|Win32.ActiveCfg = Release|x86
		{65572712-C661-405A-99DC-507D35B9CE2E}.Release|x64.ActiveCfg = Release|x64
		{65572712-C661-405A-99DC-507D35B9CE2E}.Release|x64.Build.0 = Release|x64
		{65572712-C661-405A-99DC-507D35B9CE2E}.Release|x86.ActiveCfg = Release|x86
		{65572712-C661-405A-99DC-507D35B9CE2E}.Release|x86.Build.0 = Release|x86
		{4163E8AD-D8ED-4F8F-BD4F-B2AAEE0F1682}.Debug|Any CPU.ActiveCfg = Debug|Any CPU
		{4163E8AD-D8ED-4F8F-BD4F-B2AAEE0F1682}.Debug|Any CPU.Build.0 = Debug|Any CPU
		{4163E8AD-D8ED-4F8F-BD4F-B2AAEE0F1682}.Debug|Mixed Platforms.ActiveCfg = Debug|x64
		{4163E8AD-D8ED-4F8F-BD4F-B2AAEE0F1682}.Debug|Mixed Platforms.Build.0 = Debug|x64
		{4163E8AD-D8ED-4F8F-BD4F-B2AAEE0F1682}.Debug|Win32.ActiveCfg = Debug|x64
		{4163E8AD-D8ED-4F8F-BD4F-B2AAEE0F1682}.Debug|x64.ActiveCfg = Debug|x64
		{4163E8AD-D8ED-4F8F-BD4F-B2AAEE0F1682}.Debug|x64.Build.0 = Debug|x64
		{4163E8AD-D8ED-4F8F-BD4F-B2AAEE0F1682}.Debug|x86.ActiveCfg = Debug|x86
		{4163E8AD-D8ED-4F8F-BD4F-B2AAEE0F1682}.Debug|x86.Build.0 = Debug|x86
		{4163E8AD-D8ED-4F8F-BD4F-B2AAEE0F1682}.Release|Any CPU.ActiveCfg = Release|Any CPU
		{4163E8AD-D8ED-4F8F-BD4F-B2AAEE0F1682}.Release|Any CPU.Build.0 = Release|Any CPU
		{4163E8AD-D8ED-4F8F-BD4F-B2AAEE0F1682}.Release|Mixed Platforms.ActiveCfg = Release|x64
		{4163E8AD-D8ED-4F8F-BD4F-B2AAEE0F1682}.Release|Mixed Platforms.Build.0 = Release|x64
		{4163E8AD-D8ED-4F8F-BD4F-B2AAEE0F1682}.Release|Win32.ActiveCfg = Release|x64
		{4163E8AD-D8ED-4F8F-BD4F-B2AAEE0F1682}.Release|x64.ActiveCfg = Release|x64
		{4163E8AD-D8ED-4F8F-BD4F-B2AAEE0F1682}.Release|x64.Build.0 = Release|x64
		{4163E8AD-D8ED-4F8F-BD4F-B2AAEE0F1682}.Release|x86.ActiveCfg = Release|x86
		{4163E8AD-D8ED-4F8F-BD4F-B2AAEE0F1682}.Release|x86.Build.0 = Release|x86
		{06A0D676-AF6A-471F-926F-B6139678B61F}.Debug|Any CPU.ActiveCfg = Debug|Any CPU
		{06A0D676-AF6A-471F-926F-B6139678B61F}.Debug|Any CPU.Build.0 = Debug|Any CPU
		{06A0D676-AF6A-471F-926F-B6139678B61F}.Debug|Mixed Platforms.ActiveCfg = Debug|x86
		{06A0D676-AF6A-471F-926F-B6139678B61F}.Debug|Mixed Platforms.Build.0 = Debug|x86
		{06A0D676-AF6A-471F-926F-B6139678B61F}.Debug|Win32.ActiveCfg = Debug|x86
		{06A0D676-AF6A-471F-926F-B6139678B61F}.Debug|x64.ActiveCfg = Debug|x64
		{06A0D676-AF6A-471F-926F-B6139678B61F}.Debug|x64.Build.0 = Debug|x64
		{06A0D676-AF6A-471F-926F-B6139678B61F}.Debug|x86.ActiveCfg = Debug|x86
		{06A0D676-AF6A-471F-926F-B6139678B61F}.Debug|x86.Build.0 = Debug|x86
		{06A0D676-AF6A-471F-926F-B6139678B61F}.Release|Any CPU.ActiveCfg = Release|Any CPU
		{06A0D676-AF6A-471F-926F-B6139678B61F}.Release|Any CPU.Build.0 = Release|Any CPU
		{06A0D676-AF6A-471F-926F-B6139678B61F}.Release|Mixed Platforms.ActiveCfg = Release|x86
		{06A0D676-AF6A-471F-926F-B6139678B61F}.Release|Mixed Platforms.Build.0 = Release|x86
		{06A0D676-AF6A-471F-926F-B6139678B61F}.Release|Win32.ActiveCfg = Release|x86
		{06A0D676-AF6A-471F-926F-B6139678B61F}.Release|x64.ActiveCfg = Release|x64
		{06A0D676-AF6A-471F-926F-B6139678B61F}.Release|x64.Build.0 = Release|x64
		{06A0D676-AF6A-471F-926F-B6139678B61F}.Release|x86.ActiveCfg = Release|x86
		{06A0D676-AF6A-471F-926F-B6139678B61F}.Release|x86.Build.0 = Release|x86
		{79EE5513-37FD-40F8-A348-8468C6B03694}.Debug|Any CPU.ActiveCfg = Debug|Any CPU
		{79EE5513-37FD-40F8-A348-8468C6B03694}.Debug|Any CPU.Build.0 = Debug|Any CPU
		{79EE5513-37FD-40F8-A348-8468C6B03694}.Debug|Mixed Platforms.ActiveCfg = Debug|x64
		{79EE5513-37FD-40F8-A348-8468C6B03694}.Debug|Mixed Platforms.Build.0 = Debug|x64
		{79EE5513-37FD-40F8-A348-8468C6B03694}.Debug|Win32.ActiveCfg = Debug|x64
		{79EE5513-37FD-40F8-A348-8468C6B03694}.Debug|x64.ActiveCfg = Debug|x64
		{79EE5513-37FD-40F8-A348-8468C6B03694}.Debug|x64.Build.0 = Debug|x64
		{79EE5513-37FD-40F8-A348-8468C6B03694}.Debug|x86.ActiveCfg = Debug|x86
		{79EE5513-37FD-40F8-A348-8468C6B03694}.Debug|x86.Build.0 = Debug|x86
		{79EE5513-37FD-40F8-A348-8468C6B03694}.Release|Any CPU.ActiveCfg = Release|Any CPU
		{79EE5513-37FD-40F8-A348-8468C6B03694}.Release|Any CPU.Build.0 = Release|Any CPU
		{79EE5513-37FD-40F8-A348-8468C6B03694}.Release|Mixed Platforms.ActiveCfg = Release|x64
		{79EE5513-37FD-40F8-A348-8468C6B03694}.Release|Mixed Platforms.Build.0 = Release|x64
		{79EE5513-37FD-40F8-A348-8468C6B03694}.Release|Win32.ActiveCfg = Release|x64
		{79EE5513-37FD-40F8-A348-8468C6B03694}.Release|x64.ActiveCfg = Release|x64
		{79EE5513-37FD-40F8-A348-8468C6B03694}.Release|x64.Build.0 = Release|x64
		{79EE5513-37FD-40F8-A348-8468C6B03694}.Release|x86.ActiveCfg = Release|x86
		{79EE5513-37FD-40F8-A348-8468C6B03694}.Release|x86.Build.0 = Release|x86
		{E5D72FE7-156D-40B5-9424-4C3A3B70A932}.Debug|Any CPU.ActiveCfg = Debug|Any CPU
		{E5D72FE7-156D-40B5-9424-4C3A3B70A932}.Debug|Any CPU.Build.0 = Debug|Any CPU
		{E5D72FE7-156D-40B5-9424-4C3A3B70A932}.Debug|Mixed Platforms.ActiveCfg = Debug|x64
		{E5D72FE7-156D-40B5-9424-4C3A3B70A932}.Debug|Mixed Platforms.Build.0 = Debug|x64
		{E5D72FE7-156D-40B5-9424-4C3A3B70A932}.Debug|Win32.ActiveCfg = Debug|x64
		{E5D72FE7-156D-40B5-9424-4C3A3B70A932}.Debug|x64.ActiveCfg = Debug|x64
		{E5D72FE7-156D-40B5-9424-4C3A3B70A932}.Debug|x64.Build.0 = Debug|x64
		{E5D72FE7-156D-40B5-9424-4C3A3B70A932}.Debug|x86.ActiveCfg = Debug|x86
		{E5D72FE7-156D-40B5-9424-4C3A3B70A932}.Debug|x86.Build.0 = Debug|x86
		{E5D72FE7-156D-40B5-9424-4C3A3B70A932}.Release|Any CPU.ActiveCfg = Release|Any CPU
		{E5D72FE7-156D-40B5-9424-4C3A3B70A932}.Release|Any CPU.Build.0 = Release|Any CPU
		{E5D72FE7-156D-40B5-9424-4C3A3B70A932}.Release|Mixed Platforms.ActiveCfg = Release|x64
		{E5D72FE7-156D-40B5-9424-4C3A3B70A932}.Release|Mixed Platforms.Build.0 = Release|x64
		{E5D72FE7-156D-40B5-9424-4C3A3B70A932}.Release|Win32.ActiveCfg = Release|x86
		{E5D72FE7-156D-40B5-9424-4C3A3B70A932}.Release|x64.ActiveCfg = Release|x64
		{E5D72FE7-156D-40B5-9424-4C3A3B70A932}.Release|x64.Build.0 = Release|x64
		{E5D72FE7-156D-40B5-9424-4C3A3B70A932}.Release|x86.ActiveCfg = Release|x86
		{E5D72FE7-156D-40B5-9424-4C3A3B70A932}.Release|x86.Build.0 = Release|x86
		{D317839A-CC80-44A2-A9A0-22D7243D99A9}.Debug|Any CPU.ActiveCfg = Debug|Any CPU
		{D317839A-CC80-44A2-A9A0-22D7243D99A9}.Debug|Any CPU.Build.0 = Debug|Any CPU
		{D317839A-CC80-44A2-A9A0-22D7243D99A9}.Debug|Mixed Platforms.ActiveCfg = Debug|x86
		{D317839A-CC80-44A2-A9A0-22D7243D99A9}.Debug|Mixed Platforms.Build.0 = Debug|x86
		{D317839A-CC80-44A2-A9A0-22D7243D99A9}.Debug|Win32.ActiveCfg = Debug|x86
		{D317839A-CC80-44A2-A9A0-22D7243D99A9}.Debug|x64.ActiveCfg = Debug|x64
		{D317839A-CC80-44A2-A9A0-22D7243D99A9}.Debug|x64.Build.0 = Debug|x64
		{D317839A-CC80-44A2-A9A0-22D7243D99A9}.Debug|x86.ActiveCfg = Debug|x86
		{D317839A-CC80-44A2-A9A0-22D7243D99A9}.Debug|x86.Build.0 = Debug|x86
		{D317839A-CC80-44A2-A9A0-22D7243D99A9}.Release|Any CPU.ActiveCfg = Release|Any CPU
		{D317839A-CC80-44A2-A9A0-22D7243D99A9}.Release|Any CPU.Build.0 = Release|Any CPU
		{D317839A-CC80-44A2-A9A0-22D7243D99A9}.Release|Mixed Platforms.ActiveCfg = Release|x86
		{D317839A-CC80-44A2-A9A0-22D7243D99A9}.Release|Mixed Platforms.Build.0 = Release|x86
		{D317839A-CC80-44A2-A9A0-22D7243D99A9}.Release|Win32.ActiveCfg = Release|x86
		{D317839A-CC80-44A2-A9A0-22D7243D99A9}.Release|x64.ActiveCfg = Release|x64
		{D317839A-CC80-44A2-A9A0-22D7243D99A9}.Release|x64.Build.0 = Release|x64
		{D317839A-CC80-44A2-A9A0-22D7243D99A9}.Release|x86.ActiveCfg = Release|x86
		{D317839A-CC80-44A2-A9A0-22D7243D99A9}.Release|x86.Build.0 = Release|x86
		{115CDB2D-2108-4B03-A75A-C7B2D9CF6294}.Debug|Any CPU.ActiveCfg = Debug|Any CPU
		{115CDB2D-2108-4B03-A75A-C7B2D9CF6294}.Debug|Any CPU.Build.0 = Debug|Any CPU
		{115CDB2D-2108-4B03-A75A-C7B2D9CF6294}.Debug|Mixed Platforms.ActiveCfg = Debug|x64
		{115CDB2D-2108-4B03-A75A-C7B2D9CF6294}.Debug|Mixed Platforms.Build.0 = Debug|x64
		{115CDB2D-2108-4B03-A75A-C7B2D9CF6294}.Debug|Win32.ActiveCfg = Debug|x64
		{115CDB2D-2108-4B03-A75A-C7B2D9CF6294}.Debug|x64.ActiveCfg = Debug|x64
		{115CDB2D-2108-4B03-A75A-C7B2D9CF6294}.Debug|x64.Build.0 = Debug|x64
		{115CDB2D-2108-4B03-A75A-C7B2D9CF6294}.Debug|x86.ActiveCfg = Debug|x86
		{115CDB2D-2108-4B03-A75A-C7B2D9CF6294}.Debug|x86.Build.0 = Debug|x86
		{115CDB2D-2108-4B03-A75A-C7B2D9CF6294}.Release|Any CPU.ActiveCfg = Release|Any CPU
		{115CDB2D-2108-4B03-A75A-C7B2D9CF6294}.Release|Any CPU.Build.0 = Release|Any CPU
		{115CDB2D-2108-4B03-A75A-C7B2D9CF6294}.Release|Mixed Platforms.ActiveCfg = Release|x64
		{115CDB2D-2108-4B03-A75A-C7B2D9CF6294}.Release|Mixed Platforms.Build.0 = Release|x64
		{115CDB2D-2108-4B03-A75A-C7B2D9CF6294}.Release|Win32.ActiveCfg = Release|x86
		{115CDB2D-2108-4B03-A75A-C7B2D9CF6294}.Release|x64.ActiveCfg = Release|x64
		{115CDB2D-2108-4B03-A75A-C7B2D9CF6294}.Release|x64.Build.0 = Release|x64
		{115CDB2D-2108-4B03-A75A-C7B2D9CF6294}.Release|x86.ActiveCfg = Release|x86
		{115CDB2D-2108-4B03-A75A-C7B2D9CF6294}.Release|x86.Build.0 = Release|x86
		{3228BE2B-CFED-40CB-B530-D61EF325682C}.Debug|Any CPU.ActiveCfg = Debug|Any CPU
		{3228BE2B-CFED-40CB-B530-D61EF325682C}.Debug|Any CPU.Build.0 = Debug|Any CPU
		{3228BE2B-CFED-40CB-B530-D61EF325682C}.Debug|Mixed Platforms.ActiveCfg = Debug|x64
		{3228BE2B-CFED-40CB-B530-D61EF325682C}.Debug|Mixed Platforms.Build.0 = Debug|x64
		{3228BE2B-CFED-40CB-B530-D61EF325682C}.Debug|Win32.ActiveCfg = Debug|x64
		{3228BE2B-CFED-40CB-B530-D61EF325682C}.Debug|x64.ActiveCfg = Debug|x64
		{3228BE2B-CFED-40CB-B530-D61EF325682C}.Debug|x64.Build.0 = Debug|x64
		{3228BE2B-CFED-40CB-B530-D61EF325682C}.Debug|x86.ActiveCfg = Debug|x86
		{3228BE2B-CFED-40CB-B530-D61EF325682C}.Debug|x86.Build.0 = Debug|x86
		{3228BE2B-CFED-40CB-B530-D61EF325682C}.Release|Any CPU.ActiveCfg = Release|Any CPU
		{3228BE2B-CFED-40CB-B530-D61EF325682C}.Release|Any CPU.Build.0 = Release|Any CPU
		{3228BE2B-CFED-40CB-B530-D61EF325682C}.Release|Mixed Platforms.ActiveCfg = Release|x64
		{3228BE2B-CFED-40CB-B530-D61EF325682C}.Release|Mixed Platforms.Build.0 = Release|x64
		{3228BE2B-CFED-40CB-B530-D61EF325682C}.Release|Win32.ActiveCfg = Release|x86
		{3228BE2B-CFED-40CB-B530-D61EF325682C}.Release|x64.ActiveCfg = Release|x64
		{3228BE2B-CFED-40CB-B530-D61EF325682C}.Release|x64.Build.0 = Release|x64
		{3228BE2B-CFED-40CB-B530-D61EF325682C}.Release|x86.ActiveCfg = Release|x86
		{3228BE2B-CFED-40CB-B530-D61EF325682C}.Release|x86.Build.0 = Release|x86
		{CF9E3026-2CE5-4A08-ACA4-34765D02C6EF}.Debug|Any CPU.ActiveCfg = Debug|Any CPU
		{CF9E3026-2CE5-4A08-ACA4-34765D02C6EF}.Debug|Any CPU.Build.0 = Debug|Any CPU
		{CF9E3026-2CE5-4A08-ACA4-34765D02C6EF}.Debug|Mixed Platforms.ActiveCfg = Debug|x64
		{CF9E3026-2CE5-4A08-ACA4-34765D02C6EF}.Debug|Mixed Platforms.Build.0 = Debug|x64
		{CF9E3026-2CE5-4A08-ACA4-34765D02C6EF}.Debug|Win32.ActiveCfg = Debug|x64
		{CF9E3026-2CE5-4A08-ACA4-34765D02C6EF}.Debug|x64.ActiveCfg = Debug|x64
		{CF9E3026-2CE5-4A08-ACA4-34765D02C6EF}.Debug|x64.Build.0 = Debug|x64
		{CF9E3026-2CE5-4A08-ACA4-34765D02C6EF}.Debug|x86.ActiveCfg = Debug|x86
		{CF9E3026-2CE5-4A08-ACA4-34765D02C6EF}.Debug|x86.Build.0 = Debug|x86
		{CF9E3026-2CE5-4A08-ACA4-34765D02C6EF}.Release|Any CPU.ActiveCfg = Release|Any CPU
		{CF9E3026-2CE5-4A08-ACA4-34765D02C6EF}.Release|Any CPU.Build.0 = Release|Any CPU
		{CF9E3026-2CE5-4A08-ACA4-34765D02C6EF}.Release|Mixed Platforms.ActiveCfg = Release|x64
		{CF9E3026-2CE5-4A08-ACA4-34765D02C6EF}.Release|Mixed Platforms.Build.0 = Release|x64
		{CF9E3026-2CE5-4A08-ACA4-34765D02C6EF}.Release|Win32.ActiveCfg = Release|x64
		{CF9E3026-2CE5-4A08-ACA4-34765D02C6EF}.Release|x64.ActiveCfg = Release|x64
		{CF9E3026-2CE5-4A08-ACA4-34765D02C6EF}.Release|x64.Build.0 = Release|x64
		{CF9E3026-2CE5-4A08-ACA4-34765D02C6EF}.Release|x86.ActiveCfg = Release|x86
		{CF9E3026-2CE5-4A08-ACA4-34765D02C6EF}.Release|x86.Build.0 = Release|x86
		{2C6C626A-5D6A-4FDC-BF04-BA5873361AFD}.Debug|Any CPU.ActiveCfg = Debug|Any CPU
		{2C6C626A-5D6A-4FDC-BF04-BA5873361AFD}.Debug|Any CPU.Build.0 = Debug|Any CPU
		{2C6C626A-5D6A-4FDC-BF04-BA5873361AFD}.Debug|Mixed Platforms.ActiveCfg = Debug|x64
		{2C6C626A-5D6A-4FDC-BF04-BA5873361AFD}.Debug|Mixed Platforms.Build.0 = Debug|x64
		{2C6C626A-5D6A-4FDC-BF04-BA5873361AFD}.Debug|Win32.ActiveCfg = Debug|x64
		{2C6C626A-5D6A-4FDC-BF04-BA5873361AFD}.Debug|x64.ActiveCfg = Debug|x64
		{2C6C626A-5D6A-4FDC-BF04-BA5873361AFD}.Debug|x64.Build.0 = Debug|x64
		{2C6C626A-5D6A-4FDC-BF04-BA5873361AFD}.Debug|x86.ActiveCfg = Debug|x86
		{2C6C626A-5D6A-4FDC-BF04-BA5873361AFD}.Debug|x86.Build.0 = Debug|x86
		{2C6C626A-5D6A-4FDC-BF04-BA5873361AFD}.Release|Any CPU.ActiveCfg = Release|Any CPU
		{2C6C626A-5D6A-4FDC-BF04-BA5873361AFD}.Release|Any CPU.Build.0 = Release|Any CPU
		{2C6C626A-5D6A-4FDC-BF04-BA5873361AFD}.Release|Mixed Platforms.ActiveCfg = Release|x64
		{2C6C626A-5D6A-4FDC-BF04-BA5873361AFD}.Release|Mixed Platforms.Build.0 = Release|x64
		{2C6C626A-5D6A-4FDC-BF04-BA5873361AFD}.Release|Win32.ActiveCfg = Release|x64
		{2C6C626A-5D6A-4FDC-BF04-BA5873361AFD}.Release|x64.ActiveCfg = Release|x64
		{2C6C626A-5D6A-4FDC-BF04-BA5873361AFD}.Release|x64.Build.0 = Release|x64
		{2C6C626A-5D6A-4FDC-BF04-BA5873361AFD}.Release|x86.ActiveCfg = Release|x86
		{2C6C626A-5D6A-4FDC-BF04-BA5873361AFD}.Release|x86.Build.0 = Release|x86
		{CE009BFA-5EF6-4153-B2A1-2FA79698A9AE}.Debug|Any CPU.ActiveCfg = Debug|Any CPU
		{CE009BFA-5EF6-4153-B2A1-2FA79698A9AE}.Debug|Any CPU.Build.0 = Debug|Any CPU
		{CE009BFA-5EF6-4153-B2A1-2FA79698A9AE}.Debug|Mixed Platforms.ActiveCfg = Debug|x64
		{CE009BFA-5EF6-4153-B2A1-2FA79698A9AE}.Debug|Mixed Platforms.Build.0 = Debug|x64
		{CE009BFA-5EF6-4153-B2A1-2FA79698A9AE}.Debug|Win32.ActiveCfg = Debug|x64
		{CE009BFA-5EF6-4153-B2A1-2FA79698A9AE}.Debug|x64.ActiveCfg = Debug|x64
		{CE009BFA-5EF6-4153-B2A1-2FA79698A9AE}.Debug|x64.Build.0 = Debug|x64
		{CE009BFA-5EF6-4153-B2A1-2FA79698A9AE}.Debug|x86.ActiveCfg = Debug|x86
		{CE009BFA-5EF6-4153-B2A1-2FA79698A9AE}.Debug|x86.Build.0 = Debug|x86
		{CE009BFA-5EF6-4153-B2A1-2FA79698A9AE}.Release|Any CPU.ActiveCfg = Release|Any CPU
		{CE009BFA-5EF6-4153-B2A1-2FA79698A9AE}.Release|Any CPU.Build.0 = Release|Any CPU
		{CE009BFA-5EF6-4153-B2A1-2FA79698A9AE}.Release|Mixed Platforms.ActiveCfg = Release|x64
		{CE009BFA-5EF6-4153-B2A1-2FA79698A9AE}.Release|Mixed Platforms.Build.0 = Release|x64
		{CE009BFA-5EF6-4153-B2A1-2FA79698A9AE}.Release|Win32.ActiveCfg = Release|x86
		{CE009BFA-5EF6-4153-B2A1-2FA79698A9AE}.Release|x64.ActiveCfg = Release|x64
		{CE009BFA-5EF6-4153-B2A1-2FA79698A9AE}.Release|x64.Build.0 = Release|x64
		{CE009BFA-5EF6-4153-B2A1-2FA79698A9AE}.Release|x86.ActiveCfg = Release|x86
		{CE009BFA-5EF6-4153-B2A1-2FA79698A9AE}.Release|x86.Build.0 = Release|x86
		{86E31827-F060-4474-B0BB-E9B237AA82DD}.Debug|Any CPU.ActiveCfg = Debug|x64
		{86E31827-F060-4474-B0BB-E9B237AA82DD}.Debug|Mixed Platforms.ActiveCfg = Debug|x64
		{86E31827-F060-4474-B0BB-E9B237AA82DD}.Debug|Mixed Platforms.Build.0 = Debug|x64
		{86E31827-F060-4474-B0BB-E9B237AA82DD}.Debug|Win32.ActiveCfg = Debug|Win32
		{86E31827-F060-4474-B0BB-E9B237AA82DD}.Debug|Win32.Build.0 = Debug|Win32
		{86E31827-F060-4474-B0BB-E9B237AA82DD}.Debug|x64.ActiveCfg = Debug|x64
		{86E31827-F060-4474-B0BB-E9B237AA82DD}.Debug|x64.Build.0 = Debug|x64
		{86E31827-F060-4474-B0BB-E9B237AA82DD}.Debug|x86.ActiveCfg = Debug|Win32
		{86E31827-F060-4474-B0BB-E9B237AA82DD}.Debug|x86.Build.0 = Debug|Win32
		{86E31827-F060-4474-B0BB-E9B237AA82DD}.Release|Any CPU.ActiveCfg = Release|x64
		{86E31827-F060-4474-B0BB-E9B237AA82DD}.Release|Mixed Platforms.ActiveCfg = Release|x64
		{86E31827-F060-4474-B0BB-E9B237AA82DD}.Release|Mixed Platforms.Build.0 = Release|x64
		{86E31827-F060-4474-B0BB-E9B237AA82DD}.Release|Win32.ActiveCfg = Release|Win32
		{86E31827-F060-4474-B0BB-E9B237AA82DD}.Release|Win32.Build.0 = Release|Win32
		{86E31827-F060-4474-B0BB-E9B237AA82DD}.Release|x64.ActiveCfg = Release|x64
		{86E31827-F060-4474-B0BB-E9B237AA82DD}.Release|x64.Build.0 = Release|x64
		{86E31827-F060-4474-B0BB-E9B237AA82DD}.Release|x86.ActiveCfg = Release|Win32
		{86E31827-F060-4474-B0BB-E9B237AA82DD}.Release|x86.Build.0 = Release|Win32
		{2D45F59B-8318-436A-AC34-F107CA9DA7D0}.Debug|Any CPU.ActiveCfg = Debug|Any CPU
		{2D45F59B-8318-436A-AC34-F107CA9DA7D0}.Debug|Any CPU.Build.0 = Debug|Any CPU
		{2D45F59B-8318-436A-AC34-F107CA9DA7D0}.Debug|Mixed Platforms.ActiveCfg = Debug|x86
		{2D45F59B-8318-436A-AC34-F107CA9DA7D0}.Debug|Mixed Platforms.Build.0 = Debug|x86
		{2D45F59B-8318-436A-AC34-F107CA9DA7D0}.Debug|Win32.ActiveCfg = Debug|x86
		{2D45F59B-8318-436A-AC34-F107CA9DA7D0}.Debug|x64.ActiveCfg = Debug|x64
		{2D45F59B-8318-436A-AC34-F107CA9DA7D0}.Debug|x64.Build.0 = Debug|x64
		{2D45F59B-8318-436A-AC34-F107CA9DA7D0}.Debug|x86.ActiveCfg = Debug|x86
		{2D45F59B-8318-436A-AC34-F107CA9DA7D0}.Debug|x86.Build.0 = Debug|x86
		{2D45F59B-8318-436A-AC34-F107CA9DA7D0}.Release|Any CPU.ActiveCfg = Release|Any CPU
		{2D45F59B-8318-436A-AC34-F107CA9DA7D0}.Release|Any CPU.Build.0 = Release|Any CPU
		{2D45F59B-8318-436A-AC34-F107CA9DA7D0}.Release|Mixed Platforms.ActiveCfg = Release|x86
		{2D45F59B-8318-436A-AC34-F107CA9DA7D0}.Release|Mixed Platforms.Build.0 = Release|x86
		{2D45F59B-8318-436A-AC34-F107CA9DA7D0}.Release|Win32.ActiveCfg = Release|x86
		{2D45F59B-8318-436A-AC34-F107CA9DA7D0}.Release|x64.ActiveCfg = Release|x64
		{2D45F59B-8318-436A-AC34-F107CA9DA7D0}.Release|x64.Build.0 = Release|x64
		{2D45F59B-8318-436A-AC34-F107CA9DA7D0}.Release|x86.ActiveCfg = Release|x86
		{2D45F59B-8318-436A-AC34-F107CA9DA7D0}.Release|x86.Build.0 = Release|x86
	EndGlobalSection
	GlobalSection(SolutionProperties) = preSolution
		HideSolutionNode = FALSE
	EndGlobalSection
EndGlobal
