
Microsoft Visual Studio Solution File, Format Version 11.00
# Visual Studio 2010
Project("{FAE04EC0-301F-11D3-BF4B-00C04F79EFBC}") = "FutureConcepts.Media.DirectShowLib.Framework", "FutureConcepts.Media.DirectShowLib.Framework.csproj", "{736B004E-B027-4211-882A-4197CB5CD39E}"
EndProject
Project("{FAE04EC0-301F-11D3-BF4B-00C04F79EFBC}") = "DirectShowLib", "..\DirectShowLib.csproj", "{2640F4DA-5CCE-415B-97EE-2699FFAA3566}"
EndProject
Project("{FAE04EC0-301F-11D3-BF4B-00C04F79EFBC}") = "ErrorLogger", "..\..\..\Tools\ErrorLogger\ErrorLogger.csproj", "{E5D72FE7-156D-40B5-9424-4C3A3B70A932}"
EndProject
Global
	GlobalSection(SolutionConfigurationPlatforms) = preSolution
		Debug|Any CPU = Debug|Any CPU
		Release|Any CPU = Release|Any CPU
	EndGlobalSection
	GlobalSection(ProjectConfigurationPlatforms) = postSolution
		{736B004E-B027-4211-882A-4197CB5CD39E}.Debug|Any CPU.ActiveCfg = Debug|Any CPU
		{736B004E-B027-4211-882A-4197CB5CD39E}.Debug|Any CPU.Build.0 = Debug|Any CPU
		{736B004E-B027-4211-882A-4197CB5CD39E}.Release|Any CPU.ActiveCfg = Release|Any CPU
		{736B004E-B027-4211-882A-4197CB5CD39E}.Release|Any CPU.Build.0 = Release|Any CPU
		{2640F4DA-5CCE-415B-97EE-2699FFAA3566}.Debug|Any CPU.ActiveCfg = Debug|Any CPU
		{2640F4DA-5CCE-415B-97EE-2699FFAA3566}.Debug|Any CPU.Build.0 = Debug|Any CPU
		{2640F4DA-5CCE-415B-97EE-2699FFAA3566}.Release|Any CPU.ActiveCfg = Release|Any CPU
		{2640F4DA-5CCE-415B-97EE-2699FFAA3566}.Release|Any CPU.Build.0 = Release|Any CPU
		{E5D72FE7-156D-40B5-9424-4C3A3B70A932}.Debug|Any CPU.ActiveCfg = Debug|Any CPU
		{E5D72FE7-156D-40B5-9424-4C3A3B70A932}.Debug|Any CPU.Build.0 = Debug|Any CPU
		{E5D72FE7-156D-40B5-9424-4C3A3B70A932}.Release|Any CPU.ActiveCfg = Release|Any CPU
		{E5D72FE7-156D-40B5-9424-4C3A3B70A932}.Release|Any CPU.Build.0 = Release|Any CPU
	EndGlobalSection
	GlobalSection(SolutionProperties) = preSolution
		HideSolutionNode = FALSE
	EndGlobalSection
EndGlobal
